// !$*UTF8*$!
{
	archiveVersion = 1;
	classes = {
	};
	objectVersion = 42;
	objects = {
		D7BA7D76DAB5DD13389D6332 = {
			buildActionMask = 2147483647;
			files = (
				);
			generatedFileNames = (
				);
			isa = PBXShellScriptBuildPhase;
			name = "Qt Qmake";
			neededFileNames = (
				);
			shellPath = "/bin/sh";
			shellScript = "make\ -C\ /Users/arman/WorkingCopies/visible-pepperlane/build_scripts\ -f\ visible_qt_moc.xcodeproj/qt_makeqmake.mak";
		};
		C46E03290354345AACF102CC = {
			isa = PBXFileReference;
			name = "rc_about.cpp";
			path = "../src/visible/qt/rc_about.cpp";
			refType = 4;
			lastKnownFileType = "sourcecode.cpp.cpp";
		};
		822E948E21EEAF532B830A40 = {
			fileRef = "C46E03290354345AACF102CC";
			isa = PBXBuildFile;
			settings = {
				ATTRIBUTES = (
					);
			};
		};
		C2FD2DA60A1B8CF9D188B1A2 = {
			isa = PBXFileReference;
			name = "rc_settingwidget.cpp";
			path = "../src/visible/qt/rc_settingwidget.cpp";
			refType = 4;
			lastKnownFileType = "sourcecode.cpp.cpp";
		};
		9FD222D3627B9EA3832068D8 = {
			fileRef = "C2FD2DA60A1B8CF9D188B1A2";
			isa = PBXBuildFile;
			settings = {
				ATTRIBUTES = (
					);
			};
		};
		98B73215A70C6C32407186C7 = {
			isa = PBXFileReference;
			name = "rc_checkboxsettingwidget.cpp";
			path = "../src/visible/qt/rc_checkboxsettingwidget.cpp";
			refType = 4;
			lastKnownFileType = "sourcecode.cpp.cpp";
		};
		33A2D84DFB462A4CB33368EA = {
			fileRef = "98B73215A70C6C32407186C7";
			isa = PBXBuildFile;
			settings = {
				ATTRIBUTES = (
					);
			};
		};
		3596124F79C14785C1FB01EC = {
			isa = PBXFileReference;
			name = "rc_controlpanel.cpp";
			path = "../src/visible/qt/rc_controlpanel.cpp";
			refType = 4;
			lastKnownFileType = "sourcecode.cpp.cpp";
		};
		2FC92ED40E58EC5896E8E74F = {
			fileRef = "3596124F79C14785C1FB01EC";
			isa = PBXBuildFile;
			settings = {
				ATTRIBUTES = (
					);
			};
		};
		65203BB9200EEE862DBFF68A = {
			isa = PBXFileReference;
			name = "rc_filechoicesettingwidget.cpp";
			path = "../src/visible/qt/rc_filechoicesettingwidget.cpp";
			refType = 4;
			lastKnownFileType = "sourcecode.cpp.cpp";
		};
		CA8E3E546BDDA2B9F0D743AE = {
			fileRef = "65203BB9200EEE862DBFF68A";
			isa = PBXBuildFile;
			settings = {
				ATTRIBUTES = (
					);
			};
		};
		FD04F2C851908222BE4408EF = {
			isa = PBXFileReference;
			name = "rc_filesavesettingwidget.cpp";
			path = "../src/visible/qt/rc_filesavesettingwidget.cpp";
			refType = 4;
			lastKnownFileType = "sourcecode.cpp.cpp";
		};
		8B5EAFBD96F5AAEA326D12DC = {
			fileRef = "FD04F2C851908222BE4408EF";
			isa = PBXBuildFile;
			settings = {
				ATTRIBUTES = (
					);
			};
		};
		E1E90E2A4BCFCB7A505A3486 = {
			isa = PBXFileReference;
			name = "rc_mainwindow.cpp";
			path = "../src/visible/qt/rc_mainwindow.cpp";
			refType = 4;
			lastKnownFileType = "sourcecode.cpp.cpp";
		};
		1F1918855BFD27ED1511877B = {
			fileRef = "E1E90E2A4BCFCB7A505A3486";
			isa = PBXBuildFile;
			settings = {
				ATTRIBUTES = (
					);
			};
		};
		12EA2DBC7B27CF2A3BA6A442 = {
			isa = PBXFileReference;
			name = "rc_menubar.cpp";
			path = "../src/visible/qt/rc_menubar.cpp";
			refType = 4;
			lastKnownFileType = "sourcecode.cpp.cpp";
		};
		1CEC309CF34CE12A154C5213 = {
			fileRef = "12EA2DBC7B27CF2A3BA6A442";
			isa = PBXBuildFile;
			settings = {
				ATTRIBUTES = (
					);
			};
		};
		54B8C5EBC7A3958B70C265A2 = {
			isa = PBXFileReference;
			name = "rc_menuchoicesettingwidget.cpp";
			path = "../src/visible/qt/rc_menuchoicesettingwidget.cpp";
			refType = 4;
			lastKnownFileType = "sourcecode.cpp.cpp";
		};
		53F1EA62335B296329866CF9 = {
			fileRef = "54B8C5EBC7A3958B70C265A2";
			isa = PBXBuildFile;
			settings = {
				ATTRIBUTES = (
					);
			};
		};
		0C8B74071344577372F7E58E = {
			isa = PBXFileReference;
			name = "rc_modeldomain.cpp";
			path = "../src/visible/qt/rc_modeldomain.cpp";
			refType = 4;
			lastKnownFileType = "sourcecode.cpp.cpp";
		};
		99E4BE0259C88257927AB1CE = {
			fileRef = "0C8B74071344577372F7E58E";
			isa = PBXBuildFile;
			settings = {
				ATTRIBUTES = (
					);
			};
		};
		6315DC79E03823085876C601 = {
			isa = PBXFileReference;
			name = "rc_modifierkeys.cpp";
			path = "../src/visible/qt/rc_modifierkeys.cpp";
			refType = 4;
			lastKnownFileType = "sourcecode.cpp.cpp";
		};
		0C92E8BCF7BBC76981966186 = {
			fileRef = "6315DC79E03823085876C601";
			isa = PBXBuildFile;
			settings = {
				ATTRIBUTES = (
					);
			};
		};
		7B9E4C6DED975D4AD48F625D = {
			isa = PBXFileReference;
			name = "rc_monitor.cpp";
			path = "../src/visible/qt/rc_monitor.cpp";
			refType = 4;
			lastKnownFileType = "sourcecode.cpp.cpp";
		};
		3FFE8ADE0A43C87C6E357FEE = {
			fileRef = "7B9E4C6DED975D4AD48F625D";
			isa = PBXBuildFile;
			settings = {
				ATTRIBUTES = (
					);
			};
		};
		02740E953853AE60778D30CE = {
			isa = PBXFileReference;
			name = "rc_radiochoicesettingwidget.cpp";
			path = "../src/visible/qt/rc_radiochoicesettingwidget.cpp";
			refType = 4;
			lastKnownFileType = "sourcecode.cpp.cpp";
		};
		5F17CA243762AF9DCEC28CF0 = {
			fileRef = "02740E953853AE60778D30CE";
			isa = PBXBuildFile;
			settings = {
				ATTRIBUTES = (
					);
			};
		};
		FD3A2BB79B757287ED925E7F = {
			isa = PBXFileReference;
			name = "rc_settingpage.cpp";
			path = "../src/visible/qt/rc_settingpage.cpp";
			refType = 4;
			lastKnownFileType = "sourcecode.cpp.cpp";
		};
		0F910BF76C72C72264692B83 = {
			fileRef = "FD3A2BB79B757287ED925E7F";
			isa = PBXBuildFile;
			settings = {
				ATTRIBUTES = (
					);
			};
		};
		39BC96FC525D3B4476DD44CD = {
			isa = PBXFileReference;
			name = "rc_settingpanel.cpp";
			path = "../src/visible/qt/rc_settingpanel.cpp";
			refType = 4;
			lastKnownFileType = "sourcecode.cpp.cpp";
		};
		8EC68C0A0C89E7DA866B7F0A = {
			fileRef = "39BC96FC525D3B4476DD44CD";
			isa = PBXBuildFile;
			settings = {
				ATTRIBUTES = (
					);
			};
		};
		25B4FD6F9E1EACD73006BF6C = {
			isa = PBXFileReference;
			name = "rc_textareasettingwidget.cpp";
			path = "../src/visible/qt/rc_textareasettingwidget.cpp";
			refType = 4;
			lastKnownFileType = "sourcecode.cpp.cpp";
		};
		4ACD9DDCB030AD397050BBC5 = {
			fileRef = "25B4FD6F9E1EACD73006BF6C";
			isa = PBXBuildFile;
			settings = {
				ATTRIBUTES = (
					);
			};
		};
		0259307562B78323403AB8D0 = {
			isa = PBXFileReference;
			name = "rc_textlinesettingwidget.cpp";
			path = "../src/visible/qt/rc_textlinesettingwidget.cpp";
			refType = 4;
			lastKnownFileType = "sourcecode.cpp.cpp";
		};
		59DCB1550CA3B34C3D322F40 = {
			fileRef = "0259307562B78323403AB8D0";
			isa = PBXBuildFile;
			settings = {
				ATTRIBUTES = (
					);
			};
		};
		0E8CB4076C8C181CA483870E = {
			isa = PBXFileReference;
			name = "rc_rectsettingwidget.cpp";
			path = "../src/visible/qt/rc_rectsettingwidget.cpp";
			refType = 4;
			lastKnownFileType = "sourcecode.cpp.cpp";
		};
		68B3B5C3ED4533540725A47E = {
			fileRef = "0E8CB4076C8C181CA483870E";
			isa = PBXBuildFile;
			settings = {
				ATTRIBUTES = (
					);
			};
		};
		C2B02E55BC6EA9CC9E63AB3F = {
			isa = PBXFileReference;
			name = "rc_scalartrackwidget.cpp";
			path = "../src/visible/qt/rc_scalartrackwidget.cpp";
			refType = 4;
			lastKnownFileType = "sourcecode.cpp.cpp";
		};
		FD12462A9D404815E4231934 = {
			fileRef = "C2B02E55BC6EA9CC9E63AB3F";
			isa = PBXBuildFile;
			settings = {
				ATTRIBUTES = (
					);
			};
		};
		87D14F14816855898424BE60 = {
			isa = PBXFileReference;
			name = "rc_trackpanel.cpp";
			path = "../src/visible/qt/rc_trackpanel.cpp";
			refType = 4;
			lastKnownFileType = "sourcecode.cpp.cpp";
		};
		7133B43E2B1F083E8CBA4049 = {
			fileRef = "87D14F14816855898424BE60";
			isa = PBXBuildFile;
			settings = {
				ATTRIBUTES = (
					);
			};
		};
		F12D715DE12BBD6A2051ABE9 = {
			isa = PBXFileReference;
			name = "rc_trackmanager.cpp";
			path = "../src/visible/qt/rc_trackmanager.cpp";
			refType = 4;
			lastKnownFileType = "sourcecode.cpp.cpp";
		};
		59F5EB6CBEC1B88ACCECE78F = {
			fileRef = "F12D715DE12BBD6A2051ABE9";
			isa = PBXBuildFile;
			settings = {
				ATTRIBUTES = (
					);
			};
		};
		3C7C4B869E7C1AA105386B08 = {
			isa = PBXFileReference;
			name = "rc_timeline.cpp";
			path = "../src/visible/qt/rc_timeline.cpp";
			refType = 4;
			lastKnownFileType = "sourcecode.cpp.cpp";
		};
		03EA959255464FA43B98EF29 = {
			fileRef = "3C7C4B869E7C1AA105386B08";
			isa = PBXBuildFile;
			settings = {
				ATTRIBUTES = (
					);
			};
		};
		278B56A400663C3ABDC4AFA4 = {
			isa = PBXFileReference;
			name = "rc_statusbar.cpp";
			path = "../src/visible/qt/rc_statusbar.cpp";
			refType = 4;
			lastKnownFileType = "sourcecode.cpp.cpp";
		};
		B73C805166868AD13E6D0C66 = {
			fileRef = "278B56A400663C3ABDC4AFA4";
			isa = PBXBuildFile;
			settings = {
				ATTRIBUTES = (
					);
			};
		};
		CC2ADE3C3109619744154C0B = {
			isa = PBXFileReference;
			name = "rc_spinboxsettingwidget.cpp";
			path = "../src/visible/qt/rc_spinboxsettingwidget.cpp";
			refType = 4;
			lastKnownFileType = "sourcecode.cpp.cpp";
		};
		80D0A49F5C163ADBC201199B = {
			fileRef = "CC2ADE3C3109619744154C0B";
			isa = PBXBuildFile;
			settings = {
				ATTRIBUTES = (
					);
			};
		};
		AAAB85F8E287E76691A5ABFB = {
			isa = PBXFileReference;
			name = "rc_frameratechoicesettingwidget.cpp";
			path = "../src/visible/qt/rc_frameratechoicesettingwidget.cpp";
			refType = 4;
			lastKnownFileType = "sourcecode.cpp.cpp";
		};
		EBF4EE9E7EAD354EA1B88567 = {
			fileRef = "AAAB85F8E287E76691A5ABFB";
			isa = PBXBuildFile;
			settings = {
				ATTRIBUTES = (
					);
			};
		};
		1510EF3F52FDF7518F691E7E = {
			isa = PBXFileReference;
			name = "rc_trackgroupwidget.cpp";
			path = "../src/visible/qt/rc_trackgroupwidget.cpp";
			refType = 4;
			lastKnownFileType = "sourcecode.cpp.cpp";
		};
		3816570EE45884F89E3C7046 = {
			fileRef = "1510EF3F52FDF7518F691E7E";
			isa = PBXBuildFile;
			settings = {
				ATTRIBUTES = (
					);
			};
		};
		E22AB11A9C2B19D3FAE04AB9 = {
			isa = PBXFileReference;
			name = "rc_xmlparser.cpp";
			path = "../src/visible/qt/rc_xmlparser.cpp";
			refType = 4;
			lastKnownFileType = "sourcecode.cpp.cpp";
		};
		7E82CBED6AB622361DB7763E = {
			fileRef = "E22AB11A9C2B19D3FAE04AB9";
			isa = PBXBuildFile;
			settings = {
				ATTRIBUTES = (
					);
			};
		};
		B524998080459A8535EF173A = {
			isa = PBXFileReference;
			name = "rc_playbacksettingwidget.cpp";
			path = "../src/visible/qt/rc_playbacksettingwidget.cpp";
			refType = 4;
			lastKnownFileType = "sourcecode.cpp.cpp";
		};
		BD433D6B888C602644487BE7 = {
			fileRef = "B524998080459A8535EF173A";
			isa = PBXBuildFile;
			settings = {
				ATTRIBUTES = (
					);
			};
		};
		D636F94A99526702C06F2867 = {
			isa = PBXFileReference;
			name = "rc_customeventmanager.cpp";
			path = "../src/visible/qt/rc_customeventmanager.cpp";
			refType = 4;
			lastKnownFileType = "sourcecode.cpp.cpp";
		};
		3CFFA41B3587A79880E576D9 = {
			fileRef = "D636F94A99526702C06F2867";
			isa = PBXBuildFile;
			settings = {
				ATTRIBUTES = (
					);
			};
		};
		F8E97B778DAD4A34684F94CA = {
			isa = PBXFileReference;
			name = "rc_imagecanvasgl.cpp";
			path = "../src/visible/qt/rc_imagecanvasgl.cpp";
			refType = 4;
			lastKnownFileType = "sourcecode.cpp.cpp";
		};
		67A26EB2292632BE65925502 = {
			fileRef = "F8E97B778DAD4A34684F94CA";
			isa = PBXBuildFile;
			settings = {
				ATTRIBUTES = (
					);
			};
		};
		9AC75FE0F96E7338C45967C6 = {
			isa = PBXFileReference;
			name = "rc_cellinfowidget.cpp";
			path = "../src/visible/qt/rc_cellinfowidget.cpp";
			refType = 4;
			lastKnownFileType = "sourcecode.cpp.cpp";
		};
		5C46432E6ED7203A3CF7B211 = {
			fileRef = "9AC75FE0F96E7338C45967C6";
			isa = PBXBuildFile;
			settings = {
				ATTRIBUTES = (
					);
			};
		};
		6D3C24F12A90BC53C660B906 = {
			isa = PBXFileReference;
			name = "rc_thumbwheelsettingwidget.cpp";
			path = "../src/visible/qt/rc_thumbwheelsettingwidget.cpp";
			refType = 4;
			lastKnownFileType = "sourcecode.cpp.cpp";
		};
		959A7BE7D7DBDC3591484FC1 = {
			fileRef = "6D3C24F12A90BC53C660B906";
			isa = PBXBuildFile;
			settings = {
				ATTRIBUTES = (
					);
			};
		};
		8E3E92C9FBB124D4EE027F77 = {
			isa = PBXFileReference;
			name = "rc_textchoicesettingwidget.cpp";
			path = "../src/visible/qt/rc_textchoicesettingwidget.cpp";
			refType = 4;
			lastKnownFileType = "sourcecode.cpp.cpp";
		};
		555679880AE1FC46D3A4627C = {
			fileRef = "8E3E92C9FBB124D4EE027F77";
			isa = PBXBuildFile;
			settings = {
				ATTRIBUTES = (
					);
			};
		};
		7CE74C21FB6BDB2EE7042A0C = {
			isa = PBXFileReference;
			name = "rc_numericchoicesettingwidget.cpp";
			path = "../src/visible/qt/rc_numericchoicesettingwidget.cpp";
			refType = 4;
			lastKnownFileType = "sourcecode.cpp.cpp";
		};
		9D105D3F16866270E6ECFEDF = {
			fileRef = "7CE74C21FB6BDB2EE7042A0C";
			isa = PBXBuildFile;
			settings = {
				ATTRIBUTES = (
					);
			};
		};
		8292F4694E49666C1B847727 = {
			isa = PBXFileReference;
			name = "rc_trackrender.cpp";
			path = "../src/visible/qt/rc_trackrender.cpp";
			refType = 4;
			lastKnownFileType = "sourcecode.cpp.cpp";
		};
		ACEC82FC64890969CF6AF591 = {
			fileRef = "8292F4694E49666C1B847727";
			isa = PBXBuildFile;
			settings = {
				ATTRIBUTES = (
					);
			};
		};
		7F2E1F46DA2BDC2528DC283F = {
			isa = PBXFileReference;
			name = "moc_rc_about.cpp";
			path = "moc_rc_about.cpp";
			refType = 4;
			lastKnownFileType = "sourcecode.cpp.cpp";
		};
		3A2DC4F8367EFF6F9E53D1F7 = {
			fileRef = "7F2E1F46DA2BDC2528DC283F";
			isa = PBXBuildFile;
			settings = {
				ATTRIBUTES = (
					);
			};
		};
		CEAD789589407FE0A70AD565 = {
			isa = PBXFileReference;
			name = "moc_rc_settingwidget.cpp";
			path = "moc_rc_settingwidget.cpp";
			refType = 4;
			lastKnownFileType = "sourcecode.cpp.cpp";
		};
		EF54925688B3E003F9781BD7 = {
			fileRef = "CEAD789589407FE0A70AD565";
			isa = PBXBuildFile;
			settings = {
				ATTRIBUTES = (
					);
			};
		};
		CC8A36F892034F52B2AA2688 = {
			isa = PBXFileReference;
			name = "moc_rc_checkboxsettingwidget.cpp";
			path = "moc_rc_checkboxsettingwidget.cpp";
			refType = 4;
			lastKnownFileType = "sourcecode.cpp.cpp";
		};
		BF7ACAC7A64C1E8790F5C7E4 = {
			fileRef = "CC8A36F892034F52B2AA2688";
			isa = PBXBuildFile;
			settings = {
				ATTRIBUTES = (
					);
			};
		};
		40C871226D88058C627313D9 = {
			isa = PBXFileReference;
			name = "moc_rc_choiceradiobutton.cpp";
			path = "moc_rc_choiceradiobutton.cpp";
			refType = 4;
			lastKnownFileType = "sourcecode.cpp.cpp";
		};
		60DDBFCA13DBCFE894BBA854 = {
			fileRef = "40C871226D88058C627313D9";
			isa = PBXBuildFile;
			settings = {
				ATTRIBUTES = (
					);
			};
		};
		4F32ACD5A77049E4FEB8EC70 = {
			isa = PBXFileReference;
			name = "moc_rc_controlpanel.cpp";
			path = "moc_rc_controlpanel.cpp";
			refType = 4;
			lastKnownFileType = "sourcecode.cpp.cpp";
		};
		14F7794AEAA37B9E525A5535 = {
			fileRef = "4F32ACD5A77049E4FEB8EC70";
			isa = PBXBuildFile;
			settings = {
				ATTRIBUTES = (
					);
			};
		};
		B1F15352A55EC00623478D2A = {
			isa = PBXFileReference;
			name = "moc_rc_filechoicesettingwidget.cpp";
			path = "moc_rc_filechoicesettingwidget.cpp";
			refType = 4;
			lastKnownFileType = "sourcecode.cpp.cpp";
		};
		AB26E7930B4E078D52C26808 = {
			fileRef = "B1F15352A55EC00623478D2A";
			isa = PBXBuildFile;
			settings = {
				ATTRIBUTES = (
					);
			};
		};
		A40C0B939C413FCA90288BC8 = {
			isa = PBXFileReference;
			name = "moc_rc_filesavesettingwidget.cpp";
			path = "moc_rc_filesavesettingwidget.cpp";
			refType = 4;
			lastKnownFileType = "sourcecode.cpp.cpp";
		};
		0C5E854AAFC2B9544D14D364 = {
			fileRef = "A40C0B939C413FCA90288BC8";
			isa = PBXBuildFile;
			settings = {
				ATTRIBUTES = (
					);
			};
		};
		014B5A2F44E677F4706987B4 = {
			isa = PBXFileReference;
			name = "moc_rc_lineedit.cpp";
			path = "moc_rc_lineedit.cpp";
			refType = 4;
			lastKnownFileType = "sourcecode.cpp.cpp";
		};
		03D5DF12DE11E41A6A0A7FE2 = {
			fileRef = "014B5A2F44E677F4706987B4";
			isa = PBXBuildFile;
			settings = {
				ATTRIBUTES = (
					);
			};
		};
		03E97F30A6CC9E59DAD66A48 = {
			isa = PBXFileReference;
			name = "moc_rc_mainwindow.cpp";
			path = "moc_rc_mainwindow.cpp";
			refType = 4;
			lastKnownFileType = "sourcecode.cpp.cpp";
		};
		196A4EED61CDD2CB3C29679B = {
			fileRef = "03E97F30A6CC9E59DAD66A48";
			isa = PBXBuildFile;
			settings = {
				ATTRIBUTES = (
					);
			};
		};
		958D156F44586DCB350F0FAB = {
			isa = PBXFileReference;
			name = "moc_rc_menuchoicesettingwidget.cpp";
			path = "moc_rc_menuchoicesettingwidget.cpp";
			refType = 4;
			lastKnownFileType = "sourcecode.cpp.cpp";
		};
		0E384BFA84E4F26916AAA4A4 = {
			fileRef = "958D156F44586DCB350F0FAB";
			isa = PBXBuildFile;
			settings = {
				ATTRIBUTES = (
					);
			};
		};
		2C58B5847B60E68CA34F8B73 = {
			isa = PBXFileReference;
			name = "moc_rc_modeldomain.cpp";
			path = "moc_rc_modeldomain.cpp";
			refType = 4;
			lastKnownFileType = "sourcecode.cpp.cpp";
		};
		358AD5A896F07C83C67F80A1 = {
			fileRef = "2C58B5847B60E68CA34F8B73";
			isa = PBXBuildFile;
			settings = {
				ATTRIBUTES = (
					);
			};
		};
		4421BA64B2C91645F97FADC5 = {
			isa = PBXFileReference;
			name = "moc_rc_monitor.cpp";
			path = "moc_rc_monitor.cpp";
			refType = 4;
			lastKnownFileType = "sourcecode.cpp.cpp";
		};
		491DAFC1103CABEB93C95143 = {
			fileRef = "4421BA64B2C91645F97FADC5";
			isa = PBXBuildFile;
			settings = {
				ATTRIBUTES = (
					);
			};
		};
		BD5A7525643E0D515246DC68 = {
			isa = PBXFileReference;
			name = "moc_rc_radiochoicesettingwidget.cpp";
			path = "moc_rc_radiochoicesettingwidget.cpp";
			refType = 4;
			lastKnownFileType = "sourcecode.cpp.cpp";
		};
		7D66E7596F02567DE4C6B4B6 = {
			fileRef = "BD5A7525643E0D515246DC68";
			isa = PBXBuildFile;
			settings = {
				ATTRIBUTES = (
					);
			};
		};
		A317E8F17E8C358AF5B21B63 = {
			isa = PBXFileReference;
			name = "moc_rc_settingpage.cpp";
			path = "moc_rc_settingpage.cpp";
			refType = 4;
			lastKnownFileType = "sourcecode.cpp.cpp";
		};
		8C513AC7B2C8B3F98A5034B2 = {
			fileRef = "A317E8F17E8C358AF5B21B63";
			isa = PBXBuildFile;
			settings = {
				ATTRIBUTES = (
					);
			};
		};
		5C1D1EB97114AE09D1949A1A = {
			isa = PBXFileReference;
			name = "moc_rc_settingpanel.cpp";
			path = "moc_rc_settingpanel.cpp";
			refType = 4;
			lastKnownFileType = "sourcecode.cpp.cpp";
		};
		40E0D9CE27C5B509708C9157 = {
			fileRef = "5C1D1EB97114AE09D1949A1A";
			isa = PBXBuildFile;
			settings = {
				ATTRIBUTES = (
					);
			};
		};
		4C8D20EF0A9A30E75CA6BCAC = {
			isa = PBXFileReference;
			name = "moc_rc_textareasettingwidget.cpp";
			path = "moc_rc_textareasettingwidget.cpp";
			refType = 4;
			lastKnownFileType = "sourcecode.cpp.cpp";
		};
		901A0CADFD296FFB110EF82A = {
			fileRef = "4C8D20EF0A9A30E75CA6BCAC";
			isa = PBXBuildFile;
			settings = {
				ATTRIBUTES = (
					);
			};
		};
		CC89039B9D7DAEEC8D7154E3 = {
			isa = PBXFileReference;
			name = "moc_rc_textedit.cpp";
			path = "moc_rc_textedit.cpp";
			refType = 4;
			lastKnownFileType = "sourcecode.cpp.cpp";
		};
		163A7788F270311FD2BEAEE4 = {
			fileRef = "CC89039B9D7DAEEC8D7154E3";
			isa = PBXBuildFile;
			settings = {
				ATTRIBUTES = (
					);
			};
		};
		EF1EAF7E04F2B5CFC2395EB5 = {
			isa = PBXFileReference;
			name = "moc_rc_textlinesettingwidget.cpp";
			path = "moc_rc_textlinesettingwidget.cpp";
			refType = 4;
			lastKnownFileType = "sourcecode.cpp.cpp";
		};
		03B79A792C92B5AFB6F9E7F3 = {
			fileRef = "EF1EAF7E04F2B5CFC2395EB5";
			isa = PBXBuildFile;
			settings = {
				ATTRIBUTES = (
					);
			};
		};
		2B14A62CF91AFFEE258A5451 = {
			isa = PBXFileReference;
			name = "moc_rc_timedisplay.cpp";
			path = "moc_rc_timedisplay.cpp";
			refType = 4;
			lastKnownFileType = "sourcecode.cpp.cpp";
		};
		E24E1FC993953FE6652D0B0D = {
			fileRef = "2B14A62CF91AFFEE258A5451";
			isa = PBXBuildFile;
			settings = {
				ATTRIBUTES = (
					);
			};
		};
		8804314A6DFD7C5B43B0E840 = {
			isa = PBXFileReference;
			name = "moc_rc_rectsettingwidget.cpp";
			path = "moc_rc_rectsettingwidget.cpp";
			refType = 4;
			lastKnownFileType = "sourcecode.cpp.cpp";
		};
		38B59A44EAEF2C3E61C5FE73 = {
			fileRef = "8804314A6DFD7C5B43B0E840";
			isa = PBXBuildFile;
			settings = {
				ATTRIBUTES = (
					);
			};
		};
		477FCD223B4C666B6B8B21F1 = {
			isa = PBXFileReference;
			name = "moc_rc_scalartrackwidget.cpp";
			path = "moc_rc_scalartrackwidget.cpp";
			refType = 4;
			lastKnownFileType = "sourcecode.cpp.cpp";
		};
		F3F2F9F63D5E5359277951D6 = {
			fileRef = "477FCD223B4C666B6B8B21F1";
			isa = PBXBuildFile;
			settings = {
				ATTRIBUTES = (
					);
			};
		};
		472618268CD8766B04298B83 = {
			isa = PBXFileReference;
			name = "moc_rc_trackpanel.cpp";
			path = "moc_rc_trackpanel.cpp";
			refType = 4;
			lastKnownFileType = "sourcecode.cpp.cpp";
		};
		35D6BB6303AA3B1AC8E38B6E = {
			fileRef = "472618268CD8766B04298B83";
			isa = PBXBuildFile;
			settings = {
				ATTRIBUTES = (
					);
			};
		};
		84DF408596C3355FD60CB8A9 = {
			isa = PBXFileReference;
			name = "moc_rc_trackmanager.cpp";
			path = "moc_rc_trackmanager.cpp";
			refType = 4;
			lastKnownFileType = "sourcecode.cpp.cpp";
		};
		0F83307990E98CCFC376EB51 = {
			fileRef = "84DF408596C3355FD60CB8A9";
			isa = PBXBuildFile;
			settings = {
				ATTRIBUTES = (
					);
			};
		};
		411C1AB248F68175665A1444 = {
			isa = PBXFileReference;
			name = "moc_rc_timeline.cpp";
			path = "moc_rc_timeline.cpp";
			refType = 4;
			lastKnownFileType = "sourcecode.cpp.cpp";
		};
		05F3C8A27ABEFFF29218A6C8 = {
			fileRef = "411C1AB248F68175665A1444";
			isa = PBXBuildFile;
			settings = {
				ATTRIBUTES = (
					);
			};
		};
		781E6DE95CCF2B45407A1280 = {
			isa = PBXFileReference;
			name = "moc_rc_statusbar.cpp";
			path = "moc_rc_statusbar.cpp";
			refType = 4;
			lastKnownFileType = "sourcecode.cpp.cpp";
		};
		81C29341A94AC35FEC8FB3D9 = {
			fileRef = "781E6DE95CCF2B45407A1280";
			isa = PBXBuildFile;
			settings = {
				ATTRIBUTES = (
					);
			};
		};
		D7F191C6DF638183459D5489 = {
			isa = PBXFileReference;
			name = "moc_rc_spinboxsettingwidget.cpp";
			path = "moc_rc_spinboxsettingwidget.cpp";
			refType = 4;
			lastKnownFileType = "sourcecode.cpp.cpp";
		};
		455B7989FA16E3B7F24223D0 = {
			fileRef = "D7F191C6DF638183459D5489";
			isa = PBXBuildFile;
			settings = {
				ATTRIBUTES = (
					);
			};
		};
		1DCA921CA8CB003C37244FED = {
			isa = PBXFileReference;
			name = "moc_rc_frameratechoicesettingwidget.cpp";
			path = "moc_rc_frameratechoicesettingwidget.cpp";
			refType = 4;
			lastKnownFileType = "sourcecode.cpp.cpp";
		};
		F5ED231456749261E80DB31A = {
			fileRef = "1DCA921CA8CB003C37244FED";
			isa = PBXBuildFile;
			settings = {
				ATTRIBUTES = (
					);
			};
		};
		15E2C36093691F59E074F69D = {
			isa = PBXFileReference;
			name = "moc_rc_trackgroupwidget.cpp";
			path = "moc_rc_trackgroupwidget.cpp";
			refType = 4;
			lastKnownFileType = "sourcecode.cpp.cpp";
		};
		BBBC379F7A6987A069CDA8BA = {
			fileRef = "15E2C36093691F59E074F69D";
			isa = PBXBuildFile;
			settings = {
				ATTRIBUTES = (
					);
			};
		};
		DCD1237C57E984CDE52CCD67 = {
			isa = PBXFileReference;
			name = "moc_rc_playbacksettingwidget.cpp";
			path = "moc_rc_playbacksettingwidget.cpp";
			refType = 4;
			lastKnownFileType = "sourcecode.cpp.cpp";
		};
		F7A5E896CB31D1BAFADC533C = {
			fileRef = "DCD1237C57E984CDE52CCD67";
			isa = PBXBuildFile;
			settings = {
				ATTRIBUTES = (
					);
			};
		};
		193BFAE451E8AF73D9FAB225 = {
			isa = PBXFileReference;
			name = "moc_rc_imagecanvasgl.cpp";
			path = "moc_rc_imagecanvasgl.cpp";
			refType = 4;
			lastKnownFileType = "sourcecode.cpp.cpp";
		};
		EA70AD832BDDEE53173ACCE4 = {
			fileRef = "193BFAE451E8AF73D9FAB225";
			isa = PBXBuildFile;
			settings = {
				ATTRIBUTES = (
					);
			};
		};
		18876D690A6ADA535F391A1F = {
			isa = PBXFileReference;
			name = "moc_rc_cellinfowidget.cpp";
			path = "moc_rc_cellinfowidget.cpp";
			refType = 4;
			lastKnownFileType = "sourcecode.cpp.cpp";
		};
		2BBC11061129AC1017D97E57 = {
			fileRef = "18876D690A6ADA535F391A1F";
			isa = PBXBuildFile;
			settings = {
				ATTRIBUTES = (
					);
			};
		};
		2B134C17D17E10D8BCE2D2D3 = {
			isa = PBXFileReference;
			name = "moc_rc_thumbwheelsettingwidget.cpp";
			path = "moc_rc_thumbwheelsettingwidget.cpp";
			refType = 4;
			lastKnownFileType = "sourcecode.cpp.cpp";
		};
		CD34A880260FFADDA2B3397D = {
			fileRef = "2B134C17D17E10D8BCE2D2D3";
			isa = PBXBuildFile;
			settings = {
				ATTRIBUTES = (
					);
			};
		};
		FAC1C6FC153038B34DA3BE89 = {
			isa = PBXFileReference;
			name = "moc_rc_textchoicesettingwidget.cpp";
			path = "moc_rc_textchoicesettingwidget.cpp";
			refType = 4;
			lastKnownFileType = "sourcecode.cpp.cpp";
		};
		7C8704639F3933D0DEB2C7D5 = {
			fileRef = "FAC1C6FC153038B34DA3BE89";
			isa = PBXBuildFile;
			settings = {
				ATTRIBUTES = (
					);
			};
		};
		A83336865662024239F448C9 = {
			isa = PBXFileReference;
			name = "moc_rc_numericchoicesettingwidget.cpp";
			path = "moc_rc_numericchoicesettingwidget.cpp";
			refType = 4;
			lastKnownFileType = "sourcecode.cpp.cpp";
		};
		0B127144E861D3D22474D4A8 = {
			fileRef = "A83336865662024239F448C9";
			isa = PBXBuildFile;
			settings = {
				ATTRIBUTES = (
					);
			};
		};
		B10FA6BCE461EBFA9F2B250E = {
			isa = PBXFileReference;
			name = "rc_about.h";
			path = "../include/visUI/rc_about.h";
			refType = 4;
		};
		7D8EB18C5C85E905D49469CF = {
			isa = PBXFileReference;
			name = "rc_appconstants.h";
			path = "../include/visUI/rc_appconstants.h";
			refType = 4;
		};
		C8DFC2FDED823F1A2389BA90 = {
			isa = PBXFileReference;
			name = "rc_settingwidget.h";
			path = "../include/visUI/rc_settingwidget.h";
			refType = 4;
		};
		68BC763C5971A1A6B5C3CE42 = {
			isa = PBXFileReference;
			name = "rc_checkboxsettingwidget.h";
			path = "../include/visUI/rc_checkboxsettingwidget.h";
			refType = 4;
		};
		9A4962E09EE7E2D7C62B75A2 = {
			isa = PBXFileReference;
			name = "rc_choiceradiobutton.h";
			path = "../include/visUI/rc_choiceradiobutton.h";
			refType = 4;
		};
		720964A450FE1D05936D38CF = {
			isa = PBXFileReference;
			name = "rc_controlpanel.h";
			path = "../include/visUI/rc_controlpanel.h";
			refType = 4;
		};
		A7958F1443235E170A4574A5 = {
			isa = PBXFileReference;
			name = "rc_filechoicesettingwidget.h";
			path = "../include/visUI/rc_filechoicesettingwidget.h";
			refType = 4;
		};
		B09232AE5D0FA20CA7BC3BAA = {
			isa = PBXFileReference;
			name = "rc_filesavesettingwidget.h";
			path = "../include/visUI/rc_filesavesettingwidget.h";
			refType = 4;
		};
		0787F4A2A0916E026E3D3CB7 = {
			isa = PBXFileReference;
			name = "rc_lineedit.h";
			path = "../include/visUI/rc_lineedit.h";
			refType = 4;
		};
		6421E5F979090CF48C5EC357 = {
			isa = PBXFileReference;
			name = "rc_mainwindow.h";
			path = "../include/visUI/rc_mainwindow.h";
			refType = 4;
		};
		547740F8C9DE93C0FEC275C8 = {
			isa = PBXFileReference;
			name = "rc_menubar.h";
			path = "../include/visUI/rc_menubar.h";
			refType = 4;
		};
		94097E9DF3851A4001D7C096 = {
			isa = PBXFileReference;
			name = "rc_menuchoicesettingwidget.h";
			path = "../include/visUI/rc_menuchoicesettingwidget.h";
			refType = 4;
		};
		F1160CBC4080BD1854BC2450 = {
			isa = PBXFileReference;
			name = "rc_modeldomain.h";
			path = "../include/visUI/rc_modeldomain.h";
			refType = 4;
		};
		2BFC86AEE2E8499367822C3B = {
			isa = PBXFileReference;
			name = "rc_modifierkeys.h";
			path = "../include/visUI/rc_modifierkeys.h";
			refType = 4;
		};
		062D0D9CC80EE541623F054A = {
			isa = PBXFileReference;
			name = "rc_monitor.h";
			path = "../include/visUI/rc_monitor.h";
			refType = 4;
		};
		98EE742517ED706C338F2042 = {
			isa = PBXFileReference;
			name = "rc_radiochoicesettingwidget.h";
			path = "../include/visUI/rc_radiochoicesettingwidget.h";
			refType = 4;
		};
		1DDAEAA257438C21E613AF67 = {
			isa = PBXFileReference;
			name = "rc_settingpage.h";
			path = "../include/visUI/rc_settingpage.h";
			refType = 4;
		};
		832ECBEE43241F4529528CE8 = {
			isa = PBXFileReference;
			name = "rc_settingpanel.h";
			path = "../include/visUI/rc_settingpanel.h";
			refType = 4;
		};
		8648284FC4BB73CD05D09999 = {
			isa = PBXFileReference;
			name = "rc_textareasettingwidget.h";
			path = "../include/visUI/rc_textareasettingwidget.h";
			refType = 4;
		};
		A989E23704F90CB69C92461D = {
			isa = PBXFileReference;
			name = "rc_textedit.h";
			path = "../include/visUI/rc_textedit.h";
			refType = 4;
		};
		60B72249F361373E1A489C12 = {
			isa = PBXFileReference;
			name = "rc_textlinesettingwidget.h";
			path = "../include/visUI/rc_textlinesettingwidget.h";
			refType = 4;
		};
		2273399F6B2E9BC3808657AE = {
			isa = PBXFileReference;
			name = "rc_timedisplay.h";
			path = "../include/visUI/rc_timedisplay.h";
			refType = 4;
		};
		BA514D758C62D07B5BD45483 = {
			isa = PBXFileReference;
			name = "rc_rectsettingwidget.h";
			path = "../include/visUI/rc_rectsettingwidget.h";
			refType = 4;
		};
		707F926DC33FE0FF87C24FD4 = {
			isa = PBXFileReference;
			name = "rc_scalartrackwidget.h";
			path = "../include/visUI/rc_scalartrackwidget.h";
			refType = 4;
		};
		21D488C33414EB8E9DC5BF4F = {
			isa = PBXFileReference;
			name = "rc_trackpanel.h";
			path = "../include/visUI/rc_trackpanel.h";
			refType = 4;
		};
		A278A5D9BBEE4E3A7DD5C23E = {
			isa = PBXFileReference;
			name = "rc_trackmanager.h";
			path = "../include/visUI/rc_trackmanager.h";
			refType = 4;
		};
		0204E87A82E0778323FD1B3E = {
			isa = PBXFileReference;
			name = "rc_timeline.h";
			path = "../include/visUI/rc_timeline.h";
			refType = 4;
		};
		34DD72965BE0E6DAC303C703 = {
			isa = PBXFileReference;
			name = "rc_statusbar.h";
			path = "../include/visUI/rc_statusbar.h";
			refType = 4;
		};
		B32EE345D39C2737E5584A2A = {
			isa = PBXFileReference;
			name = "rc_spinboxsettingwidget.h";
			path = "../include/visUI/rc_spinboxsettingwidget.h";
			refType = 4;
		};
		6C41DBC1CB98A0C6E8F8D0F9 = {
			isa = PBXFileReference;
			name = "rc_frameratechoicesettingwidget.h";
			path = "../include/visUI/rc_frameratechoicesettingwidget.h";
			refType = 4;
		};
		321D6B413AC9095471D5D1F8 = {
			isa = PBXFileReference;
			name = "rc_trackgroupwidget.h";
			path = "../include/visUI/rc_trackgroupwidget.h";
			refType = 4;
		};
		806B8CD4753BCE02D8AF95AC = {
			isa = PBXFileReference;
			name = "rc_xmlparser.h";
			path = "../include/visUI/rc_xmlparser.h";
			refType = 4;
		};
		800DC475143991A536F3D0CB = {
			isa = PBXFileReference;
			name = "rc_playbacksettingwidget.h";
			path = "../include/visUI/rc_playbacksettingwidget.h";
			refType = 4;
		};
		BEC1BE27941D86F83238FFC3 = {
			isa = PBXFileReference;
			name = "rc_customeventmanager.h";
			path = "../include/visUI/rc_customeventmanager.h";
			refType = 4;
		};
		EF1436A32DB15C649E88DEC2 = {
			isa = PBXFileReference;
			name = "rc_imagecanvasgl.h";
			path = "../include/visUI/rc_imagecanvasgl.h";
			refType = 4;
		};
		184ECAA4E291ADB3FEEFB83D = {
			isa = PBXFileReference;
			name = "rc_cellinfowidget.h";
			path = "../include/visUI/rc_cellinfowidget.h";
			refType = 4;
		};
		21FB0F425676711D587152C5 = {
			isa = PBXFileReference;
			name = "rc_thumbwheelsettingwidget.h";
			path = "../include/visUI/rc_thumbwheelsettingwidget.h";
			refType = 4;
		};
		01628C3E01A0CC15A1DD1033 = {
			isa = PBXFileReference;
			name = "rc_textchoicesettingwidget.h";
			path = "../include/visUI/rc_textchoicesettingwidget.h";
			refType = 4;
		};
		674EA924905BD171FA636C52 = {
			isa = PBXFileReference;
			name = "rc_numericchoicesettingwidget.h";
			path = "../include/visUI/rc_numericchoicesettingwidget.h";
			refType = 4;
		};
		F9246E885A3E86AF6327974C = {
			isa = PBXFileReference;
			name = "rc_trackrender.h";
			path = "../include/visUI/rc_trackrender.h";
			refType = 4;
		};
		DCF32E2779900B02C01BB426 = {
			isa = PBXFileReference;
			name = "visible_qt_moc.pro";
			path = "visible_qt_moc.pro";
			refType = 4;
		};
		883D7615C4D2DE3FA1218F12 = {
			isa = PBXGroup;
			children = (
				"4458B98565818D7E2682FA2D");
			name = "Headers";
			refType = 4;
		};
		4458B98565818D7E2682FA2D = {
			isa = PBXGroup;
			children = (
				"2C625DD7F0D3FBBDD1702AA4");
			name = "..";
			refType = 4;
		};
		2C625DD7F0D3FBBDD1702AA4 = {
			isa = PBXGroup;
			children = (
				"4F12CEF779CB343A056BD971");
			name = "include";
			refType = 4;
		};
		4F12CEF779CB343A056BD971 = {
			isa = PBXGroup;
			children = (
				"B10FA6BCE461EBFA9F2B250E",
				"7D8EB18C5C85E905D49469CF",
				"C8DFC2FDED823F1A2389BA90",
				"68BC763C5971A1A6B5C3CE42",
				"9A4962E09EE7E2D7C62B75A2",
				"720964A450FE1D05936D38CF",
				"A7958F1443235E170A4574A5",
				"B09232AE5D0FA20CA7BC3BAA",
				"0787F4A2A0916E026E3D3CB7",
				"6421E5F979090CF48C5EC357",
				"547740F8C9DE93C0FEC275C8",
				"94097E9DF3851A4001D7C096",
				"F1160CBC4080BD1854BC2450",
				"2BFC86AEE2E8499367822C3B",
				"062D0D9CC80EE541623F054A",
				"98EE742517ED706C338F2042",
				"1DDAEAA257438C21E613AF67",
				"832ECBEE43241F4529528CE8",
				"8648284FC4BB73CD05D09999",
				"A989E23704F90CB69C92461D",
				"60B72249F361373E1A489C12",
				"2273399F6B2E9BC3808657AE",
				"BA514D758C62D07B5BD45483",
				"707F926DC33FE0FF87C24FD4",
				"21D488C33414EB8E9DC5BF4F",
				"A278A5D9BBEE4E3A7DD5C23E",
				"0204E87A82E0778323FD1B3E",
				"34DD72965BE0E6DAC303C703",
				"B32EE345D39C2737E5584A2A",
				"6C41DBC1CB98A0C6E8F8D0F9",
				"321D6B413AC9095471D5D1F8",
				"806B8CD4753BCE02D8AF95AC",
				"800DC475143991A536F3D0CB",
				"BEC1BE27941D86F83238FFC3",
				"EF1436A32DB15C649E88DEC2",
				"184ECAA4E291ADB3FEEFB83D",
				"21FB0F425676711D587152C5",
				"01628C3E01A0CC15A1DD1033",
				"674EA924905BD171FA636C52",
				"F9246E885A3E86AF6327974C");
			name = "visUI";
			refType = 4;
		};
		BFA3A29D17FD123C907B6E35 = {
			isa = PBXGroup;
			children = (
				"58044B046310C858CE5E1612");
			name = "..";
			refType = 4;
		};
		58044B046310C858CE5E1612 = {
			isa = PBXGroup;
			children = (
				"E630EE85CA93FEFF2E6E8618");
			name = "src";
			refType = 4;
		};
		E630EE85CA93FEFF2E6E8618 = {
			isa = PBXGroup;
			children = (
				"0F73C394E9210BDF371C4C2A");
			name = "visible";
			refType = 4;
		};
		0F73C394E9210BDF371C4C2A = {
			isa = PBXGroup;
			children = (
				"C46E03290354345AACF102CC",
				"C2FD2DA60A1B8CF9D188B1A2",
				"98B73215A70C6C32407186C7",
				"3596124F79C14785C1FB01EC",
				"65203BB9200EEE862DBFF68A",
				"FD04F2C851908222BE4408EF",
				"E1E90E2A4BCFCB7A505A3486",
				"12EA2DBC7B27CF2A3BA6A442",
				"54B8C5EBC7A3958B70C265A2",
				"0C8B74071344577372F7E58E",
				"6315DC79E03823085876C601",
				"7B9E4C6DED975D4AD48F625D",
				"02740E953853AE60778D30CE",
				"FD3A2BB79B757287ED925E7F",
				"39BC96FC525D3B4476DD44CD",
				"25B4FD6F9E1EACD73006BF6C",
				"0259307562B78323403AB8D0",
				"0E8CB4076C8C181CA483870E",
				"C2B02E55BC6EA9CC9E63AB3F",
				"87D14F14816855898424BE60",
				"F12D715DE12BBD6A2051ABE9",
				"3C7C4B869E7C1AA105386B08",
				"278B56A400663C3ABDC4AFA4",
				"CC2ADE3C3109619744154C0B",
				"AAAB85F8E287E76691A5ABFB",
				"1510EF3F52FDF7518F691E7E",
				"E22AB11A9C2B19D3FAE04AB9",
				"B524998080459A8535EF173A",
				"D636F94A99526702C06F2867",
				"F8E97B778DAD4A34684F94CA",
				"9AC75FE0F96E7338C45967C6",
				"6D3C24F12A90BC53C660B906",
				"8E3E92C9FBB124D4EE027F77",
				"7CE74C21FB6BDB2EE7042A0C",
				"8292F4694E49666C1B847727");
			name = "qt";
			refType = 4;
		};
		FB61758D0F0FDA4BA867C3D5 = {
			isa = PBXGroup;
			children = (
				"BFA3A29D17FD123C907B6E35");
			name = "Sources";
			refType = 4;
		};
		7CABE3C80E79AD2B307756D2 = {
			isa = PBXGroup;
			children = (
				"DCF32E2779900B02C01BB426");
			name = "Sources [qmake]";
			refType = 4;
		};
		46E892BBB6BB6952967E0561 = {
			isa = PBXGroup;
			children = (
				"7F2E1F46DA2BDC2528DC283F",
				"CEAD789589407FE0A70AD565",
				"CC8A36F892034F52B2AA2688",
				"40C871226D88058C627313D9",
				"4F32ACD5A77049E4FEB8EC70",
				"B1F15352A55EC00623478D2A",
				"A40C0B939C413FCA90288BC8",
				"014B5A2F44E677F4706987B4",
				"03E97F30A6CC9E59DAD66A48",
				"958D156F44586DCB350F0FAB",
				"2C58B5847B60E68CA34F8B73",
				"4421BA64B2C91645F97FADC5",
				"BD5A7525643E0D515246DC68",
				"A317E8F17E8C358AF5B21B63",
				"5C1D1EB97114AE09D1949A1A",
				"4C8D20EF0A9A30E75CA6BCAC",
				"CC89039B9D7DAEEC8D7154E3",
				"EF1EAF7E04F2B5CFC2395EB5",
				"2B14A62CF91AFFEE258A5451",
				"8804314A6DFD7C5B43B0E840",
				"477FCD223B4C666B6B8B21F1",
				"472618268CD8766B04298B83",
				"84DF408596C3355FD60CB8A9",
				"411C1AB248F68175665A1444",
				"781E6DE95CCF2B45407A1280",
				"D7F191C6DF638183459D5489",
				"1DCA921CA8CB003C37244FED",
				"15E2C36093691F59E074F69D",
				"DCD1237C57E984CDE52CCD67",
				"193BFAE451E8AF73D9FAB225",
				"18876D690A6ADA535F391A1F",
				"2B134C17D17E10D8BCE2D2D3",
				"FAC1C6FC153038B34DA3BE89",
				"A83336865662024239F448C9");
			name = "Temporary Sources";
			refType = 4;
		};
		A0A52A2ADF7A1E2A99738674 = {
			buildActionMask = 2147483647;
			files = (
				);
			generatedFileNames = (
				"822E948E21EEAF532B830A40",
				"9FD222D3627B9EA3832068D8",
				"33A2D84DFB462A4CB33368EA",
				"2FC92ED40E58EC5896E8E74F",
				"CA8E3E546BDDA2B9F0D743AE",
				"8B5EAFBD96F5AAEA326D12DC",
				"1F1918855BFD27ED1511877B",
				"1CEC309CF34CE12A154C5213",
				"53F1EA62335B296329866CF9",
				"99E4BE0259C88257927AB1CE",
				"0C92E8BCF7BBC76981966186",
				"3FFE8ADE0A43C87C6E357FEE",
				"5F17CA243762AF9DCEC28CF0",
				"0F910BF76C72C72264692B83",
				"8EC68C0A0C89E7DA866B7F0A",
				"4ACD9DDCB030AD397050BBC5",
				"59DCB1550CA3B34C3D322F40",
				"68B3B5C3ED4533540725A47E",
				"FD12462A9D404815E4231934",
				"7133B43E2B1F083E8CBA4049",
				"59F5EB6CBEC1B88ACCECE78F",
				"03EA959255464FA43B98EF29",
				"B73C805166868AD13E6D0C66",
				"80D0A49F5C163ADBC201199B",
				"EBF4EE9E7EAD354EA1B88567",
				"3816570EE45884F89E3C7046",
				"7E82CBED6AB622361DB7763E",
				"BD433D6B888C602644487BE7",
				"3CFFA41B3587A79880E576D9",
				"67A26EB2292632BE65925502",
				"5C46432E6ED7203A3CF7B211",
				"959A7BE7D7DBDC3591484FC1",
				"555679880AE1FC46D3A4627C",
				"9D105D3F16866270E6ECFEDF",
				"ACEC82FC64890969CF6AF591",
				"3A2DC4F8367EFF6F9E53D1F7",
				"EF54925688B3E003F9781BD7",
				"BF7ACAC7A64C1E8790F5C7E4",
				"60DDBFCA13DBCFE894BBA854",
				"14F7794AEAA37B9E525A5535",
				"AB26E7930B4E078D52C26808",
				"0C5E854AAFC2B9544D14D364",
				"03D5DF12DE11E41A6A0A7FE2",
				"196A4EED61CDD2CB3C29679B",
				"0E384BFA84E4F26916AAA4A4",
				"358AD5A896F07C83C67F80A1",
				"491DAFC1103CABEB93C95143",
				"7D66E7596F02567DE4C6B4B6",
				"8C513AC7B2C8B3F98A5034B2",
				"40E0D9CE27C5B509708C9157",
				"901A0CADFD296FFB110EF82A",
				"163A7788F270311FD2BEAEE4",
				"03B79A792C92B5AFB6F9E7F3",
				"E24E1FC993953FE6652D0B0D",
				"38B59A44EAEF2C3E61C5FE73",
				"F3F2F9F63D5E5359277951D6",
				"35D6BB6303AA3B1AC8E38B6E",
				"0F83307990E98CCFC376EB51",
				"05F3C8A27ABEFFF29218A6C8",
				"81C29341A94AC35FEC8FB3D9",
				"455B7989FA16E3B7F24223D0",
				"F5ED231456749261E80DB31A",
				"BBBC379F7A6987A069CDA8BA",
				"F7A5E896CB31D1BAFADC533C",
				"EA70AD832BDDEE53173ACCE4",
				"2BBC11061129AC1017D97E57",
				"CD34A880260FFADDA2B3397D",
				"7C8704639F3933D0DEB2C7D5",
				"0B127144E861D3D22474D4A8");
			isa = PBXShellScriptBuildPhase;
			name = "Qt Preprocessors";
			neededFileNames = (
				"822E948E21EEAF532B830A40",
				"9FD222D3627B9EA3832068D8",
				"33A2D84DFB462A4CB33368EA",
				"2FC92ED40E58EC5896E8E74F",
				"CA8E3E546BDDA2B9F0D743AE",
				"8B5EAFBD96F5AAEA326D12DC",
				"1F1918855BFD27ED1511877B",
				"1CEC309CF34CE12A154C5213",
				"53F1EA62335B296329866CF9",
				"99E4BE0259C88257927AB1CE",
				"0C92E8BCF7BBC76981966186",
				"3FFE8ADE0A43C87C6E357FEE",
				"5F17CA243762AF9DCEC28CF0",
				"0F910BF76C72C72264692B83",
				"8EC68C0A0C89E7DA866B7F0A",
				"4ACD9DDCB030AD397050BBC5",
				"59DCB1550CA3B34C3D322F40",
				"68B3B5C3ED4533540725A47E",
				"FD12462A9D404815E4231934",
				"7133B43E2B1F083E8CBA4049",
				"59F5EB6CBEC1B88ACCECE78F",
				"03EA959255464FA43B98EF29",
				"B73C805166868AD13E6D0C66",
				"80D0A49F5C163ADBC201199B",
				"EBF4EE9E7EAD354EA1B88567",
				"3816570EE45884F89E3C7046",
				"7E82CBED6AB622361DB7763E",
				"BD433D6B888C602644487BE7",
				"3CFFA41B3587A79880E576D9",
				"67A26EB2292632BE65925502",
				"5C46432E6ED7203A3CF7B211",
				"959A7BE7D7DBDC3591484FC1",
				"555679880AE1FC46D3A4627C",
				"9D105D3F16866270E6ECFEDF",
				"ACEC82FC64890969CF6AF591",
				"3A2DC4F8367EFF6F9E53D1F7",
				"EF54925688B3E003F9781BD7",
				"BF7ACAC7A64C1E8790F5C7E4",
				"60DDBFCA13DBCFE894BBA854",
				"14F7794AEAA37B9E525A5535",
				"AB26E7930B4E078D52C26808",
				"0C5E854AAFC2B9544D14D364",
				"03D5DF12DE11E41A6A0A7FE2",
				"196A4EED61CDD2CB3C29679B",
				"0E384BFA84E4F26916AAA4A4",
				"358AD5A896F07C83C67F80A1",
				"491DAFC1103CABEB93C95143",
				"7D66E7596F02567DE4C6B4B6",
				"8C513AC7B2C8B3F98A5034B2",
				"40E0D9CE27C5B509708C9157",
				"901A0CADFD296FFB110EF82A",
				"163A7788F270311FD2BEAEE4",
				"03B79A792C92B5AFB6F9E7F3",
				"E24E1FC993953FE6652D0B0D",
				"38B59A44EAEF2C3E61C5FE73",
				"F3F2F9F63D5E5359277951D6",
				"35D6BB6303AA3B1AC8E38B6E",
				"0F83307990E98CCFC376EB51",
				"05F3C8A27ABEFFF29218A6C8",
				"81C29341A94AC35FEC8FB3D9",
				"455B7989FA16E3B7F24223D0",
				"F5ED231456749261E80DB31A",
				"BBBC379F7A6987A069CDA8BA",
				"F7A5E896CB31D1BAFADC533C",
				"EA70AD832BDDEE53173ACCE4",
				"2BBC11061129AC1017D97E57",
				"CD34A880260FFADDA2B3397D",
				"7C8704639F3933D0DEB2C7D5",
				"0B127144E861D3D22474D4A8");
			shellPath = "/bin/sh";
			shellScript = "make\ -C\ /Users/arman/WorkingCopies/visible-pepperlane/build_scripts\ -f\ visible_qt_moc.xcodeproj/qt_preprocess.mak";
		};
		C29B8785722055ED95EF7B57 = {
			buildActionMask = 2147483647;
			files = (
				"822E948E21EEAF532B830A40",
				"9FD222D3627B9EA3832068D8",
				"33A2D84DFB462A4CB33368EA",
				"2FC92ED40E58EC5896E8E74F",
				"CA8E3E546BDDA2B9F0D743AE",
				"8B5EAFBD96F5AAEA326D12DC",
				"1F1918855BFD27ED1511877B",
				"1CEC309CF34CE12A154C5213",
				"53F1EA62335B296329866CF9",
				"99E4BE0259C88257927AB1CE",
				"0C92E8BCF7BBC76981966186",
				"3FFE8ADE0A43C87C6E357FEE",
				"5F17CA243762AF9DCEC28CF0",
				"0F910BF76C72C72264692B83",
				"8EC68C0A0C89E7DA866B7F0A",
				"4ACD9DDCB030AD397050BBC5",
				"59DCB1550CA3B34C3D322F40",
				"68B3B5C3ED4533540725A47E",
				"FD12462A9D404815E4231934",
				"7133B43E2B1F083E8CBA4049",
				"59F5EB6CBEC1B88ACCECE78F",
				"03EA959255464FA43B98EF29",
				"B73C805166868AD13E6D0C66",
				"80D0A49F5C163ADBC201199B",
				"EBF4EE9E7EAD354EA1B88567",
				"3816570EE45884F89E3C7046",
				"7E82CBED6AB622361DB7763E",
				"BD433D6B888C602644487BE7",
				"3CFFA41B3587A79880E576D9",
				"67A26EB2292632BE65925502",
				"5C46432E6ED7203A3CF7B211",
				"959A7BE7D7DBDC3591484FC1",
				"555679880AE1FC46D3A4627C",
				"9D105D3F16866270E6ECFEDF",
				"ACEC82FC64890969CF6AF591",
				"3A2DC4F8367EFF6F9E53D1F7",
				"EF54925688B3E003F9781BD7",
				"BF7ACAC7A64C1E8790F5C7E4",
				"60DDBFCA13DBCFE894BBA854",
				"14F7794AEAA37B9E525A5535",
				"AB26E7930B4E078D52C26808",
				"0C5E854AAFC2B9544D14D364",
				"03D5DF12DE11E41A6A0A7FE2",
				"196A4EED61CDD2CB3C29679B",
				"0E384BFA84E4F26916AAA4A4",
				"358AD5A896F07C83C67F80A1",
				"491DAFC1103CABEB93C95143",
				"7D66E7596F02567DE4C6B4B6",
				"8C513AC7B2C8B3F98A5034B2",
				"40E0D9CE27C5B509708C9157",
				"901A0CADFD296FFB110EF82A",
				"163A7788F270311FD2BEAEE4",
				"03B79A792C92B5AFB6F9E7F3",
				"E24E1FC993953FE6652D0B0D",
				"38B59A44EAEF2C3E61C5FE73",
				"F3F2F9F63D5E5359277951D6",
				"35D6BB6303AA3B1AC8E38B6E",
				"0F83307990E98CCFC376EB51",
				"05F3C8A27ABEFFF29218A6C8",
				"81C29341A94AC35FEC8FB3D9",
				"455B7989FA16E3B7F24223D0",
				"F5ED231456749261E80DB31A",
				"BBBC379F7A6987A069CDA8BA",
				"F7A5E896CB31D1BAFADC533C",
				"EA70AD832BDDEE53173ACCE4",
				"2BBC11061129AC1017D97E57",
				"CD34A880260FFADDA2B3397D",
				"7C8704639F3933D0DEB2C7D5",
				"0B127144E861D3D22474D4A8");
			isa = PBXSourcesBuildPhase;
			name = "Build Sources";
		};
		AB52C34CB4C351ACB3D05237 = {
			isa = PBXFrameworkReference;
			name = "Qt3Support.framework";
			path = "/Library/Frameworks/Qt3Support.framework";
			refType = 0;
		};
		031AE02E6E5EF32803F3428D = {
			fileRef = "AB52C34CB4C351ACB3D05237";
			isa = PBXBuildFile;
			settings = {
			};
		};
		E0814A49DDD73EF0F620E7DB = {
			isa = PBXFrameworkReference;
			name = "QtSql.framework";
			path = "/Library/Frameworks/QtSql.framework";
			refType = 0;
		};
		C78BFE0DD4D0FC1F4B157F30 = {
			fileRef = "E0814A49DDD73EF0F620E7DB";
			isa = PBXBuildFile;
			settings = {
			};
		};
		8EE92F8FA333C9E415C5B34E = {
			isa = PBXFrameworkReference;
			name = "QtXml.framework";
			path = "/Library/Frameworks/QtXml.framework";
			refType = 0;
		};
		C2643FEB592DBFD1429BE4E1 = {
			fileRef = "8EE92F8FA333C9E415C5B34E";
			isa = PBXBuildFile;
			settings = {
			};
		};
		B6B9970B86A6C219B0869FE9 = {
			isa = PBXFrameworkReference;
			name = "QtNetwork.framework";
			path = "/Library/Frameworks/QtNetwork.framework";
			refType = 0;
		};
		3826A0833FCB54E86728C6EF = {
			fileRef = "B6B9970B86A6C219B0869FE9";
			isa = PBXBuildFile;
			settings = {
			};
		};
		9B36DA7E32F0304E780E7972 = {
			isa = PBXFrameworkReference;
			name = "QtGui.framework";
			path = "/Library/Frameworks/QtGui.framework";
			refType = 0;
		};
		501667F26B3C1FF6767A7C12 = {
			fileRef = "9B36DA7E32F0304E780E7972";
			isa = PBXBuildFile;
			settings = {
			};
		};
		7BC2E65A5E699A5E5D834CA2 = {
			isa = PBXFrameworkReference;
			name = "QtCore.framework";
			path = "/Library/Frameworks/QtCore.framework";
			refType = 0;
		};
		069D05B0128AE5DC7EE31738 = {
			fileRef = "7BC2E65A5E699A5E5D834CA2";
			isa = PBXBuildFile;
			settings = {
			};
		};
		ED1E82605DD74B483AF3C982 = {
			children = (
				"AB52C34CB4C351ACB3D05237",
				"E0814A49DDD73EF0F620E7DB",
				"8EE92F8FA333C9E415C5B34E",
				"B6B9970B86A6C219B0869FE9",
				"9B36DA7E32F0304E780E7972",
				"7BC2E65A5E699A5E5D834CA2");
			isa = PBXGroup;
			name = "External Frameworks and Libraries";
			path = "";
			refType = 4;
		};
		2A1043669E6E5A7426EA502A = {
			buildActionMask = 2147483647;
			files = (
				"031AE02E6E5EF32803F3428D",
				"C78BFE0DD4D0FC1F4B157F30",
				"C2643FEB592DBFD1429BE4E1",
				"3826A0833FCB54E86728C6EF",
				"501667F26B3C1FF6767A7C12",
				"069D05B0128AE5DC7EE31738");
			isa = PBXFrameworksBuildPhase;
			name = "Frameworks & Libraries";
		};
		3787F99312C85FF0073FD7BA = {
			buildActionMask = 2147483647;
			files = (
			);
			isa = PBXResourcesBuildPhase;
			name = "Bundle Resources";
		};
		F6069D5A5DA8AA28EDB8B3C6 = {
			name = "Project Copy";
			buildActionMask = 2147483647;
			dstPath = "/Users/arman/WorkingCopies/visible-pepperlane/build_scripts";
			dstSubfolderSpec = 0;
			files = (
"07E0DFA73EB56DCB9E28CDD9");
			isa = PBXCopyFilesBuildPhase;
			runOnlyForDeploymentPostprocessing = 0;
		};
		07E0DFA73EB56DCB9E28CDD9 = {
			fileRef = "D0726C4FA5C4CFD2C1806D66";
			isa = PBXBuildFile;
			settings = {
			};
		};
		05596AB53D8D521C69802C27 = {
			children = (
				"FB61758D0F0FDA4BA867C3D5",
				"46E892BBB6BB6952967E0561",
				"883D7615C4D2DE3FA1218F12",
				"7CABE3C80E79AD2B307756D2",
				"ED1E82605DD74B483AF3C982");
			isa = PBXGroup;
			name = "visible_qt_moc";
			path = "";
			refType = 4;
		};
		D0726C4FA5C4CFD2C1806D66 = {
			isa = PBXFileReference;
			explicitFileType = "wrapper.application";
			path = "visible_qt_moc.app";
			refType = 3;
			sourceTree = BUILT_PRODUCTS_DIR;
		};
		068F80C7519D0528FB08E821 = {
			children = (
				"D0726C4FA5C4CFD2C1806D66");
			isa = PBXGroup;
			name = "Products";
			refType = 4;
		};
		D0C5BCAED3DA24ECEB8EFD0C = {
			buildPhases = (
				"D7BA7D76DAB5DD13389D6332",
				"A0A52A2ADF7A1E2A99738674",
				"F6069D5A5DA8AA28EDB8B3C6",
				"C29B8785722055ED95EF7B57",
				"2A1043669E6E5A7426EA502A",
				"3787F99312C85FF0073FD7BA");
			buildSettings = {
				HEADER_SEARCH_PATHS = (
					"/Library/Frameworks/QtCore.framework/Versions/4/Headers",
					"/usr/include/QtCore",
					"/Library/Frameworks/QtGui.framework/Versions/4/Headers",
					"/usr/include/QtGui",
					"/Library/Frameworks/Qt3Support.framework/Versions/4/Headers",
					"/usr/include/Qt3Support",
					"/usr/include",
					"../include/util",
					"../include/visual",
					"../include/analysis",
					"../include/stlplus",
					"../include/test",
					"../include/baseUI",
					"../include/visUI",
					".",
					"/usr/local/include",
					"/System/Library/Frameworks/CarbonCore.framework/Headers",
					"/usr/local/Qt4.6/mkspecs/macx-xcode");
				LIBRARY_SEARCH_PATHS = (
					"/Library/Frameworks");
				OPTIMIZATION_CFLAGS = (
					);
				OTHER_CFLAGS = (
					"-pipe",
					"-g",
					"-Wall",
					"-W",
					"-Drc_build_option_capture",
					"-Drc_build_option_aci",
					"-Drc_build_option_morphometry",
					"-Drc_build_option_paced_myocyte",
					"-Drc_build_option_selected_myocyte",
					"-Drc_build_option_general_cell",
					"-Drc_build_option_general_fluorescence",
					"-Drc_build_option_cell_lineage",
					"-DQT_QT3SUPPORT_LIB",
					"-DQT3_SUPPORT",
					"-DQT_GUI_LIB",
					"-DQT_CORE_LIB",
					"-DQT_SHARED");
				OTHER_CPLUSPLUSFLAGS = (
					"-pipe",
					"-g",
					"-Wall",
					"-W",
					"-Drc_build_option_capture",
					"-Drc_build_option_aci",
					"-Drc_build_option_morphometry",
					"-Drc_build_option_paced_myocyte",
					"-Drc_build_option_selected_myocyte",
					"-Drc_build_option_general_cell",
					"-Drc_build_option_general_fluorescence",
					"-Drc_build_option_cell_lineage",
					"-DQT_QT3SUPPORT_LIB",
					"-DQT3_SUPPORT",
					"-DQT_GUI_LIB",
					"-DQT_CORE_LIB",
					"-DQT_SHARED");
				LEXFLAGS = "";
				YACCFLAGS = "-d";
				OTHER_REZFLAGS = "";
				SECTORDER_FLAGS = "";
				WARNING_CFLAGS = "";
				PREBINDING = NO;
				INFOPLIST_FILE = "Info.plist";
				BUILD_ROOT = "/Users/arman/WorkingCopies/visible-pepperlane/build_scripts";
				OTHER_LDFLAGS = (
						"-headerpad_max_install_names",
						"-L/Library/Frameworks",
						"-F/Library/Frameworks");
				DYLIB_CURRENT_VERSION = "1.0.0";
				DYLIB_COMPATIBILITY_VERSION = "1.0";
				MACOSX_DEPLOYMENT_TARGET = "10.4";
				OBJROOT = "/src/visible/.obj/";
				ARCHS = "i386";
				PRODUCT_NAME = "visible_qt_moc";
			};
			conditionalBuildSettings = {
			};
			dependencies = (
				);
			productReference = "D0726C4FA5C4CFD2C1806D66";
			shouldUseHeadermap = 1;
			isa = PBXNativeTarget;
			productType = "com.apple.product-type.application";
			productSettingsXML = "<?xml version=\"1.0\" encoding=\"UTF-8\"?>
<!DOCTYPE plist SYSTEM \"file://localhost/System/Library/DTDs/PropertyList.dtd\">
<plist version=\"0.9\">
<dict>
	<key>CFBundleIconFile</key>
	<string></string>
	<key>CFBundlePackageType</key>
	<string>APPL</string>
    <key>CFBundleGetInfoString</key>
	<string>Created by Qt/QMake</string>
	<key>CFBundleSignature</key>
	<string>????</string>
	<key>CFBundleExecutable</key>
	<string>visible_qt_moc</string>
	<key>CFBundleIdentifier</key>
	<string>com.yourcompany.visible_qt_moc</string>
	<key>NOTE</key>
	<string>This file was generated by Qt/QMake.</string>
</dict>
</plist>
";
			name = "visible_qt_moc";
			productName = "visible_qt_moc";
			startupPath = "<<ProjectDirectory>>";
		};
		8DB1DD96F65B1BF1FFC506E0 = {
			isa = XCBuildConfiguration;
			buildSettings = {
				COPY_PHASE_STRIP = "NO";
				GCC_GENERATE_DEBUGGING_SYMBOLS = "YES";
				GCC_OPTIMIZATION_LEVEL = "0";
			};
			name = "Debug";
		};
		2C641C3335766025DD51B7BD = {
			buildRules = (
				);
			buildSettings = {
				COPY_PHASE_STRIP = "NO";
				GCC_GENERATE_DEBUGGING_SYMBOLS = "YES";
				GCC_OPTIMIZATION_LEVEL = "0";
			};
			isa = "PBXBuildStyle";
			name = "Debug";
		};
		95E1EB2E5DDD587BE5B3E548 = {
			isa = XCBuildConfiguration;
			buildSettings = {
				COPY_PHASE_STRIP = "YES";
				GCC_GENERATE_DEBUGGING_SYMBOLS = "NO";
			};
			name = "Release";
		};
		26DE8D2AEA4B3714B41E931F = {
			buildRules = (
				);
			buildSettings = {
				COPY_PHASE_STRIP = "YES";
				GCC_GENERATE_DEBUGGING_SYMBOLS = "NO";
			};
			isa = "PBXBuildStyle";
			name = "Release";
		};
		2A951308CDB28F104D0A4BD2 = {
			isa = XCConfigurationList;
			buildConfigurations = (
				"8DB1DD96F65B1BF1FFC506E0",
				"95E1EB2E5DDD587BE5B3E548");
			defaultConfigurationIsVisible = 0;
			defaultConfigurationIsName = "Debug";
		};
		91B15E841AA80083484172DE = {
			buildStyles = (
				"2C641C3335766025DD51B7BD",
				"26DE8D2AEA4B3714B41E931F");
			hasScannedForEncodings = 1;
			isa = PBXProject;
			mainGroup = "05596AB53D8D521C69802C27";
			buildConfigurationList = "2A951308CDB28F104D0A4BD2";
			projectDirPath = "";
			targets = (
				"D0C5BCAED3DA24ECEB8EFD0C");
		};
	};
	rootObject = "91B15E841AA80083484172DE";
}
