// !$*UTF8*$!
{
	archiveVersion = 1;
	classes = {
	};
	objectVersion = 46;
	objects = {

/* Begin PBXBuildFile section */
		0091D8F90E81B9330029341E /* OpenGL.framework in Frameworks */ = {isa = PBXBuildFile; fileRef = 0091D8F80E81B9330029341E /* OpenGL.framework */; };
		00B784B30FF439BC000DE1D7 /* Accelerate.framework in Frameworks */ = {isa = PBXBuildFile; fileRef = 00B784AF0FF439BC000DE1D7 /* Accelerate.framework */; };
		00B784B40FF439BC000DE1D7 /* AudioToolbox.framework in Frameworks */ = {isa = PBXBuildFile; fileRef = 00B784B00FF439BC000DE1D7 /* AudioToolbox.framework */; };
		00B784B50FF439BC000DE1D7 /* AudioUnit.framework in Frameworks */ = {isa = PBXBuildFile; fileRef = 00B784B10FF439BC000DE1D7 /* AudioUnit.framework */; };
		00B784B60FF439BC000DE1D7 /* CoreAudio.framework in Frameworks */ = {isa = PBXBuildFile; fileRef = 00B784B20FF439BC000DE1D7 /* CoreAudio.framework */; };
		5323E6B20EAFCA74003A9687 /* CoreVideo.framework in Frameworks */ = {isa = PBXBuildFile; fileRef = 5323E6B10EAFCA74003A9687 /* CoreVideo.framework */; };
		5323E6B60EAFCA7E003A9687 /* QTKit.framework in Frameworks */ = {isa = PBXBuildFile; fileRef = 5323E6B50EAFCA7E003A9687 /* QTKit.framework */; };
		8D11072F0486CEB800E47090 /* Cocoa.framework in Frameworks */ = {isa = PBXBuildFile; fileRef = 1058C7A1FEA54F0111CA2CBB /* Cocoa.framework */; };
		C209869E195CF8C8005325A2 /* dict.ipp in Resources */ = {isa = PBXBuildFile; fileRef = C209869D195CF8C8005325A2 /* dict.ipp */; };
		C209869F195CF8C8005325A2 /* dict.ipp in Resources */ = {isa = PBXBuildFile; fileRef = C209869D195CF8C8005325A2 /* dict.ipp */; };
		C20986AA196357CB005325A2 /* gutc.cpp in Sources */ = {isa = PBXBuildFile; fileRef = C20986A9196357CB005325A2 /* gutc.cpp */; };
		C209870F196A0C1A005325A2 /* ut_qtime.cpp in Sources */ = {isa = PBXBuildFile; fileRef = C209870E196A0C1A005325A2 /* ut_qtime.cpp */; };
		C20BB3481910577D00884EB2 /* ut_file.hpp in Sources */ = {isa = PBXBuildFile; fileRef = C20BB3471910577D00884EB2 /* ut_file.hpp */; };
		C20BB351191059BC00884EB2 /* gtest.framework in Frameworks */ = {isa = PBXBuildFile; fileRef = C20BB350191059BC00884EB2 /* gtest.framework */; };
		C263159A195CC0A800CF71B1 /* qtime_cache.cpp in Sources */ = {isa = PBXBuildFile; fileRef = C2631598195CC0A800CF71B1 /* qtime_cache.cpp */; };
		C26D7E5A1A58011F00951038 /* libboost_date_time.a in Frameworks */ = {isa = PBXBuildFile; fileRef = C2BBC47219AD7A2B001BAA41 /* libboost_date_time.a */; };
		C26D7E5B1A58011F00951038 /* libboost_filesystem.a in Frameworks */ = {isa = PBXBuildFile; fileRef = C2BBC47319AD7A2B001BAA41 /* libboost_filesystem.a */; };
		C26D7E5C1A58011F00951038 /* libboost_thread.a in Frameworks */ = {isa = PBXBuildFile; fileRef = C2F86B0019AE7BCE00FA7D3A /* libboost_thread.a */; };
		C26D7E5D1A58011F00951038 /* libz.a in Frameworks */ = {isa = PBXBuildFile; fileRef = C2BBC47419AD7A2B001BAA41 /* libz.a */; };
		C26D7E5F1A58012000951038 /* libboost_system.a in Frameworks */ = {isa = PBXBuildFile; fileRef = C26D7E5E1A58012000951038 /* libboost_system.a */; };
		C27051D61A54AA3300520830 /* libopencv_legacy.dylib in CopyFiles */ = {isa = PBXBuildFile; fileRef = C2C41C901A50FDE600BBB583 /* libopencv_legacy.dylib */; };
		C27051DB1A54AA3300520830 /* libopencv_features2d.dylib in CopyFiles */ = {isa = PBXBuildFile; fileRef = C2C41C861A50FC3900BBB583 /* libopencv_features2d.dylib */; };
		C27051DC1A54AA3300520830 /* libopencv_flann.dylib in CopyFiles */ = {isa = PBXBuildFile; fileRef = C2C41C841A50FB5100BBB583 /* libopencv_flann.dylib */; };
		C27051DD1A54AA3300520830 /* libopencv_objdetect.dylib in CopyFiles */ = {isa = PBXBuildFile; fileRef = C2C41C821A50F8DD00BBB583 /* libopencv_objdetect.dylib */; };
		C27051DE1A54AA3300520830 /* libopencv_gpu.dylib in CopyFiles */ = {isa = PBXBuildFile; fileRef = C2C41C7C1A50F8C800BBB583 /* libopencv_gpu.dylib */; };
		C27051DF1A54AA3300520830 /* libopencv_highgui.dylib in CopyFiles */ = {isa = PBXBuildFile; fileRef = C2C41C7D1A50F8C800BBB583 /* libopencv_highgui.dylib */; };
		C27051E01A54AA3300520830 /* libopencv_imgproc.dylib in CopyFiles */ = {isa = PBXBuildFile; fileRef = C2C41C7E1A50F8C800BBB583 /* libopencv_imgproc.dylib */; };
		C27051E11A54AA3300520830 /* libopencv_core.dylib in CopyFiles */ = {isa = PBXBuildFile; fileRef = C2C41C791A50B79000BBB583 /* libopencv_core.dylib */; };
		C273D6AD1A532AB100F61528 /* vfi386.framework in Frameworks */ = {isa = PBXBuildFile; fileRef = C273D6AC1A532AB100F61528 /* vfi386.framework */; };
		C273D6B31A54577000F61528 /* libopencv_features2d.dylib in Frameworks */ = {isa = PBXBuildFile; fileRef = C2C41C861A50FC3900BBB583 /* libopencv_features2d.dylib */; };
		C273D6B41A54577000F61528 /* libopencv_flann.dylib in Frameworks */ = {isa = PBXBuildFile; fileRef = C2C41C841A50FB5100BBB583 /* libopencv_flann.dylib */; };
		C273D6B51A54577000F61528 /* libopencv_objdetect.dylib in Frameworks */ = {isa = PBXBuildFile; fileRef = C2C41C821A50F8DD00BBB583 /* libopencv_objdetect.dylib */; };
		C273D6B61A54577000F61528 /* libopencv_gpu.dylib in Frameworks */ = {isa = PBXBuildFile; fileRef = C2C41C7C1A50F8C800BBB583 /* libopencv_gpu.dylib */; };
		C273D6B71A54577000F61528 /* libopencv_highgui.dylib in Frameworks */ = {isa = PBXBuildFile; fileRef = C2C41C7D1A50F8C800BBB583 /* libopencv_highgui.dylib */; };
		C273D6B81A54577000F61528 /* libopencv_imgproc.dylib in Frameworks */ = {isa = PBXBuildFile; fileRef = C2C41C7E1A50F8C800BBB583 /* libopencv_imgproc.dylib */; };
		C273D6B91A54577000F61528 /* libopencv_core.dylib in Frameworks */ = {isa = PBXBuildFile; fileRef = C2C41C791A50B79000BBB583 /* libopencv_core.dylib */; };
		C273D6BA1A54577000F61528 /* libboost_thread.a in CopyFiles */ = {isa = PBXBuildFile; fileRef = C2F86B0019AE7BCE00FA7D3A /* libboost_thread.a */; };
		C273D6BB1A54577000F61528 /* libboost_date_time.a in CopyFiles */ = {isa = PBXBuildFile; fileRef = C2BBC47219AD7A2B001BAA41 /* libboost_date_time.a */; };
		C273D6BC1A54577000F61528 /* libboost_filesystem.a in CopyFiles */ = {isa = PBXBuildFile; fileRef = C2BBC47319AD7A2B001BAA41 /* libboost_filesystem.a */; };
		C273D6BD1A54577000F61528 /* libz.a in CopyFiles */ = {isa = PBXBuildFile; fileRef = C2BBC47419AD7A2B001BAA41 /* libz.a */; };
		C273D6BF1A54598400F61528 /* libopencv_legacy.dylib in Frameworks */ = {isa = PBXBuildFile; fileRef = C2C41C901A50FDE600BBB583 /* libopencv_legacy.dylib */; };
		C276524D1915E90A00EA3B55 /* QuickTime.framework in Frameworks */ = {isa = PBXBuildFile; fileRef = C2DB225E190B298700BBC93C /* QuickTime.framework */; };
		C276524F1915E93300EA3B55 /* CoreFoundation.framework in Frameworks */ = {isa = PBXBuildFile; fileRef = C276524E1915E93300EA3B55 /* CoreFoundation.framework */; };
		C27652501915E94200EA3B55 /* Cocoa.framework in Frameworks */ = {isa = PBXBuildFile; fileRef = C27652461915E85400EA3B55 /* Cocoa.framework */; };
		C27652521915E95800EA3B55 /* QTKit.framework in Frameworks */ = {isa = PBXBuildFile; fileRef = C27652511915E95800EA3B55 /* QTKit.framework */; };
		C27652531915E97000EA3B55 /* AudioToolbox.framework in Frameworks */ = {isa = PBXBuildFile; fileRef = 00B784B00FF439BC000DE1D7 /* AudioToolbox.framework */; };
		C27652541915E97000EA3B55 /* AudioUnit.framework in Frameworks */ = {isa = PBXBuildFile; fileRef = 00B784B10FF439BC000DE1D7 /* AudioUnit.framework */; };
		C27652551915E99100EA3B55 /* CoreAudio.framework in Frameworks */ = {isa = PBXBuildFile; fileRef = 00B784B20FF439BC000DE1D7 /* CoreAudio.framework */; };
		C27652571915E99200EA3B55 /* CoreAudioKit.framework in Frameworks */ = {isa = PBXBuildFile; fileRef = C27652561915E99200EA3B55 /* CoreAudioKit.framework */; };
		C27652591915E9AB00EA3B55 /* OpenGL.framework in Frameworks */ = {isa = PBXBuildFile; fileRef = C27652581915E9AB00EA3B55 /* OpenGL.framework */; };
		C276525B1915E9CB00EA3B55 /* CoreVideo.framework in Frameworks */ = {isa = PBXBuildFile; fileRef = C276525A1915E9CB00EA3B55 /* CoreVideo.framework */; };
		C276525E1915EA1400EA3B55 /* Accelerate.framework in Frameworks */ = {isa = PBXBuildFile; fileRef = 00B784AF0FF439BC000DE1D7 /* Accelerate.framework */; };
		C283D71819460C6B00AC68BE /* visible_impl.cpp in Sources */ = {isa = PBXBuildFile; fileRef = C283D71719460C6B00AC68BE /* visible_impl.cpp */; };
		C2A1B0E4199BD60500FF6022 /* roi_window.cpp in Sources */ = {isa = PBXBuildFile; fileRef = C2A1B0E3199BD60500FF6022 /* roi_window.cpp */; };
		C2A1B0E9199C3CE000FF6022 /* exception.cpp in Sources */ = {isa = PBXBuildFile; fileRef = C2A1B0E8199C3CE000FF6022 /* exception.cpp */; };
		C2A1B0EC199C62AF00FF6022 /* self_similarity.cpp in Sources */ = {isa = PBXBuildFile; fileRef = C2A1B0EB199C62AF00FF6022 /* self_similarity.cpp */; };
		C2A1B0EF199D4DC000FF6022 /* rowfuncs.cpp in Sources */ = {isa = PBXBuildFile; fileRef = C2A1B0EE199D4DC000FF6022 /* rowfuncs.cpp */; };
		C2A1B0F5199D516700FF6022 /* image_correlation.cpp in Sources */ = {isa = PBXBuildFile; fileRef = C2A1B0F4199D516700FF6022 /* image_correlation.cpp */; };
		C2A1B0F719A427B000FF6022 /* time_spec.cpp in Sources */ = {isa = PBXBuildFile; fileRef = C2A1B0F619A427B000FF6022 /* time_spec.cpp */; };
		C2BBC46819A5A048001BAA41 /* ut_frame.hpp in Sources */ = {isa = PBXBuildFile; fileRef = C2BBC46719A5A048001BAA41 /* ut_frame.hpp */; };
		C2BBC46D19ABA9B5001BAA41 /* vf_source.cpp in Sources */ = {isa = PBXBuildFile; fileRef = C236E0A319290BCF0035C2F5 /* vf_source.cpp */; };
		C2CFCC4D1A55E2EC0024D805 /* libopencv_calib3d.dylib in Frameworks */ = {isa = PBXBuildFile; fileRef = C2C41C881A50FCCB00BBB583 /* libopencv_calib3d.dylib */; };
		C2CFCC501A55E3680024D805 /* libopencv_ml.dylib in Frameworks */ = {isa = PBXBuildFile; fileRef = C2C41C8A1A50FD2F00BBB583 /* libopencv_ml.dylib */; };
		C2CFCC511A55E37A0024D805 /* libopencv_video.dylib in Frameworks */ = {isa = PBXBuildFile; fileRef = C2C41C8C1A50FDCB00BBB583 /* libopencv_video.dylib */; };
		C2CFCC541A55E4020024D805 /* libopencv_calib3d.dylib in CopyFiles */ = {isa = PBXBuildFile; fileRef = C2C41C881A50FCCB00BBB583 /* libopencv_calib3d.dylib */; settings = {ATTRIBUTES = (CodeSignOnCopy, ); }; };
		C2CFCC551A55E4060024D805 /* libopencv_ml.dylib in CopyFiles */ = {isa = PBXBuildFile; fileRef = C2C41C8A1A50FD2F00BBB583 /* libopencv_ml.dylib */; settings = {ATTRIBUTES = (CodeSignOnCopy, ); }; };
		C2CFCC561A55E40A0024D805 /* libopencv_video.dylib in CopyFiles */ = {isa = PBXBuildFile; fileRef = C2C41C8C1A50FDCB00BBB583 /* libopencv_video.dylib */; settings = {ATTRIBUTES = (CodeSignOnCopy, ); }; };
		C2CFCC571A55E42B0024D805 /* libopencv_photo.dylib in Frameworks */ = {isa = PBXBuildFile; fileRef = C2C41C8E1A50FDD700BBB583 /* libopencv_photo.dylib */; };
		C2CFCC581A55E4300024D805 /* libopencv_photo.dylib in CopyFiles */ = {isa = PBXBuildFile; fileRef = C2C41C8E1A50FDD700BBB583 /* libopencv_photo.dylib */; settings = {ATTRIBUTES = (CodeSignOnCopy, ); }; };
		C2D713EB19171AFC009C503B /* assets in Resources */ = {isa = PBXBuildFile; fileRef = C2D713EA19171AFC009C503B /* assets */; };
		C2D713EE19171B49009C503B /* Resources.h in Resources */ = {isa = PBXBuildFile; fileRef = C2D713EC19171B49009C503B /* Resources.h */; };
		C2D713EF19171B49009C503B /* data.txt in Resources */ = {isa = PBXBuildFile; fileRef = C2D713ED19171B49009C503B /* data.txt */; };
		C2DB225F190B298700BBC93C /* QuickTime.framework in Frameworks */ = {isa = PBXBuildFile; fileRef = C2DB225E190B298700BBC93C /* QuickTime.framework */; };
		C2DB2261190B2CCB00BBC93C /* VisibleApp.cpp in Sources */ = {isa = PBXBuildFile; fileRef = C2173400190B175500A01365 /* VisibleApp.cpp */; };
		C2E0EEB4194245F3003394C7 /* InteractiveObject.cpp in Sources */ = {isa = PBXBuildFile; fileRef = C2E0EEB3194245F3003394C7 /* InteractiveObject.cpp */; };
		C2E337BA1A475ED700A51015 /* time_spec.cpp in Sources */ = {isa = PBXBuildFile; fileRef = C2A1B0F619A427B000FF6022 /* time_spec.cpp */; };
		C2E337BB1A475F5A00A51015 /* vfi386.framework in CopyFiles */ = {isa = PBXBuildFile; fileRef = C2A2BE98193055F9003337D7 /* vfi386.framework */; settings = {ATTRIBUTES = (RemoveHeadersOnCopy, ); }; };
		C2E337BE1A47604100A51015 /* libcinder_d.a in Frameworks */ = {isa = PBXBuildFile; fileRef = C27652431915E25700EA3B55 /* libcinder_d.a */; };
		C2F100A019745B860070BB7B /* cached_frame_buffer.cpp in Sources */ = {isa = PBXBuildFile; fileRef = C2F1009F19745B860070BB7B /* cached_frame_buffer.cpp */; };
		C2F100A2197471A90070BB7B /* cached_frame_buffer.cpp in Sources */ = {isa = PBXBuildFile; fileRef = C2F1009F19745B860070BB7B /* cached_frame_buffer.cpp */; };
		C2F100A3197473D10070BB7B /* qtime_cache.cpp in Sources */ = {isa = PBXBuildFile; fileRef = C2631598195CC0A800CF71B1 /* qtime_cache.cpp */; };
		C2F86B0119AE7BCE00FA7D3A /* libboost_thread.a in Frameworks */ = {isa = PBXBuildFile; fileRef = C2F86B0019AE7BCE00FA7D3A /* libboost_thread.a */; };
		C2FB26FC1921C943003A48B7 /* cv_debug.xcconfig in Resources */ = {isa = PBXBuildFile; fileRef = C2FB26FB1921C943003A48B7 /* cv_debug.xcconfig */; };
/* End PBXBuildFile section */

/* Begin PBXCopyFilesBuildPhase section */
		C2A2BE9A19305642003337D7 /* CopyFiles */ = {
			isa = PBXCopyFilesBuildPhase;
			buildActionMask = 2147483647;
			dstPath = "";
			dstSubfolderSpec = 10;
			files = (
				C2CFCC581A55E4300024D805 /* libopencv_photo.dylib in CopyFiles */,
				C2CFCC561A55E40A0024D805 /* libopencv_video.dylib in CopyFiles */,
				C2CFCC551A55E4060024D805 /* libopencv_ml.dylib in CopyFiles */,
				C2CFCC541A55E4020024D805 /* libopencv_calib3d.dylib in CopyFiles */,
				C27051D61A54AA3300520830 /* libopencv_legacy.dylib in CopyFiles */,
				C27051DB1A54AA3300520830 /* libopencv_features2d.dylib in CopyFiles */,
				C27051DC1A54AA3300520830 /* libopencv_flann.dylib in CopyFiles */,
				C27051DD1A54AA3300520830 /* libopencv_objdetect.dylib in CopyFiles */,
				C27051DE1A54AA3300520830 /* libopencv_gpu.dylib in CopyFiles */,
				C27051DF1A54AA3300520830 /* libopencv_highgui.dylib in CopyFiles */,
				C27051E01A54AA3300520830 /* libopencv_imgproc.dylib in CopyFiles */,
				C27051E11A54AA3300520830 /* libopencv_core.dylib in CopyFiles */,
				C273D6BA1A54577000F61528 /* libboost_thread.a in CopyFiles */,
				C273D6BB1A54577000F61528 /* libboost_date_time.a in CopyFiles */,
				C273D6BC1A54577000F61528 /* libboost_filesystem.a in CopyFiles */,
				C273D6BD1A54577000F61528 /* libz.a in CopyFiles */,
				C2E337BB1A475F5A00A51015 /* vfi386.framework in CopyFiles */,
			);
			runOnlyForDeploymentPostprocessing = 0;
		};
/* End PBXCopyFilesBuildPhase section */

/* Begin PBXFileReference section */
		0091D8F80E81B9330029341E /* OpenGL.framework */ = {isa = PBXFileReference; lastKnownFileType = wrapper.framework; name = OpenGL.framework; path = /System/Library/Frameworks/OpenGL.framework; sourceTree = "<absolute>"; };
		00B784AF0FF439BC000DE1D7 /* Accelerate.framework */ = {isa = PBXFileReference; lastKnownFileType = wrapper.framework; name = Accelerate.framework; path = System/Library/Frameworks/Accelerate.framework; sourceTree = SDKROOT; };
		00B784B00FF439BC000DE1D7 /* AudioToolbox.framework */ = {isa = PBXFileReference; lastKnownFileType = wrapper.framework; name = AudioToolbox.framework; path = System/Library/Frameworks/AudioToolbox.framework; sourceTree = SDKROOT; };
		00B784B10FF439BC000DE1D7 /* AudioUnit.framework */ = {isa = PBXFileReference; lastKnownFileType = wrapper.framework; name = AudioUnit.framework; path = System/Library/Frameworks/AudioUnit.framework; sourceTree = SDKROOT; };
		00B784B20FF439BC000DE1D7 /* CoreAudio.framework */ = {isa = PBXFileReference; lastKnownFileType = wrapper.framework; name = CoreAudio.framework; path = System/Library/Frameworks/CoreAudio.framework; sourceTree = SDKROOT; };
		1058C7A1FEA54F0111CA2CBB /* Cocoa.framework */ = {isa = PBXFileReference; lastKnownFileType = wrapper.framework; name = Cocoa.framework; path = /System/Library/Frameworks/Cocoa.framework; sourceTree = "<absolute>"; };
		29B97324FDCFA39411CA2CEA /* AppKit.framework */ = {isa = PBXFileReference; lastKnownFileType = wrapper.framework; name = AppKit.framework; path = /System/Library/Frameworks/AppKit.framework; sourceTree = "<absolute>"; };
		29B97325FDCFA39411CA2CEA /* Foundation.framework */ = {isa = PBXFileReference; lastKnownFileType = wrapper.framework; name = Foundation.framework; path = /System/Library/Frameworks/Foundation.framework; sourceTree = "<absolute>"; };
		459C1BCAC77D495892F10286 /* Info.plist */ = {isa = PBXFileReference; lastKnownFileType = text.plist.xml; path = Info.plist; sourceTree = "<group>"; };
		5323E6B10EAFCA74003A9687 /* CoreVideo.framework */ = {isa = PBXFileReference; lastKnownFileType = wrapper.framework; name = CoreVideo.framework; path = /System/Library/Frameworks/CoreVideo.framework; sourceTree = "<absolute>"; };
		5323E6B50EAFCA7E003A9687 /* QTKit.framework */ = {isa = PBXFileReference; lastKnownFileType = wrapper.framework; name = QTKit.framework; path = /System/Library/Frameworks/QTKit.framework; sourceTree = "<absolute>"; };
		8D1107320486CEB800E47090 /* XcVisible.app */ = {isa = PBXFileReference; explicitFileType = wrapper.application; includeInIndex = 0; path = XcVisible.app; sourceTree = BUILT_PRODUCTS_DIR; };
		C209869D195CF8C8005325A2 /* dict.ipp */ = {isa = PBXFileReference; fileEncoding = 4; lastKnownFileType = text; path = dict.ipp; sourceTree = "<group>"; };
		C20986A0195D159E005325A2 /* vf_cinder_audio2.hpp */ = {isa = PBXFileReference; fileEncoding = 4; lastKnownFileType = sourcecode.cpp.h; name = vf_cinder_audio2.hpp; path = ../../include/cvisible/vf_cinder_audio2.hpp; sourceTree = "<group>"; };
		C20986A9196357CB005325A2 /* gutc.cpp */ = {isa = PBXFileReference; fileEncoding = 4; lastKnownFileType = sourcecode.cpp.cpp; name = gutc.cpp; path = ../../test/vf_cvisible/gutc.cpp; sourceTree = "<group>"; };
		C209870E196A0C1A005325A2 /* ut_qtime.cpp */ = {isa = PBXFileReference; fileEncoding = 4; lastKnownFileType = sourcecode.cpp.cpp; name = ut_qtime.cpp; path = ../test/src/ut_qtime.cpp; sourceTree = "<group>"; };
		C20BB33819102F5A00884EB2 /* vf_cinder.hpp */ = {isa = PBXFileReference; fileEncoding = 4; lastKnownFileType = sourcecode.cpp.h; name = vf_cinder.hpp; path = ../../include/cvisible/vf_cinder.hpp; sourceTree = "<group>"; };
		C20BB3391910508E00884EB2 /* vf_utils.hpp */ = {isa = PBXFileReference; fileEncoding = 4; lastKnownFileType = sourcecode.cpp.h; name = vf_utils.hpp; path = ../../include/cvisible/vf_utils.hpp; sourceTree = "<group>"; };
		C20BB33E1910569C00884EB2 /* gutc */ = {isa = PBXFileReference; explicitFileType = "compiled.mach-o.executable"; includeInIndex = 0; path = gutc; sourceTree = BUILT_PRODUCTS_DIR; };
		C20BB3471910577D00884EB2 /* ut_file.hpp */ = {isa = PBXFileReference; lastKnownFileType = sourcecode.cpp.h; name = ut_file.hpp; path = ../test/vf_cvisible/ut_file.hpp; sourceTree = "<group>"; };
		C20BB34A1910593A00884EB2 /* gtest.framework */ = {isa = PBXFileReference; lastKnownFileType = wrapper.framework; name = gtest.framework; path = ../usr/local/gtest/build/Release/gtest.framework; sourceTree = "<group>"; };
		C20BB34E1910599400884EB2 /* vfi386_d.framework */ = {isa = PBXFileReference; lastKnownFileType = wrapper.framework; name = vfi386_d.framework; path = ../build/Frameworks/vfi386_d.framework; sourceTree = "<group>"; };
		C20BB350191059BC00884EB2 /* gtest.framework */ = {isa = PBXFileReference; lastKnownFileType = wrapper.framework; name = gtest.framework; path = ../build/Frameworks/gtest.framework; sourceTree = "<group>"; };
		C21733FC190B175500A01365 /* AudioDrawUtils.cpp */ = {isa = PBXFileReference; fileEncoding = 4; lastKnownFileType = sourcecode.cpp.cpp; path = AudioDrawUtils.cpp; sourceTree = "<group>"; };
		C21733FD190B175500A01365 /* cVisibleApp.cpp */ = {isa = PBXFileReference; fileEncoding = 4; lastKnownFileType = sourcecode.cpp.cpp; path = cVisibleApp.cpp; sourceTree = "<group>"; };
		C2173400190B175500A01365 /* VisibleApp.cpp */ = {isa = PBXFileReference; fileEncoding = 4; lastKnownFileType = sourcecode.cpp.cpp; path = VisibleApp.cpp; sourceTree = "<group>"; };
		C236E0A319290BCF0035C2F5 /* vf_source.cpp */ = {isa = PBXFileReference; fileEncoding = 4; lastKnownFileType = sourcecode.cpp.cpp; path = vf_source.cpp; sourceTree = "<group>"; };
		C236E0A519290E260035C2F5 /* vf_sm_producer_impl.h */ = {isa = PBXFileReference; fileEncoding = 4; lastKnownFileType = sourcecode.c.h; name = vf_sm_producer_impl.h; path = ../../include/cvisible/vf_sm_producer_impl.h; sourceTree = "<group>"; };
		C236E0A619290E260035C2F5 /* vf_sm_producer.h */ = {isa = PBXFileReference; fileEncoding = 4; lastKnownFileType = sourcecode.c.h; name = vf_sm_producer.h; path = ../../include/cvisible/vf_sm_producer.h; sourceTree = "<group>"; };
		C236E0AA19291A2D0035C2F5 /* vf_cinder_qtime_grabber_impl.hpp */ = {isa = PBXFileReference; fileEncoding = 4; lastKnownFileType = sourcecode.cpp.h; name = vf_cinder_qtime_grabber_impl.hpp; path = ../../include/cvisible/vf_cinder_qtime_grabber_impl.hpp; sourceTree = "<group>"; };
		C236E0AB19291A2D0035C2F5 /* vf_cinder_qtime_grabber.h */ = {isa = PBXFileReference; fileEncoding = 4; lastKnownFileType = sourcecode.c.h; name = vf_cinder_qtime_grabber.h; path = ../../include/cvisible/vf_cinder_qtime_grabber.h; sourceTree = "<group>"; };
		C236E0AC19291C2A0035C2F5 /* vf_qtime_grabber.cpp */ = {isa = PBXFileReference; fileEncoding = 4; lastKnownFileType = sourcecode.cpp.cpp; path = vf_qtime_grabber.cpp; sourceTree = "<group>"; };
		C2371C2A192424F8005114B1 /* vf_imagegrabber.hpp */ = {isa = PBXFileReference; fileEncoding = 4; lastKnownFileType = sourcecode.cpp.h; name = vf_imagegrabber.hpp; path = ../../include/cvisible/vf_imagegrabber.hpp; sourceTree = "<group>"; };
		C242F57E192927F9000FEAAB /* vf_image_conversions.hpp */ = {isa = PBXFileReference; fileEncoding = 4; lastKnownFileType = sourcecode.cpp.h; name = vf_image_conversions.hpp; path = ../../include/cvisible/vf_image_conversions.hpp; sourceTree = "<group>"; };
		C2631598195CC0A800CF71B1 /* qtime_cache.cpp */ = {isa = PBXFileReference; fileEncoding = 4; lastKnownFileType = sourcecode.cpp.cpp; path = qtime_cache.cpp; sourceTree = "<group>"; };
		C2663DC1192AB062004986A4 /* ut_sm.hpp */ = {isa = PBXFileReference; fileEncoding = 4; lastKnownFileType = sourcecode.cpp.h; name = ut_sm.hpp; path = ../test/vf_cvisible/ut_sm.hpp; sourceTree = "<group>"; };
		C26D7E5E1A58012000951038 /* libboost_system.a */ = {isa = PBXFileReference; lastKnownFileType = archive.ar; name = libboost_system.a; path = "../usr/local/cinder/cinder_0.8-2.6_mac/lib/macosx/libboost_system.a"; sourceTree = "<group>"; };
		C273D6AC1A532AB100F61528 /* vfi386.framework */ = {isa = PBXFileReference; lastKnownFileType = wrapper.framework; name = vfi386.framework; path = ../build/Release/vfi386.framework; sourceTree = "<group>"; };
		C2765232191568C400EA3B55 /* cv_release.xcconfig */ = {isa = PBXFileReference; fileEncoding = 4; lastKnownFileType = text.xcconfig; name = cv_release.xcconfig; path = configs/cv_release.xcconfig; sourceTree = "<group>"; };
		C27652431915E25700EA3B55 /* libcinder_d.a */ = {isa = PBXFileReference; lastKnownFileType = archive.ar; name = libcinder_d.a; path = "../usr/local/cinder/cinder_0.8-2.6_mac/lib/libcinder_d.a"; sourceTree = "<group>"; };
		C27652461915E85400EA3B55 /* Cocoa.framework */ = {isa = PBXFileReference; lastKnownFileType = wrapper.framework; name = Cocoa.framework; path = System/Library/Frameworks/Cocoa.framework; sourceTree = SDKROOT; };
		C276524E1915E93300EA3B55 /* CoreFoundation.framework */ = {isa = PBXFileReference; lastKnownFileType = wrapper.framework; name = CoreFoundation.framework; path = System/Library/Frameworks/CoreFoundation.framework; sourceTree = SDKROOT; };
		C27652511915E95800EA3B55 /* QTKit.framework */ = {isa = PBXFileReference; lastKnownFileType = wrapper.framework; name = QTKit.framework; path = System/Library/Frameworks/QTKit.framework; sourceTree = SDKROOT; };
		C27652561915E99200EA3B55 /* CoreAudioKit.framework */ = {isa = PBXFileReference; lastKnownFileType = wrapper.framework; name = CoreAudioKit.framework; path = System/Library/Frameworks/CoreAudioKit.framework; sourceTree = SDKROOT; };
		C27652581915E9AB00EA3B55 /* OpenGL.framework */ = {isa = PBXFileReference; lastKnownFileType = wrapper.framework; name = OpenGL.framework; path = System/Library/Frameworks/OpenGL.framework; sourceTree = SDKROOT; };
		C276525A1915E9CB00EA3B55 /* CoreVideo.framework */ = {isa = PBXFileReference; lastKnownFileType = wrapper.framework; name = CoreVideo.framework; path = System/Library/Frameworks/CoreVideo.framework; sourceTree = SDKROOT; };
		C283D715194254BD00AC68BE /* vf_types.h */ = {isa = PBXFileReference; fileEncoding = 4; lastKnownFileType = sourcecode.c.h; name = vf_types.h; path = ../../include/cvisible/vf_types.h; sourceTree = "<group>"; };
		C283D7161943DB3000AC68BE /* iclip.hpp */ = {isa = PBXFileReference; fileEncoding = 4; lastKnownFileType = sourcecode.cpp.h; name = iclip.hpp; path = ../../include/cvisible/iclip.hpp; sourceTree = "<group>"; };
		C283D71719460C6B00AC68BE /* visible_impl.cpp */ = {isa = PBXFileReference; fileEncoding = 4; lastKnownFileType = sourcecode.cpp.cpp; path = visible_impl.cpp; sourceTree = "<group>"; };
		C283D71919468A1000AC68BE /* ui_contexts.h */ = {isa = PBXFileReference; fileEncoding = 4; lastKnownFileType = sourcecode.c.h; name = ui_contexts.h; path = ../../include/cvisible/ui_contexts.h; sourceTree = "<group>"; };
		C2A1B0E2198B015300FF6022 /* awb.hpp */ = {isa = PBXFileReference; fileEncoding = 4; lastKnownFileType = sourcecode.cpp.h; name = awb.hpp; path = ../../applications/opencv_bench/awb.hpp; sourceTree = "<group>"; };
		C2A1B0E3199BD60500FF6022 /* roi_window.cpp */ = {isa = PBXFileReference; fileEncoding = 4; lastKnownFileType = sourcecode.cpp.cpp; path = roi_window.cpp; sourceTree = "<group>"; };
		C2A1B0E5199BD61500FF6022 /* roi_window.h */ = {isa = PBXFileReference; fileEncoding = 4; lastKnownFileType = sourcecode.c.h; name = roi_window.h; path = ../../include/cvisible/roi_window.h; sourceTree = "<group>"; };
		C2A1B0E6199C16A800FF6022 /* grabber.h */ = {isa = PBXFileReference; fileEncoding = 4; lastKnownFileType = sourcecode.c.h; name = grabber.h; path = ../../include/cvisible/grabber.h; sourceTree = "<group>"; };
		C2A1B0E7199C18C200FF6022 /* cache_grabber.h */ = {isa = PBXFileReference; fileEncoding = 4; lastKnownFileType = sourcecode.c.h; name = cache_grabber.h; path = ../../include/cvisible/cache_grabber.h; sourceTree = "<group>"; };
		C2A1B0E8199C3CE000FF6022 /* exception.cpp */ = {isa = PBXFileReference; fileEncoding = 4; lastKnownFileType = sourcecode.cpp.cpp; path = exception.cpp; sourceTree = "<group>"; };
		C2A1B0EA199C3CEC00FF6022 /* exception.hpp */ = {isa = PBXFileReference; fileEncoding = 4; lastKnownFileType = sourcecode.cpp.h; name = exception.hpp; path = ../../include/cvisible/exception.hpp; sourceTree = "<group>"; };
		C2A1B0EB199C62AF00FF6022 /* self_similarity.cpp */ = {isa = PBXFileReference; fileEncoding = 4; lastKnownFileType = sourcecode.cpp.cpp; path = self_similarity.cpp; sourceTree = "<group>"; };
		C2A1B0ED199C62BC00FF6022 /* self_similarity.h */ = {isa = PBXFileReference; fileEncoding = 4; lastKnownFileType = sourcecode.c.h; name = self_similarity.h; path = ../../include/cvisible/self_similarity.h; sourceTree = "<group>"; };
		C2A1B0EE199D4DC000FF6022 /* rowfuncs.cpp */ = {isa = PBXFileReference; fileEncoding = 4; lastKnownFileType = sourcecode.cpp.cpp; path = rowfuncs.cpp; sourceTree = "<group>"; };
		C2A1B0F0199D4DDD00FF6022 /* image_correlation.h */ = {isa = PBXFileReference; fileEncoding = 4; lastKnownFileType = sourcecode.c.h; name = image_correlation.h; path = ../../include/cvisible/image_correlation.h; sourceTree = "<group>"; };
		C2A1B0F1199D4DDD00FF6022 /* row_func.h */ = {isa = PBXFileReference; fileEncoding = 4; lastKnownFileType = sourcecode.c.h; name = row_func.h; path = ../../include/cvisible/row_func.h; sourceTree = "<group>"; };
		C2A1B0F2199D4DDD00FF6022 /* simple_pair.h */ = {isa = PBXFileReference; fileEncoding = 4; lastKnownFileType = sourcecode.c.h; name = simple_pair.h; path = ../../include/cvisible/simple_pair.h; sourceTree = "<group>"; };
		C2A1B0F3199D4DDD00FF6022 /* sshist.hpp */ = {isa = PBXFileReference; fileEncoding = 4; lastKnownFileType = sourcecode.cpp.h; name = sshist.hpp; path = ../../include/cvisible/sshist.hpp; sourceTree = "<group>"; };
		C2A1B0F4199D516700FF6022 /* image_correlation.cpp */ = {isa = PBXFileReference; fileEncoding = 4; lastKnownFileType = sourcecode.cpp.cpp; path = image_correlation.cpp; sourceTree = "<group>"; };
		C2A1B0F619A427B000FF6022 /* time_spec.cpp */ = {isa = PBXFileReference; fileEncoding = 4; lastKnownFileType = sourcecode.cpp.cpp; path = time_spec.cpp; sourceTree = "<group>"; };
		C2A1B0F819A42A4C00FF6022 /* config.h */ = {isa = PBXFileReference; fileEncoding = 4; lastKnownFileType = sourcecode.c.h; name = config.h; path = ../../include/cvisible/config.h; sourceTree = "<group>"; };
		C2A1B0F919A5488900FF6022 /* rpixel.hpp */ = {isa = PBXFileReference; fileEncoding = 4; lastKnownFileType = sourcecode.cpp.h; name = rpixel.hpp; path = ../../include/cvisible/rpixel.hpp; sourceTree = "<group>"; };
		C2A1B0FA19A548DE00FF6022 /* frame.h */ = {isa = PBXFileReference; fileEncoding = 4; lastKnownFileType = sourcecode.c.h; name = frame.h; path = ../../include/cvisible/frame.h; sourceTree = "<group>"; };
		C2A2BE98193055F9003337D7 /* vfi386.framework */ = {isa = PBXFileReference; lastKnownFileType = wrapper.framework; name = vfi386.framework; path = ../build/Frameworks/vfi386.framework; sourceTree = "<group>"; };
		C2A3267F1952582D007A35E6 /* visible_main.h */ = {isa = PBXFileReference; fileEncoding = 4; lastKnownFileType = sourcecode.c.h; name = visible_main.h; path = ../../include/cvisible/visible_main.h; sourceTree = "<group>"; };
		C2A3268019550CDA007A35E6 /* stl_util.hpp */ = {isa = PBXFileReference; fileEncoding = 4; lastKnownFileType = sourcecode.cpp.h; name = stl_util.hpp; path = ../../include/cvisible/stl_util.hpp; sourceTree = "<group>"; };
		C2BBC46719A5A048001BAA41 /* ut_frame.hpp */ = {isa = PBXFileReference; fileEncoding = 4; lastKnownFileType = sourcecode.cpp.h; name = ut_frame.hpp; path = ../../test/vf_cvisible/ut_frame.hpp; sourceTree = "<group>"; };
		C2BBC46919A5ACB5001BAA41 /* vf_qtime_cache_impl.hpp */ = {isa = PBXFileReference; fileEncoding = 4; lastKnownFileType = sourcecode.cpp.h; name = vf_qtime_cache_impl.hpp; path = ../../include/cvisible/vf_qtime_cache_impl.hpp; sourceTree = "<group>"; };
		C2BBC46A19A7C99B001BAA41 /* vf_math.h */ = {isa = PBXFileReference; fileEncoding = 4; lastKnownFileType = sourcecode.c.h; name = vf_math.h; path = ../../include/cvisible/vf_math.h; sourceTree = "<group>"; };
		C2BBC46B19A9B5EB001BAA41 /* basic_ut.hpp */ = {isa = PBXFileReference; fileEncoding = 4; lastKnownFileType = sourcecode.cpp.h; name = basic_ut.hpp; path = ../test/vf_cvisible/basic_ut.hpp; sourceTree = "<group>"; };
		C2BBC46C19ABA2A1001BAA41 /* base_signaler.h */ = {isa = PBXFileReference; fileEncoding = 4; lastKnownFileType = sourcecode.c.h; name = base_signaler.h; path = ../../include/cvisible/base_signaler.h; sourceTree = "<group>"; };
		C2BBC46E19ABC636001BAA41 /* timing.hpp */ = {isa = PBXFileReference; fileEncoding = 4; lastKnownFileType = sourcecode.cpp.h; name = timing.hpp; path = ../../include/cvisible/timing.hpp; sourceTree = "<group>"; };
		C2BBC46F19ABC88B001BAA41 /* signaler.h */ = {isa = PBXFileReference; fileEncoding = 4; lastKnownFileType = sourcecode.c.h; name = signaler.h; path = ../../include/cvisible/signaler.h; sourceTree = "<group>"; };
		C2BBC47019AD2AE5001BAA41 /* static.hpp */ = {isa = PBXFileReference; fileEncoding = 4; lastKnownFileType = sourcecode.cpp.h; name = static.hpp; path = ../../include/cvisible/static.hpp; sourceTree = "<group>"; };
		C2BBC47119AD77C2001BAA41 /* ut_qtime.h */ = {isa = PBXFileReference; fileEncoding = 4; lastKnownFileType = sourcecode.c.h; name = ut_qtime.h; path = ../../test/include/ut_qtime.h; sourceTree = "<group>"; };
		C2BBC47219AD7A2B001BAA41 /* libboost_date_time.a */ = {isa = PBXFileReference; lastKnownFileType = archive.ar; name = libboost_date_time.a; path = "../usr/local/cinder/cinder_0.8-2.6_mac/lib/macosx/libboost_date_time.a"; sourceTree = "<group>"; };
		C2BBC47319AD7A2B001BAA41 /* libboost_filesystem.a */ = {isa = PBXFileReference; lastKnownFileType = archive.ar; name = libboost_filesystem.a; path = "../usr/local/cinder/cinder_0.8-2.6_mac/lib/macosx/libboost_filesystem.a"; sourceTree = "<group>"; };
		C2BBC47419AD7A2B001BAA41 /* libz.a */ = {isa = PBXFileReference; lastKnownFileType = archive.ar; name = libz.a; path = "../usr/local/cinder/cinder_0.8-2.6_mac/lib/macosx/libz.a"; sourceTree = "<group>"; };
		C2C41C791A50B79000BBB583 /* libopencv_core.dylib */ = {isa = PBXFileReference; lastKnownFileType = "compiled.mach-o.dylib"; name = libopencv_core.dylib; path = ../usr/local/OpenCv_2.4_i386/lib/Release/libopencv_core.dylib; sourceTree = "<group>"; };
		C2C41C7C1A50F8C800BBB583 /* libopencv_gpu.dylib */ = {isa = PBXFileReference; lastKnownFileType = "compiled.mach-o.dylib"; name = libopencv_gpu.dylib; path = ../usr/local/OpenCv_2.4_i386/lib/Release/libopencv_gpu.dylib; sourceTree = "<group>"; };
		C2C41C7D1A50F8C800BBB583 /* libopencv_highgui.dylib */ = {isa = PBXFileReference; lastKnownFileType = "compiled.mach-o.dylib"; name = libopencv_highgui.dylib; path = ../usr/local/OpenCv_2.4_i386/lib/Release/libopencv_highgui.dylib; sourceTree = "<group>"; };
		C2C41C7E1A50F8C800BBB583 /* libopencv_imgproc.dylib */ = {isa = PBXFileReference; lastKnownFileType = "compiled.mach-o.dylib"; name = libopencv_imgproc.dylib; path = ../usr/local/OpenCv_2.4_i386/lib/Release/libopencv_imgproc.dylib; sourceTree = "<group>"; };
		C2C41C821A50F8DD00BBB583 /* libopencv_objdetect.dylib */ = {isa = PBXFileReference; lastKnownFileType = "compiled.mach-o.dylib"; name = libopencv_objdetect.dylib; path = ../usr/local/OpenCv_2.4_i386/lib/Release/libopencv_objdetect.dylib; sourceTree = "<group>"; };
		C2C41C841A50FB5100BBB583 /* libopencv_flann.dylib */ = {isa = PBXFileReference; lastKnownFileType = "compiled.mach-o.dylib"; name = libopencv_flann.dylib; path = ../usr/local/OpenCv_2.4_i386/lib/Release/libopencv_flann.dylib; sourceTree = "<group>"; };
		C2C41C861A50FC3900BBB583 /* libopencv_features2d.dylib */ = {isa = PBXFileReference; lastKnownFileType = "compiled.mach-o.dylib"; name = libopencv_features2d.dylib; path = ../usr/local/OpenCv_2.4_i386/lib/Release/libopencv_features2d.dylib; sourceTree = "<group>"; };
		C2C41C881A50FCCB00BBB583 /* libopencv_calib3d.dylib */ = {isa = PBXFileReference; lastKnownFileType = "compiled.mach-o.dylib"; name = libopencv_calib3d.dylib; path = ../usr/local/OpenCv_2.4_i386/lib/Release/libopencv_calib3d.dylib; sourceTree = "<group>"; };
		C2C41C8A1A50FD2F00BBB583 /* libopencv_ml.dylib */ = {isa = PBXFileReference; lastKnownFileType = "compiled.mach-o.dylib"; name = libopencv_ml.dylib; path = ../usr/local/OpenCv_2.4_i386/lib/Release/libopencv_ml.dylib; sourceTree = "<group>"; };
		C2C41C8C1A50FDCB00BBB583 /* libopencv_video.dylib */ = {isa = PBXFileReference; lastKnownFileType = "compiled.mach-o.dylib"; name = libopencv_video.dylib; path = ../usr/local/OpenCv_2.4_i386/lib/Release/libopencv_video.dylib; sourceTree = "<group>"; };
		C2C41C8E1A50FDD700BBB583 /* libopencv_photo.dylib */ = {isa = PBXFileReference; lastKnownFileType = "compiled.mach-o.dylib"; name = libopencv_photo.dylib; path = ../usr/local/OpenCv_2.4_i386/lib/Release/libopencv_photo.dylib; sourceTree = "<group>"; };
		C2C41C901A50FDE600BBB583 /* libopencv_legacy.dylib */ = {isa = PBXFileReference; lastKnownFileType = "compiled.mach-o.dylib"; name = libopencv_legacy.dylib; path = ../usr/local/OpenCv_2.4_i386/lib/Release/libopencv_legacy.dylib; sourceTree = "<group>"; };
		C2CFCC4E1A55E3330024D805 /* libopencv_calib3d.dylib */ = {isa = PBXFileReference; lastKnownFileType = "compiled.mach-o.dylib"; path = libopencv_calib3d.dylib; sourceTree = "<group>"; };
		C2CFCC521A55E39B0024D805 /* libopencv_ml.dylib */ = {isa = PBXFileReference; lastKnownFileType = "compiled.mach-o.dylib"; path = libopencv_ml.dylib; sourceTree = "<group>"; };
		C2D713EA19171AFC009C503B /* assets */ = {isa = PBXFileReference; lastKnownFileType = folder; path = assets; sourceTree = "<group>"; };
		C2D713EC19171B49009C503B /* Resources.h */ = {isa = PBXFileReference; lastKnownFileType = sourcecode.c.h; path = Resources.h; sourceTree = "<group>"; };
		C2D713ED19171B49009C503B /* data.txt */ = {isa = PBXFileReference; lastKnownFileType = text; path = data.txt; sourceTree = "<group>"; };
		C2D713F1191978D0009C503B /* AudioDrawUtils.h */ = {isa = PBXFileReference; fileEncoding = 4; lastKnownFileType = sourcecode.c.h; name = AudioDrawUtils.h; path = ../../include/cvisible/AudioDrawUtils.h; sourceTree = "<group>"; };
		C2D713FB191C47A1009C503B /* visible_app.h */ = {isa = PBXFileReference; fileEncoding = 4; lastKnownFileType = sourcecode.c.h; name = visible_app.h; path = ../../include/cvisible/visible_app.h; sourceTree = "<group>"; };
		C2DB225C190B296A00BBC93C /* Carbon.framework */ = {isa = PBXFileReference; lastKnownFileType = wrapper.framework; name = Carbon.framework; path = System/Library/Frameworks/Carbon.framework; sourceTree = SDKROOT; };
		C2DB225E190B298700BBC93C /* QuickTime.framework */ = {isa = PBXFileReference; lastKnownFileType = wrapper.framework; name = QuickTime.framework; path = System/Library/Frameworks/QuickTime.framework; sourceTree = SDKROOT; };
		C2DB2262190B2F3400BBC93C /* Resources.h */ = {isa = PBXFileReference; fileEncoding = 4; lastKnownFileType = sourcecode.c.h; name = Resources.h; path = ../resources/assets/Resources.h; sourceTree = "<group>"; };
		C2E0EEB2194245E4003394C7 /* InteractiveObject.h */ = {isa = PBXFileReference; fileEncoding = 4; lastKnownFileType = sourcecode.c.h; name = InteractiveObject.h; path = ../../include/cvisible/InteractiveObject.h; sourceTree = "<group>"; };
		C2E0EEB3194245F3003394C7 /* InteractiveObject.cpp */ = {isa = PBXFileReference; fileEncoding = 4; lastKnownFileType = sourcecode.cpp.cpp; path = InteractiveObject.cpp; sourceTree = "<group>"; };
		C2E78DF6190B32C000F586E2 /* cash_satisfied_mind.mp3 */ = {isa = PBXFileReference; lastKnownFileType = audio.mp3; name = cash_satisfied_mind.mp3; path = ../resources/assets/cash_satisfied_mind.mp3; sourceTree = "<group>"; };
		C2F1009E1974595A0070BB7B /* qtime_cache.h */ = {isa = PBXFileReference; fileEncoding = 4; lastKnownFileType = sourcecode.c.h; name = qtime_cache.h; path = ../../include/cvisible/qtime_cache.h; sourceTree = "<group>"; };
		C2F1009F19745B860070BB7B /* cached_frame_buffer.cpp */ = {isa = PBXFileReference; fileEncoding = 4; lastKnownFileType = sourcecode.cpp.cpp; path = cached_frame_buffer.cpp; sourceTree = "<group>"; };
		C2F100A119745B960070BB7B /* cached_frame_buffer.h */ = {isa = PBXFileReference; fileEncoding = 4; lastKnownFileType = sourcecode.c.h; name = cached_frame_buffer.h; path = ../../include/cvisible/cached_frame_buffer.h; sourceTree = "<group>"; };
		C2F86B0019AE7BCE00FA7D3A /* libboost_thread.a */ = {isa = PBXFileReference; lastKnownFileType = archive.ar; name = libboost_thread.a; path = "../usr/local/cinder/cinder_0.8-2.6_mac/lib/macosx/libboost_thread.a"; sourceTree = "<group>"; };
		C2FB26FB1921C943003A48B7 /* cv_debug.xcconfig */ = {isa = PBXFileReference; fileEncoding = 4; lastKnownFileType = text.xcconfig; name = cv_debug.xcconfig; path = configs/cv_debug.xcconfig; sourceTree = "<group>"; };
/* End PBXFileReference section */

/* Begin PBXFrameworksBuildPhase section */
		8D11072E0486CEB800E47090 /* Frameworks */ = {
			isa = PBXFrameworksBuildPhase;
			buildActionMask = 2147483647;
			files = (
				C26D7E5F1A58012000951038 /* libboost_system.a in Frameworks */,
				C26D7E5A1A58011F00951038 /* libboost_date_time.a in Frameworks */,
				C26D7E5B1A58011F00951038 /* libboost_filesystem.a in Frameworks */,
				C26D7E5C1A58011F00951038 /* libboost_thread.a in Frameworks */,
				C26D7E5D1A58011F00951038 /* libz.a in Frameworks */,
				C2CFCC571A55E42B0024D805 /* libopencv_photo.dylib in Frameworks */,
				C2CFCC511A55E37A0024D805 /* libopencv_video.dylib in Frameworks */,
				C2CFCC501A55E3680024D805 /* libopencv_ml.dylib in Frameworks */,
				C2CFCC4D1A55E2EC0024D805 /* libopencv_calib3d.dylib in Frameworks */,
				C273D6BF1A54598400F61528 /* libopencv_legacy.dylib in Frameworks */,
				C273D6B31A54577000F61528 /* libopencv_features2d.dylib in Frameworks */,
				C273D6B41A54577000F61528 /* libopencv_flann.dylib in Frameworks */,
				C273D6B51A54577000F61528 /* libopencv_objdetect.dylib in Frameworks */,
				C273D6B61A54577000F61528 /* libopencv_gpu.dylib in Frameworks */,
				C273D6B71A54577000F61528 /* libopencv_highgui.dylib in Frameworks */,
				C273D6B81A54577000F61528 /* libopencv_imgproc.dylib in Frameworks */,
				C273D6B91A54577000F61528 /* libopencv_core.dylib in Frameworks */,
				C273D6AD1A532AB100F61528 /* vfi386.framework in Frameworks */,
				C2DB225F190B298700BBC93C /* QuickTime.framework in Frameworks */,
				00B784B30FF439BC000DE1D7 /* Accelerate.framework in Frameworks */,
				8D11072F0486CEB800E47090 /* Cocoa.framework in Frameworks */,
				0091D8F90E81B9330029341E /* OpenGL.framework in Frameworks */,
				5323E6B20EAFCA74003A9687 /* CoreVideo.framework in Frameworks */,
				5323E6B60EAFCA7E003A9687 /* QTKit.framework in Frameworks */,
				00B784B40FF439BC000DE1D7 /* AudioToolbox.framework in Frameworks */,
				00B784B50FF439BC000DE1D7 /* AudioUnit.framework in Frameworks */,
				00B784B60FF439BC000DE1D7 /* CoreAudio.framework in Frameworks */,
				C2E337BE1A47604100A51015 /* libcinder_d.a in Frameworks */,
			);
			runOnlyForDeploymentPostprocessing = 0;
		};
		C20BB33B1910569C00884EB2 /* Frameworks */ = {
			isa = PBXFrameworksBuildPhase;
			buildActionMask = 2147483647;
			files = (
				C2F86B0119AE7BCE00FA7D3A /* libboost_thread.a in Frameworks */,
				C276525E1915EA1400EA3B55 /* Accelerate.framework in Frameworks */,
				C276525B1915E9CB00EA3B55 /* CoreVideo.framework in Frameworks */,
				C27652591915E9AB00EA3B55 /* OpenGL.framework in Frameworks */,
				C27652571915E99200EA3B55 /* CoreAudioKit.framework in Frameworks */,
				C27652551915E99100EA3B55 /* CoreAudio.framework in Frameworks */,
				C27652531915E97000EA3B55 /* AudioToolbox.framework in Frameworks */,
				C27652541915E97000EA3B55 /* AudioUnit.framework in Frameworks */,
				C27652521915E95800EA3B55 /* QTKit.framework in Frameworks */,
				C27652501915E94200EA3B55 /* Cocoa.framework in Frameworks */,
				C276524F1915E93300EA3B55 /* CoreFoundation.framework in Frameworks */,
				C276524D1915E90A00EA3B55 /* QuickTime.framework in Frameworks */,
				C20BB351191059BC00884EB2 /* gtest.framework in Frameworks */,
			);
			runOnlyForDeploymentPostprocessing = 0;
		};
/* End PBXFrameworksBuildPhase section */

/* Begin PBXGroup section */
		1058C7A0FEA54F0111CA2CBB /* Linked Frameworks */ = {
			isa = PBXGroup;
			children = (
				00B784AF0FF439BC000DE1D7 /* Accelerate.framework */,
				00B784B00FF439BC000DE1D7 /* AudioToolbox.framework */,
				00B784B10FF439BC000DE1D7 /* AudioUnit.framework */,
				00B784B20FF439BC000DE1D7 /* CoreAudio.framework */,
				5323E6B50EAFCA7E003A9687 /* QTKit.framework */,
				5323E6B10EAFCA74003A9687 /* CoreVideo.framework */,
				0091D8F80E81B9330029341E /* OpenGL.framework */,
				1058C7A1FEA54F0111CA2CBB /* Cocoa.framework */,
			);
			name = "Linked Frameworks";
			sourceTree = "<group>";
		};
		1058C7A2FEA54F0111CA2CBB /* Other Frameworks */ = {
			isa = PBXGroup;
			children = (
				29B97324FDCFA39411CA2CEA /* AppKit.framework */,
				29B97325FDCFA39411CA2CEA /* Foundation.framework */,
			);
			name = "Other Frameworks";
			sourceTree = "<group>";
		};
		19C28FACFE9D520D11CA2CBB /* Products */ = {
			isa = PBXGroup;
			children = (
				8D1107320486CEB800E47090 /* XcVisible.app */,
				C20BB33E1910569C00884EB2 /* gutc */,
			);
			name = Products;
			sourceTree = "<group>";
		};
		29B97314FDCFA39411CA2CEA /* SamplePlayerTest */ = {
			isa = PBXGroup;
			children = (
				C2CFCC521A55E39B0024D805 /* libopencv_ml.dylib */,
				C2CFCC4E1A55E3330024D805 /* libopencv_calib3d.dylib */,
				C2663DC1192AB062004986A4 /* ut_sm.hpp */,
				C2BBC46B19A9B5EB001BAA41 /* basic_ut.hpp */,
				C209870E196A0C1A005325A2 /* ut_qtime.cpp */,
				C2FB26FB1921C943003A48B7 /* cv_debug.xcconfig */,
				C2D713EC19171B49009C503B /* Resources.h */,
				C2D713ED19171B49009C503B /* data.txt */,
				C2D713EA19171AFC009C503B /* assets */,
				C2765232191568C400EA3B55 /* cv_release.xcconfig */,
				C21733FB190B175500A01365 /* cvisible */,
				29B97317FDCFA39411CA2CEA /* Resources */,
				C20BB33F1910569C00884EB2 /* xctest */,
				29B97323FDCFA39411CA2CEA /* Frameworks */,
				19C28FACFE9D520D11CA2CBB /* Products */,
			);
			name = SamplePlayerTest;
			sourceTree = "<group>";
		};
		29B97317FDCFA39411CA2CEA /* Resources */ = {
			isa = PBXGroup;
			children = (
				C2E78DF6190B32C000F586E2 /* cash_satisfied_mind.mp3 */,
				C2DB2262190B2F3400BBC93C /* Resources.h */,
				459C1BCAC77D495892F10286 /* Info.plist */,
			);
			name = Resources;
			sourceTree = "<group>";
		};
		29B97323FDCFA39411CA2CEA /* Frameworks */ = {
			isa = PBXGroup;
			children = (
				C26D7E5E1A58012000951038 /* libboost_system.a */,
				C273D6AC1A532AB100F61528 /* vfi386.framework */,
				C2C41C901A50FDE600BBB583 /* libopencv_legacy.dylib */,
				C2C41C8E1A50FDD700BBB583 /* libopencv_photo.dylib */,
				C2C41C8C1A50FDCB00BBB583 /* libopencv_video.dylib */,
				C2C41C8A1A50FD2F00BBB583 /* libopencv_ml.dylib */,
				C2C41C881A50FCCB00BBB583 /* libopencv_calib3d.dylib */,
				C2C41C861A50FC3900BBB583 /* libopencv_features2d.dylib */,
				C2C41C841A50FB5100BBB583 /* libopencv_flann.dylib */,
				C2C41C821A50F8DD00BBB583 /* libopencv_objdetect.dylib */,
				C2C41C7C1A50F8C800BBB583 /* libopencv_gpu.dylib */,
				C2C41C7D1A50F8C800BBB583 /* libopencv_highgui.dylib */,
				C2C41C7E1A50F8C800BBB583 /* libopencv_imgproc.dylib */,
				C2C41C791A50B79000BBB583 /* libopencv_core.dylib */,
				C2F86B0019AE7BCE00FA7D3A /* libboost_thread.a */,
				C2BBC47219AD7A2B001BAA41 /* libboost_date_time.a */,
				C2BBC47319AD7A2B001BAA41 /* libboost_filesystem.a */,
				C2BBC47419AD7A2B001BAA41 /* libz.a */,
				C2A2BE98193055F9003337D7 /* vfi386.framework */,
				C276525A1915E9CB00EA3B55 /* CoreVideo.framework */,
				C27652581915E9AB00EA3B55 /* OpenGL.framework */,
				C27652561915E99200EA3B55 /* CoreAudioKit.framework */,
				C27652511915E95800EA3B55 /* QTKit.framework */,
				C276524E1915E93300EA3B55 /* CoreFoundation.framework */,
				C27652461915E85400EA3B55 /* Cocoa.framework */,
				C27652431915E25700EA3B55 /* libcinder_d.a */,
				C20BB350191059BC00884EB2 /* gtest.framework */,
				C20BB34E1910599400884EB2 /* vfi386_d.framework */,
				C20BB34A1910593A00884EB2 /* gtest.framework */,
				C2DB225E190B298700BBC93C /* QuickTime.framework */,
				C2DB225C190B296A00BBC93C /* Carbon.framework */,
				1058C7A0FEA54F0111CA2CBB /* Linked Frameworks */,
				1058C7A2FEA54F0111CA2CBB /* Other Frameworks */,
			);
			name = Frameworks;
			sourceTree = "<group>";
		};
		C20BB33F1910569C00884EB2 /* xctest */ = {
			isa = PBXGroup;
			children = (
				C20BB3471910577D00884EB2 /* ut_file.hpp */,
			);
			name = xctest;
			path = gutc;
			sourceTree = "<group>";
		};
		C21733FB190B175500A01365 /* cvisible */ = {
			isa = PBXGroup;
			children = (
				C2BBC47119AD77C2001BAA41 /* ut_qtime.h */,
				C2BBC47019AD2AE5001BAA41 /* static.hpp */,
				C2BBC46F19ABC88B001BAA41 /* signaler.h */,
				C2BBC46E19ABC636001BAA41 /* timing.hpp */,
				C2BBC46C19ABA2A1001BAA41 /* base_signaler.h */,
				C2A1B0FA19A548DE00FF6022 /* frame.h */,
				C2A1B0F919A5488900FF6022 /* rpixel.hpp */,
				C2A1B0F819A42A4C00FF6022 /* config.h */,
				C2A1B0F619A427B000FF6022 /* time_spec.cpp */,
				C2A1B0F4199D516700FF6022 /* image_correlation.cpp */,
				C2A1B0F0199D4DDD00FF6022 /* image_correlation.h */,
				C2A1B0F1199D4DDD00FF6022 /* row_func.h */,
				C2A1B0F2199D4DDD00FF6022 /* simple_pair.h */,
				C2A1B0F3199D4DDD00FF6022 /* sshist.hpp */,
				C2A1B0EE199D4DC000FF6022 /* rowfuncs.cpp */,
				C2A1B0ED199C62BC00FF6022 /* self_similarity.h */,
				C2A1B0EB199C62AF00FF6022 /* self_similarity.cpp */,
				C2A1B0EA199C3CEC00FF6022 /* exception.hpp */,
				C2A1B0E8199C3CE000FF6022 /* exception.cpp */,
				C2A1B0E7199C18C200FF6022 /* cache_grabber.h */,
				C2A1B0E6199C16A800FF6022 /* grabber.h */,
				C2A1B0E5199BD61500FF6022 /* roi_window.h */,
				C2A1B0E3199BD60500FF6022 /* roi_window.cpp */,
				C2A1B0E2198B015300FF6022 /* awb.hpp */,
				C2F100A119745B960070BB7B /* cached_frame_buffer.h */,
				C2F1009F19745B860070BB7B /* cached_frame_buffer.cpp */,
				C2F1009E1974595A0070BB7B /* qtime_cache.h */,
				C20986A9196357CB005325A2 /* gutc.cpp */,
				C209869D195CF8C8005325A2 /* dict.ipp */,
				C2631598195CC0A800CF71B1 /* qtime_cache.cpp */,
				C2A3268019550CDA007A35E6 /* stl_util.hpp */,
				C283D7161943DB3000AC68BE /* iclip.hpp */,
				C283D715194254BD00AC68BE /* vf_types.h */,
				C2BBC46A19A7C99B001BAA41 /* vf_math.h */,
				C2E0EEB3194245F3003394C7 /* InteractiveObject.cpp */,
				C2E0EEB2194245E4003394C7 /* InteractiveObject.h */,
				C242F57E192927F9000FEAAB /* vf_image_conversions.hpp */,
				C236E0AC19291C2A0035C2F5 /* vf_qtime_grabber.cpp */,
				C236E0AA19291A2D0035C2F5 /* vf_cinder_qtime_grabber_impl.hpp */,
				C236E0AB19291A2D0035C2F5 /* vf_cinder_qtime_grabber.h */,
				C236E0A519290E260035C2F5 /* vf_sm_producer_impl.h */,
				C236E0A619290E260035C2F5 /* vf_sm_producer.h */,
				C236E0A319290BCF0035C2F5 /* vf_source.cpp */,
				C2371C2A192424F8005114B1 /* vf_imagegrabber.hpp */,
				C2D713FB191C47A1009C503B /* visible_app.h */,
				C2A3267F1952582D007A35E6 /* visible_main.h */,
				C283D71919468A1000AC68BE /* ui_contexts.h */,
				C2BBC46719A5A048001BAA41 /* ut_frame.hpp */,
				C2D713F1191978D0009C503B /* AudioDrawUtils.h */,
				C20BB3391910508E00884EB2 /* vf_utils.hpp */,
				C20BB33819102F5A00884EB2 /* vf_cinder.hpp */,
				C2BBC46919A5ACB5001BAA41 /* vf_qtime_cache_impl.hpp */,
				C20986A0195D159E005325A2 /* vf_cinder_audio2.hpp */,
				C21733FC190B175500A01365 /* AudioDrawUtils.cpp */,
				C21733FD190B175500A01365 /* cVisibleApp.cpp */,
				C283D71719460C6B00AC68BE /* visible_impl.cpp */,
				C2173400190B175500A01365 /* VisibleApp.cpp */,
			);
			name = cvisible;
			path = ../src/cvisible;
			sourceTree = "<group>";
		};
/* End PBXGroup section */

/* Begin PBXNativeTarget section */
		8D1107260486CEB800E47090 /* XcVisible */ = {
			isa = PBXNativeTarget;
			buildConfigurationList = C01FCF4A08A954540054247B /* Build configuration list for PBXNativeTarget "XcVisible" */;
			buildPhases = (
				8D1107290486CEB800E47090 /* Resources */,
				8D11072C0486CEB800E47090 /* Sources */,
				8D11072E0486CEB800E47090 /* Frameworks */,
				C2A2BE9A19305642003337D7 /* CopyFiles */,
				C273D6BE1A54589900F61528 /* fix install names */,
			);
			buildRules = (
			);
			dependencies = (
			);
			name = XcVisible;
			productInstallPath = "$(HOME)/Applications";
			productName = SamplePlayerTest;
			productReference = 8D1107320486CEB800E47090 /* XcVisible.app */;
			productType = "com.apple.product-type.application";
		};
		C20BB33D1910569C00884EB2 /* gutc */ = {
			isa = PBXNativeTarget;
			buildConfigurationList = C20BB3441910569C00884EB2 /* Build configuration list for PBXNativeTarget "gutc" */;
			buildPhases = (
				C20BB33A1910569C00884EB2 /* Sources */,
				C20BB33B1910569C00884EB2 /* Frameworks */,
				C23E89AE1912896B00AE27A3 /* ShellScript */,
				C2D713E719171AD8009C503B /* Resources */,
			);
			buildRules = (
			);
			dependencies = (
			);
			name = gutc;
			productName = gutc;
			productReference = C20BB33E1910569C00884EB2 /* gutc */;
			productType = "com.apple.product-type.tool";
		};
/* End PBXNativeTarget section */

/* Begin PBXProject section */
		29B97313FDCFA39411CA2CEA /* Project object */ = {
			isa = PBXProject;
			attributes = {
				LastUpgradeCheck = 0500;
			};
			buildConfigurationList = C01FCF4E08A954540054247B /* Build configuration list for PBXProject "XcVisible" */;
			compatibilityVersion = "Xcode 3.2";
			developmentRegion = English;
			hasScannedForEncodings = 1;
			knownRegions = (
				English,
				Japanese,
				French,
				German,
			);
			mainGroup = 29B97314FDCFA39411CA2CEA /* SamplePlayerTest */;
			projectDirPath = "";
			projectRoot = "";
			targets = (
				8D1107260486CEB800E47090 /* XcVisible */,
				C20BB33D1910569C00884EB2 /* gutc */,
			);
		};
/* End PBXProject section */

/* Begin PBXResourcesBuildPhase section */
		8D1107290486CEB800E47090 /* Resources */ = {
			isa = PBXResourcesBuildPhase;
			buildActionMask = 2147483647;
			files = (
				C2D713EE19171B49009C503B /* Resources.h in Resources */,
				C2D713EF19171B49009C503B /* data.txt in Resources */,
				C2FB26FC1921C943003A48B7 /* cv_debug.xcconfig in Resources */,
				C209869E195CF8C8005325A2 /* dict.ipp in Resources */,
			);
			runOnlyForDeploymentPostprocessing = 0;
		};
		C2D713E719171AD8009C503B /* Resources */ = {
			isa = PBXResourcesBuildPhase;
			buildActionMask = 2147483647;
			files = (
				C2D713EB19171AFC009C503B /* assets in Resources */,
				C209869F195CF8C8005325A2 /* dict.ipp in Resources */,
			);
			runOnlyForDeploymentPostprocessing = 0;
		};
/* End PBXResourcesBuildPhase section */

/* Begin PBXShellScriptBuildPhase section */
		C23E89AE1912896B00AE27A3 /* ShellScript */ = {
			isa = PBXShellScriptBuildPhase;
			buildActionMask = 2147483647;
			files = (
			);
			inputPaths = (
			);
			outputPaths = (
			);
			runOnlyForDeploymentPostprocessing = 0;
			shellPath = /bin/bash;
			shellScript = "#!/bin/bash\n\nGUTPATH=${CONFIGURATION_BUILD_DIR}/${PRODUCT_NAME}\necho $GUTPATH\nFRAMEWORK_DIR=@executable_path/../Frameworks\nCURRENT=Versions/Current\n\n# get current rpath for vfi386\nCURNAME=`otool -L $GUTPATH | grep ${VF_NAME/%.framework/} | sed -e 's/([^()]*)//g'`\necho $CURNAME\n# switch to using Frameworks of off build_dir\ninstall_name_tool -change $CURNAME \"${FRAMEWORK_DIR}/$VF_NAME.framework/$CURRENT/$VF_NAME\" $GUTPATH \n\n# get current rpath for gtest\nCURNAME=`otool -L $GUTPATH | grep gtest | sed -e 's/([^()]*)//g'`\necho $CURNAME\n# switch to using Frameworks of off build_dir\ninstall_name_tool -change $CURNAME \"${FRAMEWORK_DIR}/gtest.framework/$CURRENT/gtest\" $GUTPATH\n";
		};
		C273D6BE1A54589900F61528 /* fix install names */ = {
			isa = PBXShellScriptBuildPhase;
			buildActionMask = 2147483647;
			files = (
			);
			inputPaths = (
			);
			name = "fix install names";
			outputPaths = (
			);
			runOnlyForDeploymentPostprocessing = 0;
			shellPath = /bin/bash;
			shellScript = "/Users/arman/Documents/xvisible/scripts/xvisible_install_fix.sh\n";
		};
/* End PBXShellScriptBuildPhase section */

/* Begin PBXSourcesBuildPhase section */
		8D11072C0486CEB800E47090 /* Sources */ = {
			isa = PBXSourcesBuildPhase;
			buildActionMask = 2147483647;
			files = (
				C2DB2261190B2CCB00BBC93C /* VisibleApp.cpp in Sources */,
				C2F100A3197473D10070BB7B /* qtime_cache.cpp in Sources */,
				C283D71819460C6B00AC68BE /* visible_impl.cpp in Sources */,
				C2E337BA1A475ED700A51015 /* time_spec.cpp in Sources */,
				C2F100A019745B860070BB7B /* cached_frame_buffer.cpp in Sources */,
				C2E0EEB4194245F3003394C7 /* InteractiveObject.cpp in Sources */,
			);
			runOnlyForDeploymentPostprocessing = 0;
		};
		C20BB33A1910569C00884EB2 /* Sources */ = {
			isa = PBXSourcesBuildPhase;
			buildActionMask = 2147483647;
			files = (
				C263159A195CC0A800CF71B1 /* qtime_cache.cpp in Sources */,
				C2A1B0EF199D4DC000FF6022 /* rowfuncs.cpp in Sources */,
				C2A1B0E4199BD60500FF6022 /* roi_window.cpp in Sources */,
				C209870F196A0C1A005325A2 /* ut_qtime.cpp in Sources */,
				C2F100A2197471A90070BB7B /* cached_frame_buffer.cpp in Sources */,
				C2BBC46819A5A048001BAA41 /* ut_frame.hpp in Sources */,
				C2BBC46D19ABA9B5001BAA41 /* vf_source.cpp in Sources */,
				C2A1B0E9199C3CE000FF6022 /* exception.cpp in Sources */,
				C2A1B0F719A427B000FF6022 /* time_spec.cpp in Sources */,
				C20986AA196357CB005325A2 /* gutc.cpp in Sources */,
				C2A1B0F5199D516700FF6022 /* image_correlation.cpp in Sources */,
				C2A1B0EC199C62AF00FF6022 /* self_similarity.cpp in Sources */,
				C20BB3481910577D00884EB2 /* ut_file.hpp in Sources */,
			);
			runOnlyForDeploymentPostprocessing = 0;
		};
/* End PBXSourcesBuildPhase section */

/* Begin XCBuildConfiguration section */
		C01FCF4B08A954540054247B /* Debug */ = {
			isa = XCBuildConfiguration;
			baseConfigurationReference = C2FB26FB1921C943003A48B7 /* cv_debug.xcconfig */;
			buildSettings = {
				FRAMEWORK_SEARCH_PATHS = (
					"$(inherited)",
					"$(BUILD_DIR)/Frameworks",
					/Users/arman/gwc/vqt105/visibleqt105/build/Frameworks,
					/Users/arman/Documents/xvisible/build/Frameworks,
					/Users/arman/Documents/xvisible/build/Release,
				);
				GCC_PRECOMPILE_PREFIX_HEADER = YES;
				GCC_VERSION = "";
				HEADER_SEARCH_PATHS = (
					"$(CINDER_PATH)/include",
					"$(BOOST_PATH)",
					"$(OPENCV_PATH)/include",
					"$(GTEST_PATH)/include",
					"$(SRCROOT)/include/cvisible",
					"$(TEST_DIR)/include",
					"$(RESOURCE_DIR)",
				);
				LIBRARY_SEARCH_PATHS = (
					"$(GTEST_PATH)/build/Release",
					"$(OPENCV_PATH)/lib",
					"$(CINDER_PATH)/lib/macosx",
					"$(CINDER_PATH)/lib",
					/Users/arman/gwc/vqt105/visibleqt105/usr/local/Cinder/lib/Debug,
					/Users/arman/Documents/xvisible/usr/local/OpenCv_2.4_i386/lib/Release,
					"/Users/arman/Documents/xvisible/usr/local/cinder/cinder_0.8-2.6_mac/lib/macosx",
				);
				OTHER_LDFLAGS = "-lcinder_d";
				PRODUCT_NAME = XcVisible;
				SDKROOT = macosx10.10;
				VALID_ARCHS = "i386 x86_64";
				WARNING_CFLAGS = "";
				WRAPPER_EXTENSION = app;
			};
			name = Debug;
		};
		C01FCF4C08A954540054247B /* Release */ = {
			isa = XCBuildConfiguration;
			baseConfigurationReference = C2765232191568C400EA3B55 /* cv_release.xcconfig */;
			buildSettings = {
				DEBUG_INFORMATION_FORMAT = "dwarf-with-dsym";
				FRAMEWORK_SEARCH_PATHS = (
					"$(inherited)",
					"$(BUILD_DIR)/Frameworks",
					/Users/arman/gwc/vqt105/visibleqt105/build/Frameworks,
					/Users/arman/Documents/xvisible/build/Frameworks,
					/Users/arman/Documents/xvisible/build/Release,
				);
				GCC_PRECOMPILE_PREFIX_HEADER = YES;
				GCC_VERSION = "";
				HEADER_SEARCH_PATHS = (
					"$(CINDER_PATH)/include",
					"$(BOOST_PATH)",
					"$(OPENCV_PATH)/include",
					"$(GTEST_PATH)/include",
					"$(SRCROOT)/include/cvisible",
					"$(TEST_DIR)/include",
					"$(RESOURCE_DIR)",
				);
				LIBRARY_SEARCH_PATHS = (
					"$(GTEST_PATH)/build/Release",
					"$(OPENCV_PATH)/lib",
					"$(CINDER_PATH)/lib/macosx",
					"$(CINDER_PATH)/lib",
					/Users/arman/gwc/vqt105/visibleqt105/usr/local/Cinder/lib/Debug,
					/Users/arman/Documents/xvisible/usr/local/OpenCv_2.4_i386/lib/Release,
					"/Users/arman/Documents/xvisible/usr/local/cinder/cinder_0.8-2.6_mac/lib/macosx",
				);
				OTHER_LDFLAGS = "-lcinder";
				PRODUCT_NAME = XcVisible;
				SDKROOT = macosx10.10;
				VALID_ARCHS = "i386 x86_64";
				WARNING_CFLAGS = "";
				WRAPPER_EXTENSION = app;
			};
			name = Release;
		};
		C01FCF4F08A954540054247B /* Debug */ = {
			isa = XCBuildConfiguration;
			buildSettings = {
				GCC_WARN_UNUSED_VARIABLE = YES;
				MACH_O_TYPE = mh_execute;
				OBJROOT = "$(SYMROOT)/Intermediates";
				SDKROOT = macosx10.9;
				VF_NAME = vfi386_d;
			};
			name = Debug;
		};
		C01FCF5008A954540054247B /* Release */ = {
			isa = XCBuildConfiguration;
			buildSettings = {
				GCC_WARN_UNUSED_VARIABLE = YES;
				MACH_O_TYPE = mh_execute;
				OBJROOT = "$(SYMROOT)/Intermediates";
				SDKROOT = macosx10.9;
				VF_NAME = vfi386;
			};
			name = Release;
		};
		C20BB3451910569C00884EB2 /* Debug */ = {
			isa = XCBuildConfiguration;
			baseConfigurationReference = C2FB26FB1921C943003A48B7 /* cv_debug.xcconfig */;
			buildSettings = {
				ARCHS = "$(ARCHS_STANDARD_32_BIT)";
				CLANG_ENABLE_MODULES = YES;
				CLANG_ENABLE_OBJC_ARC = YES;
				CLANG_WARN_BOOL_CONVERSION = YES;
				CLANG_WARN_CONSTANT_CONVERSION = YES;
				CLANG_WARN_DIRECT_OBJC_ISA_USAGE = YES_ERROR;
				CLANG_WARN_EMPTY_BODY = YES;
				CLANG_WARN_ENUM_CONVERSION = YES;
				CLANG_WARN_INT_CONVERSION = YES;
				CLANG_WARN_OBJC_ROOT_CLASS = YES_ERROR;
				CLANG_WARN__DUPLICATE_METHOD_MATCH = YES;
				GCC_DYNAMIC_NO_PIC = NO;
				GCC_ENABLE_OBJC_EXCEPTIONS = YES;
				GCC_PREPROCESSOR_DEFINITIONS = "__ASSERT_MACROS_DEFINE_VERSIONS_WITHOUT_UNDERSCORES=0";
				GCC_SYMBOLS_PRIVATE_EXTERN = NO;
				GCC_WARN_64_TO_32_BIT_CONVERSION = YES;
				GCC_WARN_ABOUT_RETURN_TYPE = YES_ERROR;
				GCC_WARN_UNDECLARED_SELECTOR = YES;
				GCC_WARN_UNINITIALIZED_AUTOS = YES_AGGRESSIVE;
				GCC_WARN_UNUSED_FUNCTION = YES;
				HEADER_SEARCH_PATHS = (
					"$(CINDER_PATH)/include",
					"$(CINDER_PATH)/ciUI",
					"$(BOOST_INCLUDE)",
					"$(OPENCV_PATH)/include",
					"$(GTEST_PATH)/include",
					"$(SRCROOT)/include/cvisible",
					"$(TEST_DIR)/include",
					"$(RESOURCE_DIR)",
				);
				LIBRARY_SEARCH_PATHS = (
					"$(BOOST_PATH)/lib",
					"$(GTEST_PATH)/build/Release",
					"$(OPENCV_PATH)/lib",
					"$(CINDER_PATH)/lib",
					"$(CINDER_PATH)/lib/macosx",
				);
				OBJROOT = "$(BUILD_ROOT)/Intermediates";
				ONLY_ACTIVE_ARCH = NO;
				OTHER_LDFLAGS = "-lcinder_d ";
				PRODUCT_NAME = "$(TARGET_NAME)";
				SDKROOT = macosx10.9;
			};
			name = Debug;
		};
		C20BB3461910569C00884EB2 /* Release */ = {
			isa = XCBuildConfiguration;
			baseConfigurationReference = C2765232191568C400EA3B55 /* cv_release.xcconfig */;
			buildSettings = {
				ARCHS = "$(ARCHS_STANDARD_32_BIT)";
				CLANG_ENABLE_MODULES = YES;
				CLANG_ENABLE_OBJC_ARC = YES;
				CLANG_WARN_BOOL_CONVERSION = YES;
				CLANG_WARN_CONSTANT_CONVERSION = YES;
				CLANG_WARN_DIRECT_OBJC_ISA_USAGE = YES_ERROR;
				CLANG_WARN_EMPTY_BODY = YES;
				CLANG_WARN_ENUM_CONVERSION = YES;
				CLANG_WARN_INT_CONVERSION = YES;
				CLANG_WARN_OBJC_ROOT_CLASS = YES_ERROR;
				CLANG_WARN__DUPLICATE_METHOD_MATCH = YES;
				DEBUG_INFORMATION_FORMAT = "dwarf-with-dsym";
				GCC_ENABLE_OBJC_EXCEPTIONS = YES;
				GCC_PREPROCESSOR_DEFINITIONS = "__ASSERT_MACROS_DEFINE_VERSIONS_WITHOUT_UNDERSCORES=0";
				GCC_WARN_64_TO_32_BIT_CONVERSION = YES;
				GCC_WARN_ABOUT_RETURN_TYPE = YES_ERROR;
				GCC_WARN_UNDECLARED_SELECTOR = YES;
				GCC_WARN_UNINITIALIZED_AUTOS = YES_AGGRESSIVE;
				GCC_WARN_UNUSED_FUNCTION = YES;
				HEADER_SEARCH_PATHS = (
					"$(CINDER_PATH)/include",
					"$(CINDER_PATH)/ciUI",
					"$(BOOST_INCLUDE)",
					"$(OPENCV_PATH)/include",
					"$(GTEST_PATH)/include",
					"$(SRCROOT)/include/cvisible",
					"$(TEST_DIR)/include",
					"$(RESOURCE_DIR)",
				);
				LIBRARY_SEARCH_PATHS = (
					"$(BOOST_PATH)/lib",
					"$(GTEST_PATH)/build/Release",
					"$(OPENCV_PATH)/lib",
					"$(CINDER_PATH)/lib",
					"$(CINDER_PATH)/lib/macosx",
				);
				OBJROOT = "$(BUILD_ROOT)/Intermediates";
				OTHER_LDFLAGS = "-lcinder";
				PRODUCT_NAME = "$(TARGET_NAME)";
				SDKROOT = macosx10.9;
			};
			name = Release;
		};
/* End XCBuildConfiguration section */

/* Begin XCConfigurationList section */
		C01FCF4A08A954540054247B /* Build configuration list for PBXNativeTarget "XcVisible" */ = {
			isa = XCConfigurationList;
			buildConfigurations = (
				C01FCF4B08A954540054247B /* Debug */,
				C01FCF4C08A954540054247B /* Release */,
			);
			defaultConfigurationIsVisible = 0;
			defaultConfigurationName = Debug;
		};
		C01FCF4E08A954540054247B /* Build configuration list for PBXProject "XcVisible" */ = {
			isa = XCConfigurationList;
			buildConfigurations = (
				C01FCF4F08A954540054247B /* Debug */,
				C01FCF5008A954540054247B /* Release */,
			);
			defaultConfigurationIsVisible = 0;
			defaultConfigurationName = Debug;
		};
		C20BB3441910569C00884EB2 /* Build configuration list for PBXNativeTarget "gutc" */ = {
			isa = XCConfigurationList;
			buildConfigurations = (
				C20BB3451910569C00884EB2 /* Debug */,
				C20BB3461910569C00884EB2 /* Release */,
			);
			defaultConfigurationIsVisible = 0;
			defaultConfigurationName = Debug;
		};
/* End XCConfigurationList section */
	};
	rootObject = 29B97313FDCFA39411CA2CEA /* Project object */;
}
