// !$*UTF8*$!
{
	archiveVersion = 1;
	classes = {
	};
	objectVersion = 46;
	objects = {

/* Begin PBXBuildFile section */
		0091D8F90E81B9330029341E /* OpenGL.framework in Frameworks */ = {isa = PBXBuildFile; fileRef = 0091D8F80E81B9330029341E /* OpenGL.framework */; };
		0097E3E50F3E9819005A4392 /* QuickTime.framework in Frameworks */ = {isa = PBXBuildFile; fileRef = 0097E3E40F3E9819005A4392 /* QuickTime.framework */; };
		00BAE65A0E7ED9C10018A608 /* ciUIAllWidgetsApp.cpp in Sources */ = {isa = PBXBuildFile; fileRef = 00BAE6590E7ED9C10018A608 /* ciUIAllWidgetsApp.cpp */; };
		00CCAF15116A9FEE008396D5 /* cinder_app in Resources */ = {isa = PBXBuildFile; fileRef = 00CCAF14116A9FEE008396D5 /* cinder_app */; };
		5323E6B20EAFCA74003A9687 /* CoreVideo.framework in Frameworks */ = {isa = PBXBuildFile; fileRef = 5323E6B10EAFCA74003A9687 /* CoreVideo.framework */; };
		5323E6B60EAFCA7E003A9687 /* QTKit.framework in Frameworks */ = {isa = PBXBuildFile; fileRef = 5323E6B50EAFCA7E003A9687 /* QTKit.framework */; };
		53E3CDFC0E86099300238D2B /* Carbon.framework in Frameworks */ = {isa = PBXBuildFile; fileRef = 53E3CDFB0E86099300238D2B /* Carbon.framework */; };
		8D11072F0486CEB800E47090 /* Cocoa.framework in Frameworks */ = {isa = PBXBuildFile; fileRef = 1058C7A1FEA54F0111CA2CBB /* Cocoa.framework */; };
		C21733AE1908B81D00A01365 /* libcinder_d.a in Frameworks */ = {isa = PBXBuildFile; fileRef = C2ADE5451905F6E90083564A /* libcinder_d.a */; };
		C21733AF1908B83300A01365 /* vfi386_d.framework in Frameworks */ = {isa = PBXBuildFile; fileRef = C2ADE537190476FD0083564A /* vfi386_d.framework */; };
		C21733BD1909A9B300A01365 /* gtest.framework in Frameworks */ = {isa = PBXBuildFile; fileRef = C21733BC1909A9B300A01365 /* gtest.framework */; };
		C21733C41909AE0300A01365 /* gutc.cpp in Sources */ = {isa = PBXBuildFile; fileRef = C21733C21909ADEA00A01365 /* gutc.cpp */; };
		C2ADE538190476FD0083564A /* vfi386_d.framework in Frameworks */ = {isa = PBXBuildFile; fileRef = C2ADE537190476FD0083564A /* vfi386_d.framework */; };
		C2ADE53C1904D2100083564A /* vfi386_d.framework in CopyFiles */ = {isa = PBXBuildFile; fileRef = C2ADE537190476FD0083564A /* vfi386_d.framework */; };
		C2ADE5471905F75A0083564A /* Accelerate.framework in Frameworks */ = {isa = PBXBuildFile; fileRef = 00B784AF0FF439BC000DE1D7 /* Accelerate.framework */; };
		C2ADE5481905F75A0083564A /* AudioToolbox.framework in Frameworks */ = {isa = PBXBuildFile; fileRef = 00B784B00FF439BC000DE1D7 /* AudioToolbox.framework */; };
		C2ADE5491905F75A0083564A /* AudioUnit.framework in Frameworks */ = {isa = PBXBuildFile; fileRef = 00B784B10FF439BC000DE1D7 /* AudioUnit.framework */; };
		C2ADE54A1905F75A0083564A /* CoreAudio.framework in Frameworks */ = {isa = PBXBuildFile; fileRef = 00B784B20FF439BC000DE1D7 /* CoreAudio.framework */; };
		C2ADE587190726730083564A /* vf_movieconverter.cpp in Sources */ = {isa = PBXBuildFile; fileRef = C2ADE585190726730083564A /* vf_movieconverter.cpp */; };
		C2ADE588190726730083564A /* vf_qtime_grabber.cpp in Sources */ = {isa = PBXBuildFile; fileRef = C2ADE586190726730083564A /* vf_qtime_grabber.cpp */; };
		F540114E15A7735A00465A6C /* NewMedia Fett.ttf in Resources */ = {isa = PBXBuildFile; fileRef = F540114015A7735A00465A6C /* NewMedia Fett.ttf */; };
		F540114F15A7735A00465A6C /* play.png in Resources */ = {isa = PBXBuildFile; fileRef = F540114115A7735A00465A6C /* play.png */; };
		F540115015A7735A00465A6C /* sliderhandle.png in Resources */ = {isa = PBXBuildFile; fileRef = F540114215A7735A00465A6C /* sliderhandle.png */; };
		F540115115A7735A00465A6C /* sliderhandledown.png in Resources */ = {isa = PBXBuildFile; fileRef = F540114315A7735A00465A6C /* sliderhandledown.png */; };
		F540115215A7735A00465A6C /* sliderprogress.png in Resources */ = {isa = PBXBuildFile; fileRef = F540114415A7735A00465A6C /* sliderprogress.png */; };
		F540115315A7735A00465A6C /* slidertrack.png in Resources */ = {isa = PBXBuildFile; fileRef = F540114515A7735A00465A6C /* slidertrack.png */; };
		F540115415A7735A00465A6C /* toggle.png in Resources */ = {isa = PBXBuildFile; fileRef = F540114615A7735A00465A6C /* toggle.png */; };
		F540115515A7735A00465A6C /* toggledown.png in Resources */ = {isa = PBXBuildFile; fileRef = F540114715A7735A00465A6C /* toggledown.png */; };
		F540115615A7735A00465A6C /* toggleon.png in Resources */ = {isa = PBXBuildFile; fileRef = F540114815A7735A00465A6C /* toggleon.png */; };
		F540115715A7735A00465A6C /* toggleover.png in Resources */ = {isa = PBXBuildFile; fileRef = F540114915A7735A00465A6C /* toggleover.png */; };
		F540116315A774A900465A6C /* biorhythm.png in Resources */ = {isa = PBXBuildFile; fileRef = F540116215A774A900465A6C /* biorhythm.png */; };
/* End PBXBuildFile section */

/* Begin PBXCopyFilesBuildPhase section */
		C2ADE53B1904D1ED0083564A /* CopyFiles */ = {
			isa = PBXCopyFilesBuildPhase;
			buildActionMask = 2147483647;
			dstPath = "";
			dstSubfolderSpec = 10;
			files = (
				C2ADE53C1904D2100083564A /* vfi386_d.framework in CopyFiles */,
			);
			runOnlyForDeploymentPostprocessing = 0;
		};
/* End PBXCopyFilesBuildPhase section */

/* Begin PBXFileReference section */
		0091D8F80E81B9330029341E /* OpenGL.framework */ = {isa = PBXFileReference; lastKnownFileType = wrapper.framework; name = OpenGL.framework; path = /System/Library/Frameworks/OpenGL.framework; sourceTree = "<absolute>"; };
		0097E3E40F3E9819005A4392 /* QuickTime.framework */ = {isa = PBXFileReference; lastKnownFileType = wrapper.framework; name = QuickTime.framework; path = /System/Library/Frameworks/QuickTime.framework; sourceTree = "<absolute>"; };
		00B784AF0FF439BC000DE1D7 /* Accelerate.framework */ = {isa = PBXFileReference; lastKnownFileType = wrapper.framework; name = Accelerate.framework; path = ../../../../../../../../../System/Library/Frameworks/Accelerate.framework; sourceTree = SDKROOT; };
		00B784B00FF439BC000DE1D7 /* AudioToolbox.framework */ = {isa = PBXFileReference; lastKnownFileType = wrapper.framework; name = AudioToolbox.framework; path = ../../../../../../../../../System/Library/Frameworks/AudioToolbox.framework; sourceTree = SDKROOT; };
		00B784B10FF439BC000DE1D7 /* AudioUnit.framework */ = {isa = PBXFileReference; lastKnownFileType = wrapper.framework; name = AudioUnit.framework; path = ../../../../../../../../../System/Library/Frameworks/AudioUnit.framework; sourceTree = SDKROOT; };
		00B784B20FF439BC000DE1D7 /* CoreAudio.framework */ = {isa = PBXFileReference; lastKnownFileType = wrapper.framework; name = CoreAudio.framework; path = ../../../../../../../../../System/Library/Frameworks/CoreAudio.framework; sourceTree = SDKROOT; };
		00BAE6590E7ED9C10018A608 /* ciUIAllWidgetsApp.cpp */ = {isa = PBXFileReference; fileEncoding = 4; lastKnownFileType = sourcecode.cpp.cpp; name = ciUIAllWidgetsApp.cpp; path = ../src/cvisible/ciUIAllWidgetsApp.cpp; sourceTree = SOURCE_ROOT; };
		00CCAF14116A9FEE008396D5 /* cinder_app */ = {isa = PBXFileReference; lastKnownFileType = folder; name = cinder_app; path = ../resources/cinder_app; sourceTree = SOURCE_ROOT; };
		1058C7A1FEA54F0111CA2CBB /* Cocoa.framework */ = {isa = PBXFileReference; lastKnownFileType = wrapper.framework; name = Cocoa.framework; path = /System/Library/Frameworks/Cocoa.framework; sourceTree = "<absolute>"; };
		13E42FB307B3F0F600E4EEF1 /* CoreData.framework */ = {isa = PBXFileReference; lastKnownFileType = wrapper.framework; name = CoreData.framework; path = /System/Library/Frameworks/CoreData.framework; sourceTree = "<absolute>"; };
		29B97324FDCFA39411CA2CEA /* AppKit.framework */ = {isa = PBXFileReference; lastKnownFileType = wrapper.framework; name = AppKit.framework; path = /System/Library/Frameworks/AppKit.framework; sourceTree = "<absolute>"; };
		29B97325FDCFA39411CA2CEA /* Foundation.framework */ = {isa = PBXFileReference; lastKnownFileType = wrapper.framework; name = Foundation.framework; path = /System/Library/Frameworks/Foundation.framework; sourceTree = "<absolute>"; };
		5323E6B10EAFCA74003A9687 /* CoreVideo.framework */ = {isa = PBXFileReference; lastKnownFileType = wrapper.framework; name = CoreVideo.framework; path = /System/Library/Frameworks/CoreVideo.framework; sourceTree = "<absolute>"; };
		5323E6B50EAFCA7E003A9687 /* QTKit.framework */ = {isa = PBXFileReference; lastKnownFileType = wrapper.framework; name = QTKit.framework; path = /System/Library/Frameworks/QTKit.framework; sourceTree = "<absolute>"; };
		53E3CDFB0E86099300238D2B /* Carbon.framework */ = {isa = PBXFileReference; lastKnownFileType = wrapper.framework; name = Carbon.framework; path = /System/Library/Frameworks/Carbon.framework; sourceTree = "<absolute>"; };
		8D1107310486CEB800E47090 /* Info.plist */ = {isa = PBXFileReference; fileEncoding = 4; lastKnownFileType = text.plist.xml; path = Info.plist; sourceTree = "<group>"; };
		8D1107320486CEB800E47090 /* CVisible.app */ = {isa = PBXFileReference; explicitFileType = wrapper.application; includeInIndex = 0; path = CVisible.app; sourceTree = BUILT_PRODUCTS_DIR; };
		C21733B519098F0000A01365 /* libc++.dylib */ = {isa = PBXFileReference; lastKnownFileType = "compiled.mach-o.dylib"; name = "libc++.dylib"; path = "usr/lib/libc++.dylib"; sourceTree = SDKROOT; };
		C21733B81909A67E00A01365 /* ut_file.hpp */ = {isa = PBXFileReference; fileEncoding = 4; lastKnownFileType = sourcecode.cpp.h; name = ut_file.hpp; path = ../test/vf_cvisible/ut_file.hpp; sourceTree = "<group>"; };
		C21733BC1909A9B300A01365 /* gtest.framework */ = {isa = PBXFileReference; lastKnownFileType = wrapper.framework; name = gtest.framework; path = ../usr/local/gtest/build/Debug/gtest.framework; sourceTree = "<group>"; };
		C21733C21909ADEA00A01365 /* gutc.cpp */ = {isa = PBXFileReference; lastKnownFileType = sourcecode.cpp.cpp; name = gutc.cpp; path = ../test/vf_cvisible/gutc.cpp; sourceTree = SOURCE_ROOT; };
		C21733C5190AAA9200A01365 /* sshist.hpp */ = {isa = PBXFileReference; fileEncoding = 4; lastKnownFileType = sourcecode.cpp.h; path = sshist.hpp; sourceTree = "<group>"; };
		C2ADE537190476FD0083564A /* vfi386_d.framework */ = {isa = PBXFileReference; lastKnownFileType = wrapper.framework; name = vfi386_d.framework; path = ../build/Debug/vfi386_d.framework; sourceTree = "<group>"; };
		C2ADE5451905F6E90083564A /* libcinder_d.a */ = {isa = PBXFileReference; lastKnownFileType = archive.ar; name = libcinder_d.a; path = ../usr/local/Cinder/lib/libcinder_d.a; sourceTree = "<group>"; };
		C2ADE5801907263D0083564A /* CVisble_Prefix.pch */ = {isa = PBXFileReference; fileEncoding = 4; lastKnownFileType = sourcecode.c.h; path = CVisble_Prefix.pch; sourceTree = "<group>"; };
		C2ADE5811907265F0083564A /* vf_cinder_qtime_grabber.h */ = {isa = PBXFileReference; fileEncoding = 4; lastKnownFileType = sourcecode.c.h; name = vf_cinder_qtime_grabber.h; path = ../include/cvisible/vf_cinder_qtime_grabber.h; sourceTree = "<group>"; };
		C2ADE5821907265F0083564A /* vf_imagegrabber.hpp */ = {isa = PBXFileReference; fileEncoding = 4; lastKnownFileType = sourcecode.cpp.h; name = vf_imagegrabber.hpp; path = ../include/cvisible/vf_imagegrabber.hpp; sourceTree = "<group>"; };
		C2ADE5831907265F0083564A /* vf_movieconverter.h */ = {isa = PBXFileReference; fileEncoding = 4; lastKnownFileType = sourcecode.c.h; name = vf_movieconverter.h; path = ../include/cvisible/vf_movieconverter.h; sourceTree = "<group>"; };
		C2ADE5841907265F0083564A /* vf_window.hpp */ = {isa = PBXFileReference; fileEncoding = 4; lastKnownFileType = sourcecode.cpp.h; name = vf_window.hpp; path = ../include/cvisible/vf_window.hpp; sourceTree = "<group>"; };
		C2ADE585190726730083564A /* vf_movieconverter.cpp */ = {isa = PBXFileReference; fileEncoding = 4; lastKnownFileType = sourcecode.cpp.cpp; name = vf_movieconverter.cpp; path = ../src/cvisible/vf_movieconverter.cpp; sourceTree = "<group>"; };
		C2ADE586190726730083564A /* vf_qtime_grabber.cpp */ = {isa = PBXFileReference; fileEncoding = 4; lastKnownFileType = sourcecode.cpp.cpp; name = vf_qtime_grabber.cpp; path = ../src/cvisible/vf_qtime_grabber.cpp; sourceTree = "<group>"; };
		C2ADE59219082E530083564A /* cimovinggraph.h */ = {isa = PBXFileReference; fileEncoding = 4; lastKnownFileType = sourcecode.c.h; name = cimovinggraph.h; path = ../include/cvisible/cimovinggraph.h; sourceTree = "<group>"; };
		C2ADE5B21908AD610083564A /* gutc */ = {isa = PBXFileReference; explicitFileType = "compiled.mach-o.executable"; includeInIndex = 0; path = gutc; sourceTree = BUILT_PRODUCTS_DIR; };
		F540111A15A7732F00465A6C /* ciUI.h */ = {isa = PBXFileReference; fileEncoding = 4; lastKnownFileType = sourcecode.c.h; name = ciUI.h; path = ../usr/local/Cinder/include/ciUI/ciUI.h; sourceTree = "<group>"; };
		F540111B15A7732F00465A6C /* ciUI2DPad.h */ = {isa = PBXFileReference; fileEncoding = 4; lastKnownFileType = sourcecode.c.h; name = ciUI2DPad.h; path = ../usr/local/Cinder/include/ciUI/ciUI2DPad.h; sourceTree = "<group>"; };
		F540111C15A7732F00465A6C /* ciUIBiLabelSlider.h */ = {isa = PBXFileReference; fileEncoding = 4; lastKnownFileType = sourcecode.c.h; name = ciUIBiLabelSlider.h; path = ../usr/local/Cinder/include/ciUI/ciUIBiLabelSlider.h; sourceTree = "<group>"; };
		F540111D15A7732F00465A6C /* ciUIButton.h */ = {isa = PBXFileReference; fileEncoding = 4; lastKnownFileType = sourcecode.c.h; name = ciUIButton.h; path = ../usr/local/Cinder/include/ciUI/ciUIButton.h; sourceTree = "<group>"; };
		F540111E15A7732F00465A6C /* ciUICanvas.h */ = {isa = PBXFileReference; fileEncoding = 4; lastKnownFileType = sourcecode.c.h; name = ciUICanvas.h; path = ../usr/local/Cinder/include/ciUI/ciUICanvas.h; sourceTree = "<group>"; };
		F540111F15A7732F00465A6C /* ciUICircleSlider.h */ = {isa = PBXFileReference; fileEncoding = 4; lastKnownFileType = sourcecode.c.h; name = ciUICircleSlider.h; path = ../usr/local/Cinder/include/ciUI/ciUICircleSlider.h; sourceTree = "<group>"; };
		F540112015A7732F00465A6C /* ciUIDropDownList.h */ = {isa = PBXFileReference; fileEncoding = 4; lastKnownFileType = sourcecode.c.h; name = ciUIDropDownList.h; path = ../usr/local/Cinder/include/ciUI/ciUIDropDownList.h; sourceTree = "<group>"; };
		F540112115A7732F00465A6C /* ciUIEvent.h */ = {isa = PBXFileReference; fileEncoding = 4; lastKnownFileType = sourcecode.c.h; name = ciUIEvent.h; path = ../usr/local/Cinder/include/ciUI/ciUIEvent.h; sourceTree = "<group>"; };
		F540112215A7732F00465A6C /* ciUIFPS.h */ = {isa = PBXFileReference; fileEncoding = 4; lastKnownFileType = sourcecode.c.h; name = ciUIFPS.h; path = ../usr/local/Cinder/include/ciUI/ciUIFPS.h; sourceTree = "<group>"; };
		F540112315A7732F00465A6C /* ciUIFPSSlider.h */ = {isa = PBXFileReference; fileEncoding = 4; lastKnownFileType = sourcecode.c.h; name = ciUIFPSSlider.h; path = ../usr/local/Cinder/include/ciUI/ciUIFPSSlider.h; sourceTree = "<group>"; };
		F540112415A7732F00465A6C /* ciUIImage.h */ = {isa = PBXFileReference; fileEncoding = 4; lastKnownFileType = sourcecode.c.h; name = ciUIImage.h; path = ../usr/local/Cinder/include/ciUI/ciUIImage.h; sourceTree = "<group>"; };
		F540112515A7732F00465A6C /* ciUIImageButton.h */ = {isa = PBXFileReference; fileEncoding = 4; lastKnownFileType = sourcecode.c.h; name = ciUIImageButton.h; path = ../usr/local/Cinder/include/ciUI/ciUIImageButton.h; sourceTree = "<group>"; };
		F540112615A7732F00465A6C /* ciUIImageSampler.h */ = {isa = PBXFileReference; fileEncoding = 4; lastKnownFileType = sourcecode.c.h; name = ciUIImageSampler.h; path = ../usr/local/Cinder/include/ciUI/ciUIImageSampler.h; sourceTree = "<group>"; };
		F540112715A7732F00465A6C /* ciUIImageSlider.h */ = {isa = PBXFileReference; fileEncoding = 4; lastKnownFileType = sourcecode.c.h; name = ciUIImageSlider.h; path = ../usr/local/Cinder/include/ciUI/ciUIImageSlider.h; sourceTree = "<group>"; };
		F540112815A7732F00465A6C /* ciUIImageToggle.h */ = {isa = PBXFileReference; fileEncoding = 4; lastKnownFileType = sourcecode.c.h; name = ciUIImageToggle.h; path = ../usr/local/Cinder/include/ciUI/ciUIImageToggle.h; sourceTree = "<group>"; };
		F540112915A7732F00465A6C /* ciUILabel.h */ = {isa = PBXFileReference; fileEncoding = 4; lastKnownFileType = sourcecode.c.h; name = ciUILabel.h; path = ../usr/local/Cinder/include/ciUI/ciUILabel.h; sourceTree = "<group>"; };
		F540112A15A7732F00465A6C /* ciUILabelButton.h */ = {isa = PBXFileReference; fileEncoding = 4; lastKnownFileType = sourcecode.c.h; name = ciUILabelButton.h; path = ../usr/local/Cinder/include/ciUI/ciUILabelButton.h; sourceTree = "<group>"; };
		F540112B15A7732F00465A6C /* ciUILabelToggle.h */ = {isa = PBXFileReference; fileEncoding = 4; lastKnownFileType = sourcecode.c.h; name = ciUILabelToggle.h; path = ../usr/local/Cinder/include/ciUI/ciUILabelToggle.h; sourceTree = "<group>"; };
		F540112C15A7732F00465A6C /* ciUIMinimalSlider.h */ = {isa = PBXFileReference; fileEncoding = 4; lastKnownFileType = sourcecode.c.h; name = ciUIMinimalSlider.h; path = ../usr/local/Cinder/include/ciUI/ciUIMinimalSlider.h; sourceTree = "<group>"; };
		F540112D15A7732F00465A6C /* ciUIMovingGraph.h */ = {isa = PBXFileReference; fileEncoding = 4; lastKnownFileType = sourcecode.c.h; name = ciUIMovingGraph.h; path = ../usr/local/Cinder/include/ciUI/ciUIMovingGraph.h; sourceTree = "<group>"; };
		F540112E15A7732F00465A6C /* ciUIMultiImageButton.h */ = {isa = PBXFileReference; fileEncoding = 4; lastKnownFileType = sourcecode.c.h; name = ciUIMultiImageButton.h; path = ../usr/local/Cinder/include/ciUI/ciUIMultiImageButton.h; sourceTree = "<group>"; };
		F540112F15A7732F00465A6C /* ciUIMultiImageToggle.h */ = {isa = PBXFileReference; fileEncoding = 4; lastKnownFileType = sourcecode.c.h; name = ciUIMultiImageToggle.h; path = ../usr/local/Cinder/include/ciUI/ciUIMultiImageToggle.h; sourceTree = "<group>"; };
		F540113015A7732F00465A6C /* ciUINumberDialer.h */ = {isa = PBXFileReference; fileEncoding = 4; lastKnownFileType = sourcecode.c.h; name = ciUINumberDialer.h; path = ../usr/local/Cinder/include/ciUI/ciUINumberDialer.h; sourceTree = "<group>"; };
		F540113115A7732F00465A6C /* ciUIRadio.h */ = {isa = PBXFileReference; fileEncoding = 4; lastKnownFileType = sourcecode.c.h; name = ciUIRadio.h; path = ../usr/local/Cinder/include/ciUI/ciUIRadio.h; sourceTree = "<group>"; };
		F540113215A7732F00465A6C /* ciUIRangeSlider.h */ = {isa = PBXFileReference; fileEncoding = 4; lastKnownFileType = sourcecode.c.h; name = ciUIRangeSlider.h; path = ../usr/local/Cinder/include/ciUI/ciUIRangeSlider.h; sourceTree = "<group>"; };
		F540113315A7732F00465A6C /* ciUIRectangle.h */ = {isa = PBXFileReference; fileEncoding = 4; lastKnownFileType = sourcecode.c.h; name = ciUIRectangle.h; path = ../usr/local/Cinder/include/ciUI/ciUIRectangle.h; sourceTree = "<group>"; };
		F540113415A7732F00465A6C /* ciUIRotarySlider.h */ = {isa = PBXFileReference; fileEncoding = 4; lastKnownFileType = sourcecode.c.h; name = ciUIRotarySlider.h; path = ../usr/local/Cinder/include/ciUI/ciUIRotarySlider.h; sourceTree = "<group>"; };
		F540113515A7732F00465A6C /* ciUIScrollableCanvas.h */ = {isa = PBXFileReference; fileEncoding = 4; lastKnownFileType = sourcecode.c.h; name = ciUIScrollableCanvas.h; path = ../usr/local/Cinder/include/ciUI/ciUIScrollableCanvas.h; sourceTree = "<group>"; };
		F540113615A7732F00465A6C /* ciUISlider.h */ = {isa = PBXFileReference; fileEncoding = 4; lastKnownFileType = sourcecode.c.h; name = ciUISlider.h; path = ../usr/local/Cinder/include/ciUI/ciUISlider.h; sourceTree = "<group>"; };
		F540113715A7732F00465A6C /* ciUISpacer.h */ = {isa = PBXFileReference; fileEncoding = 4; lastKnownFileType = sourcecode.c.h; name = ciUISpacer.h; path = ../usr/local/Cinder/include/ciUI/ciUISpacer.h; sourceTree = "<group>"; };
		F540113815A7732F00465A6C /* ciUISpectrum.h */ = {isa = PBXFileReference; fileEncoding = 4; lastKnownFileType = sourcecode.c.h; name = ciUISpectrum.h; path = ../usr/local/Cinder/include/ciUI/ciUISpectrum.h; sourceTree = "<group>"; };
		F540113915A7732F00465A6C /* ciUITextInput.h */ = {isa = PBXFileReference; fileEncoding = 4; lastKnownFileType = sourcecode.c.h; name = ciUITextInput.h; path = ../usr/local/Cinder/include/ciUI/ciUITextInput.h; sourceTree = "<group>"; };
		F540113A15A7732F00465A6C /* ciUIToggle.h */ = {isa = PBXFileReference; fileEncoding = 4; lastKnownFileType = sourcecode.c.h; name = ciUIToggle.h; path = ../usr/local/Cinder/include/ciUI/ciUIToggle.h; sourceTree = "<group>"; };
		F540113B15A7732F00465A6C /* ciUIToggleMatrix.h */ = {isa = PBXFileReference; fileEncoding = 4; lastKnownFileType = sourcecode.c.h; name = ciUIToggleMatrix.h; path = ../usr/local/Cinder/include/ciUI/ciUIToggleMatrix.h; sourceTree = "<group>"; };
		F540113C15A7732F00465A6C /* ciUIWaveform.h */ = {isa = PBXFileReference; fileEncoding = 4; lastKnownFileType = sourcecode.c.h; name = ciUIWaveform.h; path = ../usr/local/Cinder/include/ciUI/ciUIWaveform.h; sourceTree = "<group>"; };
		F540113D15A7732F00465A6C /* ciUIWidget.h */ = {isa = PBXFileReference; fileEncoding = 4; lastKnownFileType = sourcecode.c.h; name = ciUIWidget.h; path = ../usr/local/Cinder/include/ciUI/ciUIWidget.h; sourceTree = "<group>"; };
		F540113E15A7732F00465A6C /* ciUIWidgetWithLabel.h */ = {isa = PBXFileReference; fileEncoding = 4; lastKnownFileType = sourcecode.c.h; name = ciUIWidgetWithLabel.h; path = ../usr/local/Cinder/include/ciUI/ciUIWidgetWithLabel.h; sourceTree = "<group>"; };
		F540114015A7735A00465A6C /* NewMedia Fett.ttf */ = {isa = PBXFileReference; lastKnownFileType = file; name = "NewMedia Fett.ttf"; path = "../resources/cvisible/NewMedia Fett.ttf"; sourceTree = "<group>"; };
		F540114115A7735A00465A6C /* play.png */ = {isa = PBXFileReference; lastKnownFileType = image.png; name = play.png; path = ../resources/cvisible/play.png; sourceTree = "<group>"; };
		F540114215A7735A00465A6C /* sliderhandle.png */ = {isa = PBXFileReference; lastKnownFileType = image.png; name = sliderhandle.png; path = ../resources/cvisible/sliderhandle.png; sourceTree = "<group>"; };
		F540114315A7735A00465A6C /* sliderhandledown.png */ = {isa = PBXFileReference; lastKnownFileType = image.png; name = sliderhandledown.png; path = ../resources/cvisible/sliderhandledown.png; sourceTree = "<group>"; };
		F540114415A7735A00465A6C /* sliderprogress.png */ = {isa = PBXFileReference; lastKnownFileType = image.png; name = sliderprogress.png; path = ../resources/cvisible/sliderprogress.png; sourceTree = "<group>"; };
		F540114515A7735A00465A6C /* slidertrack.png */ = {isa = PBXFileReference; lastKnownFileType = image.png; name = slidertrack.png; path = ../resources/cvisible/slidertrack.png; sourceTree = "<group>"; };
		F540114615A7735A00465A6C /* toggle.png */ = {isa = PBXFileReference; lastKnownFileType = image.png; name = toggle.png; path = ../resources/cvisible/toggle.png; sourceTree = "<group>"; };
		F540114715A7735A00465A6C /* toggledown.png */ = {isa = PBXFileReference; lastKnownFileType = image.png; name = toggledown.png; path = ../resources/cvisible/toggledown.png; sourceTree = "<group>"; };
		F540114815A7735A00465A6C /* toggleon.png */ = {isa = PBXFileReference; lastKnownFileType = image.png; name = toggleon.png; path = ../resources/cvisible/toggleon.png; sourceTree = "<group>"; };
		F540114915A7735A00465A6C /* toggleover.png */ = {isa = PBXFileReference; lastKnownFileType = image.png; name = toggleover.png; path = ../resources/cvisible/toggleover.png; sourceTree = "<group>"; };
		F540116115A773AE00465A6C /* Resources.h */ = {isa = PBXFileReference; fileEncoding = 4; lastKnownFileType = sourcecode.c.h; name = Resources.h; path = ../resources/cvisible/Resources.h; sourceTree = "<group>"; };
		F540116215A774A900465A6C /* biorhythm.png */ = {isa = PBXFileReference; lastKnownFileType = image.png; name = biorhythm.png; path = ../resources/cvisible/biorhythm.png; sourceTree = "<group>"; };
/* End PBXFileReference section */

/* Begin PBXFrameworksBuildPhase section */
		8D11072E0486CEB800E47090 /* Frameworks */ = {
			isa = PBXFrameworksBuildPhase;
			buildActionMask = 2147483647;
			files = (
				C2ADE538190476FD0083564A /* vfi386_d.framework in Frameworks */,
				8D11072F0486CEB800E47090 /* Cocoa.framework in Frameworks */,
				0091D8F90E81B9330029341E /* OpenGL.framework in Frameworks */,
				53E3CDFC0E86099300238D2B /* Carbon.framework in Frameworks */,
				5323E6B20EAFCA74003A9687 /* CoreVideo.framework in Frameworks */,
				5323E6B60EAFCA7E003A9687 /* QTKit.framework in Frameworks */,
				0097E3E50F3E9819005A4392 /* QuickTime.framework in Frameworks */,
				C2ADE5471905F75A0083564A /* Accelerate.framework in Frameworks */,
				C2ADE5481905F75A0083564A /* AudioToolbox.framework in Frameworks */,
				C2ADE5491905F75A0083564A /* AudioUnit.framework in Frameworks */,
				C2ADE54A1905F75A0083564A /* CoreAudio.framework in Frameworks */,
			);
			runOnlyForDeploymentPostprocessing = 0;
		};
		C2ADE5AF1908AD610083564A /* Frameworks */ = {
			isa = PBXFrameworksBuildPhase;
			buildActionMask = 2147483647;
			files = (
				C21733BD1909A9B300A01365 /* gtest.framework in Frameworks */,
				C21733AF1908B83300A01365 /* vfi386_d.framework in Frameworks */,
				C21733AE1908B81D00A01365 /* libcinder_d.a in Frameworks */,
			);
			runOnlyForDeploymentPostprocessing = 0;
		};
/* End PBXFrameworksBuildPhase section */

/* Begin PBXGroup section */
		080E96DDFE201D6D7F000001 /* Source */ = {
			isa = PBXGroup;
			children = (
				C2ADE57F190724870083564A /* vf_support */,
				F540111915A7732F00465A6C /* ciUI */,
				00BAE6590E7ED9C10018A608 /* ciUIAllWidgetsApp.cpp */,
				F540116115A773AE00465A6C /* Resources.h */,
				F540116215A774A900465A6C /* biorhythm.png */,
			);
			name = Source;
			sourceTree = "<group>";
		};
		1058C7A0FEA54F0111CA2CBB /* Linked Frameworks */ = {
			isa = PBXGroup;
			children = (
				00B784AF0FF439BC000DE1D7 /* Accelerate.framework */,
				00B784B00FF439BC000DE1D7 /* AudioToolbox.framework */,
				00B784B10FF439BC000DE1D7 /* AudioUnit.framework */,
				00B784B20FF439BC000DE1D7 /* CoreAudio.framework */,
				0097E3E40F3E9819005A4392 /* QuickTime.framework */,
				5323E6B50EAFCA7E003A9687 /* QTKit.framework */,
				5323E6B10EAFCA74003A9687 /* CoreVideo.framework */,
				53E3CDFB0E86099300238D2B /* Carbon.framework */,
				0091D8F80E81B9330029341E /* OpenGL.framework */,
				1058C7A1FEA54F0111CA2CBB /* Cocoa.framework */,
			);
			name = "Linked Frameworks";
			sourceTree = "<group>";
		};
		1058C7A2FEA54F0111CA2CBB /* Other Frameworks */ = {
			isa = PBXGroup;
			children = (
				29B97324FDCFA39411CA2CEA /* AppKit.framework */,
				13E42FB307B3F0F600E4EEF1 /* CoreData.framework */,
				29B97325FDCFA39411CA2CEA /* Foundation.framework */,
			);
			name = "Other Frameworks";
			sourceTree = "<group>";
		};
		19C28FACFE9D520D11CA2CBB /* Products */ = {
			isa = PBXGroup;
			children = (
				8D1107320486CEB800E47090 /* CVisible.app */,
				C2ADE5B21908AD610083564A /* gutc */,
			);
			name = Products;
			sourceTree = "<group>";
		};
		29B97314FDCFA39411CA2CEA /* ciUIAllWidgets */ = {
			isa = PBXGroup;
			children = (
				29B97315FDCFA39411CA2CEA /* Headers */,
				080E96DDFE201D6D7F000001 /* Source */,
				29B97317FDCFA39411CA2CEA /* Resources */,
				C2ADE5B31908AD610083564A /* gutc */,
				29B97323FDCFA39411CA2CEA /* Frameworks */,
				19C28FACFE9D520D11CA2CBB /* Products */,
			);
			name = ciUIAllWidgets;
			sourceTree = "<group>";
		};
		29B97315FDCFA39411CA2CEA /* Headers */ = {
			isa = PBXGroup;
			children = (
				C2ADE59219082E530083564A /* cimovinggraph.h */,
				C2ADE5801907263D0083564A /* CVisble_Prefix.pch */,
			);
			name = Headers;
			sourceTree = "<group>";
		};
		29B97317FDCFA39411CA2CEA /* Resources */ = {
			isa = PBXGroup;
			children = (
				F540114015A7735A00465A6C /* NewMedia Fett.ttf */,
				F540114115A7735A00465A6C /* play.png */,
				F540114215A7735A00465A6C /* sliderhandle.png */,
				F540114315A7735A00465A6C /* sliderhandledown.png */,
				F540114415A7735A00465A6C /* sliderprogress.png */,
				F540114515A7735A00465A6C /* slidertrack.png */,
				F540114615A7735A00465A6C /* toggle.png */,
				F540114715A7735A00465A6C /* toggledown.png */,
				F540114815A7735A00465A6C /* toggleon.png */,
				F540114915A7735A00465A6C /* toggleover.png */,
				8D1107310486CEB800E47090 /* Info.plist */,
				00CCAF14116A9FEE008396D5 /* cinder_app */,
			);
			name = Resources;
			sourceTree = "<group>";
		};
		29B97323FDCFA39411CA2CEA /* Frameworks */ = {
			isa = PBXGroup;
			children = (
				C21733BC1909A9B300A01365 /* gtest.framework */,
				C21733B519098F0000A01365 /* libc++.dylib */,
				C2ADE5451905F6E90083564A /* libcinder_d.a */,
				C2ADE537190476FD0083564A /* vfi386_d.framework */,
				1058C7A0FEA54F0111CA2CBB /* Linked Frameworks */,
				1058C7A2FEA54F0111CA2CBB /* Other Frameworks */,
			);
			name = Frameworks;
			sourceTree = "<group>";
		};
		C2ADE57F190724870083564A /* vf_support */ = {
			isa = PBXGroup;
			children = (
				C21733C5190AAA9200A01365 /* sshist.hpp */,
				C2ADE585190726730083564A /* vf_movieconverter.cpp */,
				C2ADE586190726730083564A /* vf_qtime_grabber.cpp */,
				C2ADE5811907265F0083564A /* vf_cinder_qtime_grabber.h */,
				C2ADE5821907265F0083564A /* vf_imagegrabber.hpp */,
				C2ADE5831907265F0083564A /* vf_movieconverter.h */,
				C2ADE5841907265F0083564A /* vf_window.hpp */,
			);
			name = vf_support;
			sourceTree = "<group>";
		};
		C2ADE5B31908AD610083564A /* gutc */ = {
			isa = PBXGroup;
			children = (
				C21733C21909ADEA00A01365 /* gutc.cpp */,
				C21733B81909A67E00A01365 /* ut_file.hpp */,
			);
			path = gutc;
			sourceTree = "<group>";
		};
		F540111915A7732F00465A6C /* ciUI */ = {
			isa = PBXGroup;
			children = (
				F540111A15A7732F00465A6C /* ciUI.h */,
				F540111B15A7732F00465A6C /* ciUI2DPad.h */,
				F540111C15A7732F00465A6C /* ciUIBiLabelSlider.h */,
				F540111D15A7732F00465A6C /* ciUIButton.h */,
				F540111E15A7732F00465A6C /* ciUICanvas.h */,
				F540111F15A7732F00465A6C /* ciUICircleSlider.h */,
				F540112015A7732F00465A6C /* ciUIDropDownList.h */,
				F540112115A7732F00465A6C /* ciUIEvent.h */,
				F540112215A7732F00465A6C /* ciUIFPS.h */,
				F540112315A7732F00465A6C /* ciUIFPSSlider.h */,
				F540112415A7732F00465A6C /* ciUIImage.h */,
				F540112515A7732F00465A6C /* ciUIImageButton.h */,
				F540112615A7732F00465A6C /* ciUIImageSampler.h */,
				F540112715A7732F00465A6C /* ciUIImageSlider.h */,
				F540112815A7732F00465A6C /* ciUIImageToggle.h */,
				F540112915A7732F00465A6C /* ciUILabel.h */,
				F540112A15A7732F00465A6C /* ciUILabelButton.h */,
				F540112B15A7732F00465A6C /* ciUILabelToggle.h */,
				F540112C15A7732F00465A6C /* ciUIMinimalSlider.h */,
				F540112D15A7732F00465A6C /* ciUIMovingGraph.h */,
				F540112E15A7732F00465A6C /* ciUIMultiImageButton.h */,
				F540112F15A7732F00465A6C /* ciUIMultiImageToggle.h */,
				F540113015A7732F00465A6C /* ciUINumberDialer.h */,
				F540113115A7732F00465A6C /* ciUIRadio.h */,
				F540113215A7732F00465A6C /* ciUIRangeSlider.h */,
				F540113315A7732F00465A6C /* ciUIRectangle.h */,
				F540113415A7732F00465A6C /* ciUIRotarySlider.h */,
				F540113515A7732F00465A6C /* ciUIScrollableCanvas.h */,
				F540113615A7732F00465A6C /* ciUISlider.h */,
				F540113715A7732F00465A6C /* ciUISpacer.h */,
				F540113815A7732F00465A6C /* ciUISpectrum.h */,
				F540113915A7732F00465A6C /* ciUITextInput.h */,
				F540113A15A7732F00465A6C /* ciUIToggle.h */,
				F540113B15A7732F00465A6C /* ciUIToggleMatrix.h */,
				F540113C15A7732F00465A6C /* ciUIWaveform.h */,
				F540113D15A7732F00465A6C /* ciUIWidget.h */,
				F540113E15A7732F00465A6C /* ciUIWidgetWithLabel.h */,
			);
			name = ciUI;
			path = ../../../src;
			sourceTree = "<group>";
		};
/* End PBXGroup section */

/* Begin PBXNativeTarget section */
		8D1107260486CEB800E47090 /* CVisible */ = {
			isa = PBXNativeTarget;
			buildConfigurationList = C01FCF4A08A954540054247B /* Build configuration list for PBXNativeTarget "CVisible" */;
			buildPhases = (
				8D1107290486CEB800E47090 /* Resources */,
				8D11072C0486CEB800E47090 /* Sources */,
				8D11072E0486CEB800E47090 /* Frameworks */,
				C2ADE53A1904D0520083564A /* ShellScript */,
				C2ADE53B1904D1ED0083564A /* CopyFiles */,
			);
			buildRules = (
			);
			dependencies = (
			);
			name = CVisible;
			productInstallPath = "$(HOME)/Applications";
			productName = ciUIAllWidgets;
			productReference = 8D1107320486CEB800E47090 /* CVisible.app */;
			productType = "com.apple.product-type.application";
		};
		C2ADE5B11908AD610083564A /* gutc */ = {
			isa = PBXNativeTarget;
			buildConfigurationList = C2ADE5B81908AD610083564A /* Build configuration list for PBXNativeTarget "gutc" */;
			buildPhases = (
				C2ADE5AE1908AD610083564A /* Sources */,
				C2ADE5AF1908AD610083564A /* Frameworks */,
				C21733B71909A4AA00A01365 /* ShellScript */,
			);
			buildRules = (
			);
			dependencies = (
			);
			name = gutc;
			productName = gutc;
			productReference = C2ADE5B21908AD610083564A /* gutc */;
			productType = "com.apple.product-type.tool";
		};
/* End PBXNativeTarget section */

/* Begin PBXProject section */
		29B97313FDCFA39411CA2CEA /* Project object */ = {
			isa = PBXProject;
			attributes = {
			};
			buildConfigurationList = C01FCF4E08A954540054247B /* Build configuration list for PBXProject "CVisble" */;
			compatibilityVersion = "Xcode 3.2";
			developmentRegion = English;
			hasScannedForEncodings = 1;
			knownRegions = (
				en,
			);
			mainGroup = 29B97314FDCFA39411CA2CEA /* ciUIAllWidgets */;
			projectDirPath = "";
			projectRoot = "";
			targets = (
				8D1107260486CEB800E47090 /* CVisible */,
				C2ADE5B11908AD610083564A /* gutc */,
			);
		};
/* End PBXProject section */

/* Begin PBXResourcesBuildPhase section */
		8D1107290486CEB800E47090 /* Resources */ = {
			isa = PBXResourcesBuildPhase;
			buildActionMask = 2147483647;
			files = (
				00CCAF15116A9FEE008396D5 /* cinder_app in Resources */,
				F540114E15A7735A00465A6C /* NewMedia Fett.ttf in Resources */,
				F540114F15A7735A00465A6C /* play.png in Resources */,
				F540115015A7735A00465A6C /* sliderhandle.png in Resources */,
				F540115115A7735A00465A6C /* sliderhandledown.png in Resources */,
				F540115215A7735A00465A6C /* sliderprogress.png in Resources */,
				F540115315A7735A00465A6C /* slidertrack.png in Resources */,
				F540115415A7735A00465A6C /* toggle.png in Resources */,
				F540115515A7735A00465A6C /* toggledown.png in Resources */,
				F540115615A7735A00465A6C /* toggleon.png in Resources */,
				F540115715A7735A00465A6C /* toggleover.png in Resources */,
				F540116315A774A900465A6C /* biorhythm.png in Resources */,
			);
			runOnlyForDeploymentPostprocessing = 0;
		};
/* End PBXResourcesBuildPhase section */

/* Begin PBXShellScriptBuildPhase section */
		C21733B71909A4AA00A01365 /* ShellScript */ = {
			isa = PBXShellScriptBuildPhase;
			buildActionMask = 2147483647;
			files = (
			);
			inputPaths = (
			);
			outputPaths = (
			);
			runOnlyForDeploymentPostprocessing = 0;
			shellPath = /bin/bash;
			shellScript = "#!/bin/bash\n\nGUTPATH=${WS_BUILD_DIR}/${CONFIGURATION}/${PRODUCT_NAME}\necho $GUTPATH\nFRAMEWORK_DIR=@executable_path/../Frameworks\nCURRENT=Versions/Current\n\n# get current rpath for gtest\nCURNAME=`otool -L $GUTPATH | grep gtest | sed -e 's/([^()]*)//g'`\necho $CURNAME\n# switch to using Frameworks of off build_dir\ninstall_name_tool -change $CURNAME \"${FRAMEWORK_DIR}/gtest.framework/$CURRENT/gtest\" $GUTPATH\n\n";
		};
		C2ADE53A1904D0520083564A /* ShellScript */ = {
			isa = PBXShellScriptBuildPhase;
			buildActionMask = 2147483647;
			files = (
			);
			inputPaths = (
			);
			outputPaths = (
			);
			runOnlyForDeploymentPostprocessing = 0;
			shellPath = /bin/bash;
			shellScript = "#/Users/arman/gwc/vqt105/visibleqt105/build_scripts/visible_cmdline_fix_install_names.sh \"${CONFIGURATION_BUILD_DIR}/CVisible.app/Contents/MacOS/CVisible\" \"vfi386_d.framework/Versions/A/vfi386_d\"";
		};
/* End PBXShellScriptBuildPhase section */

/* Begin PBXSourcesBuildPhase section */
		8D11072C0486CEB800E47090 /* Sources */ = {
			isa = PBXSourcesBuildPhase;
			buildActionMask = 2147483647;
			files = (
				00BAE65A0E7ED9C10018A608 /* ciUIAllWidgetsApp.cpp in Sources */,
				C2ADE588190726730083564A /* vf_qtime_grabber.cpp in Sources */,
				C2ADE587190726730083564A /* vf_movieconverter.cpp in Sources */,
			);
			runOnlyForDeploymentPostprocessing = 0;
		};
		C2ADE5AE1908AD610083564A /* Sources */ = {
			isa = PBXSourcesBuildPhase;
			buildActionMask = 2147483647;
			files = (
				C21733C41909AE0300A01365 /* gutc.cpp in Sources */,
			);
			runOnlyForDeploymentPostprocessing = 0;
		};
/* End PBXSourcesBuildPhase section */

/* Begin XCBuildConfiguration section */
		C01FCF4B08A954540054247B /* Debug */ = {
			isa = XCBuildConfiguration;
			buildSettings = {
				BOOST_PATH = "$(WS_USR_LOCAL_DIR)/boost";
				CINDER_PATH = "$(WS_USR_LOCAL_DIR)/Cinder";
				CLANG_CXX_LANGUAGE_STANDARD = "c++0x";
				CLANG_CXX_LIBRARY = "libc++";
				COPY_PHASE_STRIP = NO;
				EXPORTED_SYMBOLS_FILE = "";
				FRAMEWORK_SEARCH_PATHS = (
					"$(inherited)",
					"$(SRCROOT)/../build/$(CONFIGURATION)/",
					"$(SDKROOT)/../../../../../../../../../System/Library/Frameworks",
				);
				GCC_DYNAMIC_NO_PIC = NO;
				GCC_INLINES_ARE_PRIVATE_EXTERN = NO;
				GCC_MODEL_TUNING = G5;
				GCC_OPTIMIZATION_LEVEL = 0;
				GCC_PRECOMPILE_PREFIX_HEADER = YES;
				GCC_PREFIX_HEADER = "";
				GCC_SYMBOLS_PRIVATE_EXTERN = NO;
				HEADER_SEARCH_PATHS = (
					"\"$(CINDER_PATH)/boost\"",
					"\"$(CINDER_PATH)/include\"",
					"\"$(CINDER_PATH)/include/ciUI\"",
					"$(OPENCV_PATH)/include",
				);
				INFOPLIST_FILE = Info.plist;
				INSTALL_PATH = "$(HOME)/Applications";
				LIBRARY_SEARCH_PATHS = (
					"$(inherited)",
					"$(CINDER_PATH)/lib",
				);
				MACOSX_DEPLOYMENT_TARGET = 10.8;
				OBJROOT = "$(SRCROOT)/../build/Intermediates";
				OPENCV_PATH = "$(WS_USR_LOCAL_DIR)/OpenCv_2.4_i386";
				OTHER_LDFLAGS = "\"$(CINDER_PATH)/lib/libcinder_d.a\"";
				PRODUCT_NAME = CVisible;
				SDKROOT = macosx10.8;
				SYMROOT = "$(SRCROOT)/../build";
				WRAPPER_EXTENSION = app;
				WS_USR_LOCAL_DIR = "$(SRCROOT)/../usr/local/";
			};
			name = Debug;
		};
		C01FCF4C08A954540054247B /* Release */ = {
			isa = XCBuildConfiguration;
			buildSettings = {
				BOOST_PATH = "$(WS_USR_LOCAL_DIR)/boost";
				CINDER_PATH = "$(WS_USR_LOCAL_DIR)/Cinder";
				CLANG_CXX_LANGUAGE_STANDARD = "c++0x";
				CLANG_CXX_LIBRARY = "libc++";
				DEAD_CODE_STRIPPING = YES;
				DEBUG_INFORMATION_FORMAT = "dwarf-with-dsym";
				EXPORTED_SYMBOLS_FILE = "";
				FRAMEWORK_SEARCH_PATHS = (
					"$(inherited)",
					"$(SRCROOT)/../build/$(CONFIGURATION)/",
					"$(SDKROOT)/../../../../../../../../../System/Library/Frameworks",
				);
				GCC_FAST_MATH = YES;
				GCC_GENERATE_DEBUGGING_SYMBOLS = NO;
				GCC_INLINES_ARE_PRIVATE_EXTERN = NO;
				GCC_MODEL_TUNING = G5;
				GCC_OPTIMIZATION_LEVEL = 3;
				GCC_PRECOMPILE_PREFIX_HEADER = YES;
				GCC_PREFIX_HEADER = "";
				GCC_SYMBOLS_PRIVATE_EXTERN = NO;
				HEADER_SEARCH_PATHS = (
					"\"$(CINDER_PATH)/boost\"",
					"\"$(CINDER_PATH)/include\"",
					"\"$(CINDER_PATH)/include/ciUI\"",
					"$(OPENCV_PATH)/include",
				);
				INFOPLIST_FILE = Info.plist;
				INSTALL_PATH = "$(HOME)/Applications";
				LIBRARY_SEARCH_PATHS = (
					"$(inherited)",
					"$(CINDER_PATH)/lib",
				);
				MACOSX_DEPLOYMENT_TARGET = 10.8;
				OBJROOT = "$(SRCROOT)/../build/Intermediates";
				OPENCV_PATH = "$(WS_USR_LOCAL_DIR)/OpenCv_2.4_i386";
				OTHER_LDFLAGS = "\"$(CINDER_PATH)/lib/libcinder_d.a\"";
				PRODUCT_NAME = CVisible;
				SDKROOT = macosx10.8;
				STRIP_INSTALLED_PRODUCT = YES;
				SYMROOT = "$(SRCROOT)/../build";
				WRAPPER_EXTENSION = app;
				WS_USR_LOCAL_DIR = "$(SRCROOT)/../usr/local/";
			};
			name = Release;
		};
		C01FCF4F08A954540054247B /* Debug */ = {
			isa = XCBuildConfiguration;
			buildSettings = {
				ALWAYS_SEARCH_USER_PATHS = NO;
				ARCHS = i386;
				BOOST_PATH = "$(SRCROOT)/../usr/local/boost";
				CINDER_PATH = "$(SRCROOT)/../usr/local/Cinder\n";
				GCC_WARN_ABOUT_RETURN_TYPE = YES;
				GCC_WARN_UNUSED_VARIABLE = YES;
				HEADER_SEARCH_PATHS = (
					"\"$(CINDER_PATH)/boost\"",
					"\"$(CINDER_PATH)/include\"",
				);
				MACOSX_DEPLOYMENT_TARGET = 10.8;
				OBJROOT = "$(SYMROOT)/Intermediates";
				OPENCV_PATH = "$(SRCROOT)/../usr/local/OpenCv_2.4_i386\n";
				SDKROOT = macosx10.8;
				SYMROOT = "$(WS_BUILD_DIR)";
				USER_HEADER_SEARCH_PATHS = "";
				WS_BUILD_DIR = "$(SRCROOT)/../build";
				WS_USR_LOCAL_DIR = "$(SRCROOT)/../usr/local/";
			};
			name = Debug;
		};
		C01FCF5008A954540054247B /* Release */ = {
			isa = XCBuildConfiguration;
			buildSettings = {
				ALWAYS_SEARCH_USER_PATHS = NO;
				ARCHS = i386;
				BOOST_PATH = "$(SRCROOT)/../usr/local/boost";
				CINDER_PATH = "$(SRCROOT)/../usr/local/Cinder\n";
				GCC_WARN_ABOUT_RETURN_TYPE = YES;
				GCC_WARN_UNUSED_VARIABLE = YES;
				HEADER_SEARCH_PATHS = (
					"\"$(CINDER_PATH)/boost\"",
					"\"$(CINDER_PATH)/include\"",
				);
				MACOSX_DEPLOYMENT_TARGET = 10.8;
				OBJROOT = "$(SYMROOT)/Intermediates";
				OPENCV_PATH = "$(SRCROOT)/../usr/local/OpenCv_2.4_i386\n";
				SDKROOT = macosx10.8;
				SYMROOT = "$(WS_BUILD_DIR)";
				USER_HEADER_SEARCH_PATHS = "";
				WS_BUILD_DIR = "$(SRCROOT)/../build";
				WS_USR_LOCAL_DIR = "$(SRCROOT)/../usr/local/";
			};
			name = Release;
		};
		C2ADE5B91908AD610083564A /* Debug */ = {
			isa = XCBuildConfiguration;
			buildSettings = {
				ALWAYS_SEARCH_USER_PATHS = YES;
				ARCHS = "$(ARCHS_STANDARD_32_BIT)";
				CLANG_CXX_LANGUAGE_STANDARD = "c++0x";
				CLANG_CXX_LIBRARY = "libc++";
				CLANG_ENABLE_MODULES = YES;
				CLANG_ENABLE_OBJC_ARC = YES;
				CLANG_WARN_BOOL_CONVERSION = YES;
				CLANG_WARN_CONSTANT_CONVERSION = YES;
				CLANG_WARN_CXX0X_EXTENSIONS = YES;
				CLANG_WARN_DIRECT_OBJC_ISA_USAGE = YES_ERROR;
				CLANG_WARN_EMPTY_BODY = YES;
				CLANG_WARN_ENUM_CONVERSION = YES;
				CLANG_WARN_INT_CONVERSION = YES;
				CLANG_WARN_OBJC_ROOT_CLASS = YES_ERROR;
				CLANG_WARN__DUPLICATE_METHOD_MATCH = YES;
				CONFIGURATION_BUILD_DIR = "$(WS_BUILD_DIR)/$(CONFIGURATION)$(EFFECTIVE_PLATFORM_NAME)";
				COPY_PHASE_STRIP = NO;
				FRAMEWORK_SEARCH_PATHS = (
					"$(WS_USR_LOCAL_DIR)/gtest/build/$(CONFIGURATION)",
					"/Users/arman/gwc/vqt105/visibleqt105/build/$(CONFIGURATION)",
					/Users/arman/gwc/vqt105/visibleqt105/usr/local/gtest/build/Release,
					/Users/arman/gwc/vqt105/visibleqt105/usr/local/gtest/build/Debug,
				);
				GCC_C_LANGUAGE_STANDARD = gnu99;
				GCC_DYNAMIC_NO_PIC = NO;
				GCC_ENABLE_OBJC_EXCEPTIONS = YES;
				GCC_OPTIMIZATION_LEVEL = 0;
				GCC_PREPROCESSOR_DEFINITIONS = (
					"DEBUG=1",
					"$(inherited)",
					_USE_NATIVE_ATOMIC_,
					RFY_DLL,
					"$(inherited)",
					RFY_DLL_EXPORTS,
					"__ASSERT_MACROS_DEFINE_VERSIONS_WITHOUT_UNDERSCORES=0",
					"GTEST_HAS_RTTI=0",
					"GTEST_HAS_TR1_TUPLE=0",
				);
				GCC_SYMBOLS_PRIVATE_EXTERN = NO;
				GCC_WARN_64_TO_32_BIT_CONVERSION = YES;
				GCC_WARN_ABOUT_RETURN_TYPE = YES_ERROR;
				GCC_WARN_UNDECLARED_SELECTOR = YES;
				GCC_WARN_UNINITIALIZED_AUTOS = YES_AGGRESSIVE;
				GCC_WARN_UNUSED_FUNCTION = YES;
				HEADER_SEARCH_PATHS = (
					"$(BOOST_PATH)/include",
					"$(PROJECT_DIR)/../include/vf",
					"$(OPENCV_PATH)/include",
					"$(CINDER_PATH)/include/**",
					"$(SRCROOT)/../test/include",
					"$(WS_USR_LOCAL_DIR)/gtest/include",
					"$(SRCROOT)/../test/vf_cvisible",
				);
				INSTALL_PATH = "$(WS_BUILD_DIR)/$(CONFIGURATION)";
				LIBRARY_SEARCH_PATHS = (
					/Users/arman/gwc/vqt105/visibleqt105/usr/local/Cinder/lib,
					"$(WS_USR_LOCAL_DIR)/OpenCv_2.4_i386/lib",
					/Users/arman/gwc/vqt105/visibleqt105/usr/local/Cinder/lib/macosx,
				);
				MACH_O_TYPE = mh_execute;
				MACOSX_DEPLOYMENT_TARGET = "";
				ONLY_ACTIVE_ARCH = NO;
				OTHER_CFLAGS = "-mmacosx-version-min=10.8";
				OTHER_LDFLAGS = "$(CINDER_PATH)/lib/libcinder_d.a";
				PRECOMPS_INCLUDE_HEADERS_FROM_BUILT_PRODUCTS_DIR = NO;
				PRODUCT_NAME = "$(TARGET_NAME)";
				SDKROOT = macosx10.8;
				SEPARATE_STRIP = YES;
				SYMROOT = "$(WS_BUILD_DIR)";
			};
			name = Debug;
		};
		C2ADE5BA1908AD610083564A /* Release */ = {
			isa = XCBuildConfiguration;
			buildSettings = {
				ALWAYS_SEARCH_USER_PATHS = YES;
				ARCHS = "$(ARCHS_STANDARD_32_BIT)";
				CLANG_CXX_LANGUAGE_STANDARD = "c++0x";
				CLANG_CXX_LIBRARY = "libc++";
				CLANG_ENABLE_MODULES = YES;
				CLANG_ENABLE_OBJC_ARC = YES;
				CLANG_WARN_BOOL_CONVERSION = YES;
				CLANG_WARN_CONSTANT_CONVERSION = YES;
				CLANG_WARN_CXX0X_EXTENSIONS = YES;
				CLANG_WARN_DIRECT_OBJC_ISA_USAGE = YES_ERROR;
				CLANG_WARN_EMPTY_BODY = YES;
				CLANG_WARN_ENUM_CONVERSION = YES;
				CLANG_WARN_INT_CONVERSION = YES;
				CLANG_WARN_OBJC_ROOT_CLASS = YES_ERROR;
				CLANG_WARN__DUPLICATE_METHOD_MATCH = YES;
				CONFIGURATION_BUILD_DIR = "$(WS_BUILD_DIR)/$(CONFIGURATION)$(EFFECTIVE_PLATFORM_NAME)";
				COPY_PHASE_STRIP = YES;
				DEBUG_INFORMATION_FORMAT = "dwarf-with-dsym";
				ENABLE_NS_ASSERTIONS = NO;
				FRAMEWORK_SEARCH_PATHS = (
					"$(WS_USR_LOCAL_DIR)/gtest/build/$(CONFIGURATION)",
					"/Users/arman/gwc/vqt105/visibleqt105/build/$(CONFIGURATION)",
					/Users/arman/gwc/vqt105/visibleqt105/usr/local/gtest/build/Release,
					/Users/arman/gwc/vqt105/visibleqt105/usr/local/gtest/build/Debug,
				);
				GCC_C_LANGUAGE_STANDARD = gnu99;
				GCC_ENABLE_OBJC_EXCEPTIONS = YES;
				GCC_PREPROCESSOR_DEFINITIONS = (
					"$(inherited)",
					_USE_NATIVE_ATOMIC_,
					RFY_DLL,
					"$(inherited)",
					RFY_DLL_EXPORTS,
					"__ASSERT_MACROS_DEFINE_VERSIONS_WITHOUT_UNDERSCORES=0",
				);
				GCC_WARN_64_TO_32_BIT_CONVERSION = YES;
				GCC_WARN_ABOUT_RETURN_TYPE = YES_ERROR;
				GCC_WARN_UNDECLARED_SELECTOR = YES;
				GCC_WARN_UNINITIALIZED_AUTOS = YES_AGGRESSIVE;
				GCC_WARN_UNUSED_FUNCTION = YES;
				HEADER_SEARCH_PATHS = (
					"$(BOOST_PATH)/include",
					"$(PROJECT_DIR)/../include/vf",
					"$(OPENCV_PATH)/include",
					"$(CINDER_PATH)/include/**",
					"$(SRCROOT)/../test/include",
					"$(WS_USR_LOCAL_DIR)/gtest/include",
					"$(SRCROOT)/../test/vf_cvisible",
				);
				INSTALL_PATH = "$(WS_BUILD_DIR)/$(CONFIGURATION)";
				LIBRARY_SEARCH_PATHS = (
					/Users/arman/gwc/vqt105/visibleqt105/usr/local/Cinder/lib,
					"$(WS_USR_LOCAL_DIR)/OpenCv_2.4_i386/lib",
					/Users/arman/gwc/vqt105/visibleqt105/usr/local/Cinder/lib/macosx,
				);
				MACH_O_TYPE = mh_execute;
				MACOSX_DEPLOYMENT_TARGET = "";
				OTHER_CFLAGS = "-mmacosx-version-min=10.8";
				OTHER_LDFLAGS = "$(CINDER_PATH)/lib/libcinder.a";
				PRECOMPS_INCLUDE_HEADERS_FROM_BUILT_PRODUCTS_DIR = NO;
				PRODUCT_NAME = "$(TARGET_NAME)";
				SDKROOT = macosx10.8;
				SEPARATE_STRIP = YES;
				SYMROOT = "$(WS_BUILD_DIR)";
			};
			name = Release;
		};
/* End XCBuildConfiguration section */

/* Begin XCConfigurationList section */
		C01FCF4A08A954540054247B /* Build configuration list for PBXNativeTarget "CVisible" */ = {
			isa = XCConfigurationList;
			buildConfigurations = (
				C01FCF4B08A954540054247B /* Debug */,
				C01FCF4C08A954540054247B /* Release */,
			);
			defaultConfigurationIsVisible = 0;
			defaultConfigurationName = Release;
		};
		C01FCF4E08A954540054247B /* Build configuration list for PBXProject "CVisble" */ = {
			isa = XCConfigurationList;
			buildConfigurations = (
				C01FCF4F08A954540054247B /* Debug */,
				C01FCF5008A954540054247B /* Release */,
			);
			defaultConfigurationIsVisible = 0;
			defaultConfigurationName = Release;
		};
		C2ADE5B81908AD610083564A /* Build configuration list for PBXNativeTarget "gutc" */ = {
			isa = XCConfigurationList;
			buildConfigurations = (
				C2ADE5B91908AD610083564A /* Debug */,
				C2ADE5BA1908AD610083564A /* Release */,
			);
			defaultConfigurationIsVisible = 0;
			defaultConfigurationName = Release;
		};
/* End XCConfigurationList section */
	};
	rootObject = 29B97313FDCFA39411CA2CEA /* Project object */;
}
